// !$*UTF8*$!
{
	archiveVersion = 1;
	classes = {
	};
	objectVersion = 77;
	objects = {

/* Begin PBXBuildFile section */
		016D66D8398F0E9CF45B3217 /* RuntimeDiagnostics.swift in Sources */ = {isa = PBXBuildFile; fileRef = D221253E9DCEF3666178BF1F /* RuntimeDiagnostics.swift */; };
		043A1D13C4D3931888D1815E /* AppBackgroundVideoEnvironment.swift in Sources */ = {isa = PBXBuildFile; fileRef = 3CC537DE278380CBBA0A1D85 /* AppBackgroundVideoEnvironment.swift */; };
		06DACBC44C930BBFDE23F934 /* AppleSyncConfiguration.swift in Sources */ = {isa = PBXBuildFile; fileRef = 428699A3EF746F120DB73F4B /* AppleSyncConfiguration.swift */; };
		094272BBB8350642EA68BD69 /* SummaryHeader.swift in Sources */ = {isa = PBXBuildFile; fileRef = EE4FA201F6199BBB1FBE6120 /* SummaryHeader.swift */; };
		09D30B3BED384CE9D99707EA /* AppBuildInfo.swift in Sources */ = {isa = PBXBuildFile; fileRef = FC89AE31D50DA5860DBEDD53 /* AppBuildInfo.swift */; };
		0BA150B28C32A752D35450AD /* CloudKit.framework in Frameworks */ = {isa = PBXBuildFile; fileRef = AFC643F2EF7A7E0F80CCBF53 /* CloudKit.framework */; };
		0DB493EF3021829B88BE5682 /* CameraCaptureView.swift in Sources */ = {isa = PBXBuildFile; fileRef = DB4A5B1A271E2E7404DA2C20 /* CameraCaptureView.swift */; };
		0E1066669AD7D73D2C6F05E8 /* SettingsScreen.swift in Sources */ = {isa = PBXBuildFile; fileRef = 6FCD901EC6DF0D77D2187C6D /* SettingsScreen.swift */; };
		0E858357DAB729B03EFE513A /* HoldActionTarget.swift in Sources */ = {isa = PBXBuildFile; fileRef = 31317A47FB0AB2FCC1E94C8A /* HoldActionTarget.swift */; };
		0EE521A4B14A49A7AB277822 /* pressed.wav in Resources */ = {isa = PBXBuildFile; fileRef = 210C76CC89C65FF13A27A6C3 /* pressed.wav */; };
		0F33257171B1CD7428303898 /* CartDetailsRoute.swift in Sources */ = {isa = PBXBuildFile; fileRef = 2997A598AB1E6A8F5F843FE2 /* CartDetailsRoute.swift */; };
		10CBAE8DA13FE056254B65D4 /* RuntimeDiagnosticsTests.swift in Sources */ = {isa = PBXBuildFile; fileRef = 4E3A3C8B003CBAF03504F695 /* RuntimeDiagnosticsTests.swift */; };
		125D5264FCA308B7C3213538 /* PerformanceTelemetryStore.swift in Sources */ = {isa = PBXBuildFile; fileRef = 6B7CFFB5930B36918B6DF816 /* PerformanceTelemetryStore.swift */; };
		13EE523024608DC09F16BC91 /* SettingsCategory.swift in Sources */ = {isa = PBXBuildFile; fileRef = B07C7DD0BB58B4988BC671FF /* SettingsCategory.swift */; };
		141C0E990AE81553E8E12E35 /* VoiceTranscriptionContracts.swift in Sources */ = {isa = PBXBuildFile; fileRef = 8EE7E0CA1AD0D30B9986CADF /* VoiceTranscriptionContracts.swift */; };
		149EF7313B6A406216DEDDD3 /* MediaViewerScreen.swift in Sources */ = {isa = PBXBuildFile; fileRef = F8848A3AD3F9D0BCE2F025E5 /* MediaViewerScreen.swift */; };
		14A467CC5BC8CBF9F1AAF2E5 /* CartSummarySection.swift in Sources */ = {isa = PBXBuildFile; fileRef = 6CD15DBDCE80476FF0F4FEC9 /* CartSummarySection.swift */; };
		17958B1F90F6EFE7DAC18AAC /* SummarySwipeCommitPolicy.swift in Sources */ = {isa = PBXBuildFile; fileRef = C930282AAFB3CC145E46D544 /* SummarySwipeCommitPolicy.swift */; };
		20634D173CAF4424922CA0DB /* WorkSessionSnapshot.swift in Sources */ = {isa = PBXBuildFile; fileRef = EAE700A892F09B415394914D /* WorkSessionSnapshot.swift */; };
		21201E301476E7CD55CDD211 /* LocalWorkSessionRepository.swift in Sources */ = {isa = PBXBuildFile; fileRef = F4BF40D409EFD665315F16C6 /* LocalWorkSessionRepository.swift */; };
		2519903CBAEE2385242CC63B /* WorkSessionStore+Consumables.swift in Sources */ = {isa = PBXBuildFile; fileRef = 01619659028AB1BB43A6C515 /* WorkSessionStore+Consumables.swift */; };
		2D389E5577FAC32B77E85819 /* LocalMediaFileStore.swift in Sources */ = {isa = PBXBuildFile; fileRef = A8D625970C1997ABD4B4AEB6 /* LocalMediaFileStore.swift */; };
		307C5468BDEA436295C95CE4 /* OceanKeySwiftApp.swift in Sources */ = {isa = PBXBuildFile; fileRef = 868CBF052F1B053DB4F2FBA0 /* OceanKeySwiftApp.swift */; };
		333A65A0C26F32AD550D5161 /* SummaryActionMenuExpansionTests.swift in Sources */ = {isa = PBXBuildFile; fileRef = C904268098CE3875C7C61698 /* SummaryActionMenuExpansionTests.swift */; };
		366D12C14372662249291AE9 /* AppSettingsStore.swift in Sources */ = {isa = PBXBuildFile; fileRef = A229714857D6D952BA687014 /* AppSettingsStore.swift */; };
		3886B379568EF546F95B3A4B /* WorkSessionStore+Persistence.swift in Sources */ = {isa = PBXBuildFile; fileRef = FE907719B6B3BAB75721FA29 /* WorkSessionStore+Persistence.swift */; };
		392929D2E5B73C033AA829A9 /* RoomModels.swift in Sources */ = {isa = PBXBuildFile; fileRef = 0956CB0FF1C79B5413C7DC64 /* RoomModels.swift */; };
		39D62E4704F0D75DE27FB4E7 /* GameplayKit.framework in Frameworks */ = {isa = PBXBuildFile; fileRef = 3CC54D512493ADEF1EB26177 /* GameplayKit.framework */; };
		39D81BCD68AFEF090FCC1D4E /* LoopingVideoBackgroundView.swift in Sources */ = {isa = PBXBuildFile; fileRef = 067B3DBCAB2B48683F38F685 /* LoopingVideoBackgroundView.swift */; };
		4090C45733427419BF97E219 /* CartConsumables.swift in Sources */ = {isa = PBXBuildFile; fileRef = 6EF2871D52FD44F8399FAEB1 /* CartConsumables.swift */; };
		42218A4468C7741A018E32BC /* MatrixRainSpriteScene.swift in Sources */ = {isa = PBXBuildFile; fileRef = 449D6D5D2079C0C6419A7A6B /* MatrixRainSpriteScene.swift */; };
		4618198B48949C4576C5DBF7 /* InteractionFeedbackService.swift in Sources */ = {isa = PBXBuildFile; fileRef = B5680F4D3B4245E31F8AB215 /* InteractionFeedbackService.swift */; };
		469914E1D57ABFC62A127B96 /* PersistentWorkSessionModels.swift in Sources */ = {isa = PBXBuildFile; fileRef = B3B0A2610829CE5A6476F226 /* PersistentWorkSessionModels.swift */; };
		4F75F6A971EBDD3D63855F5D /* SummarySwipeCommitPolicyTests.swift in Sources */ = {isa = PBXBuildFile; fileRef = C53CB4860DB0F1128AAFF966 /* SummarySwipeCommitPolicyTests.swift */; };
		5006A98ED241831B60701B20 /* SettingsBackgroundVideoPicker.swift in Sources */ = {isa = PBXBuildFile; fileRef = 2B2E0A4851617BB7FC453CD8 /* SettingsBackgroundVideoPicker.swift */; };
		527B878A69C30E46C76091E1 /* WorkSetupScreen.swift in Sources */ = {isa = PBXBuildFile; fileRef = 34C06E17287428AB435FFE0E /* WorkSetupScreen.swift */; };
		53CE312477D9329530227EB4 /* MediaThumbnailView.swift in Sources */ = {isa = PBXBuildFile; fileRef = 8377961D9FA078CC4BABE3DE /* MediaThumbnailView.swift */; };
		5BEF0B9F1E9F30B6E70FA14F /* WorkSessionSelection.swift in Sources */ = {isa = PBXBuildFile; fileRef = 723F7B231FDD457CE44ED5D8 /* WorkSessionSelection.swift */; };
		5E6AB58A4A3683A5394DE41A /* VoiceNoteBubble.swift in Sources */ = {isa = PBXBuildFile; fileRef = 11AE7DB8A2119718A8E5A240 /* VoiceNoteBubble.swift */; };
		60B1D6E7AB062722B5B80FC1 /* WorkSessionStore.swift in Sources */ = {isa = PBXBuildFile; fileRef = 435A89956E097B59C6894F7B /* WorkSessionStore.swift */; };
		6131A697881AE94294650A03 /* RoomScheduleRoute.swift in Sources */ = {isa = PBXBuildFile; fileRef = CA51E54DB659431A15729529 /* RoomScheduleRoute.swift */; };
		620D522DC5593DD3F3BDEB91 /* VoiceTranscriptionService.swift in Sources */ = {isa = PBXBuildFile; fileRef = 46AFB0966095D79AA80CAF5F /* VoiceTranscriptionService.swift */; };
		630D9BF8C070EDF39CF079C6 /* WorkSessionStoreTests.swift in Sources */ = {isa = PBXBuildFile; fileRef = 4C627CE3B38115F411539408 /* WorkSessionStoreTests.swift */; };
		714CD792974E34438F3A1014 /* RoomCellView.swift in Sources */ = {isa = PBXBuildFile; fileRef = 868A0FE8D28575CF2B3F8304 /* RoomCellView.swift */; };
		7372F4BC701E763F5FA24463 /* OceanKeyTheme.swift in Sources */ = {isa = PBXBuildFile; fileRef = 1A96102C3B06D870C8E09F17 /* OceanKeyTheme.swift */; };
		737F1A575F371EAC9B6103EF /* PersistentWorkSessionMapper.swift in Sources */ = {isa = PBXBuildFile; fileRef = 1CF609A6F4519C8C100DE4E3 /* PersistentWorkSessionMapper.swift */; };
		74F755CC983F8493F4FAF4A6 /* PerformanceTelemetryStoreTests.swift in Sources */ = {isa = PBXBuildFile; fileRef = 00A45905838B30EDFC18C397 /* PerformanceTelemetryStoreTests.swift */; };
		7621009AF01399FC9909112E /* PersistentWorkSessionMapper+History.swift in Sources */ = {isa = PBXBuildFile; fileRef = 518A5DCCC251B5717E676891 /* PersistentWorkSessionMapper+History.swift */; };
		799665048AEA94BD4F3094DB /* WorkSetupComponents.swift in Sources */ = {isa = PBXBuildFile; fileRef = 7E65593F7CDFD82D3B068D4D /* WorkSetupComponents.swift */; };
		7BC970B9E599552DDDB75700 /* SummaryRoomActionMenu.swift in Sources */ = {isa = PBXBuildFile; fileRef = F43979E9CB31E899E35B928E /* SummaryRoomActionMenu.swift */; };
		7E9A3CC7A2F7829E1F4FA73D /* RoomDetailsMode.swift in Sources */ = {isa = PBXBuildFile; fileRef = 0A9E41E37C7F57A624740F18 /* RoomDetailsMode.swift */; };
		7F92A978E76F5F55A09D7981 /* WorkSessionHistory.swift in Sources */ = {isa = PBXBuildFile; fileRef = 1909D54CE539693E2E057B69 /* WorkSessionHistory.swift */; };
		7FAB39EDEDEFA522FB2DA912 /* ExperimentalAppearanceEnvironment.swift in Sources */ = {isa = PBXBuildFile; fileRef = B6604386501D00F125345B04 /* ExperimentalAppearanceEnvironment.swift */; };
		839F12922CCEDD9CD0149288 /* SummarySelectionPuzzleHandle.swift in Sources */ = {isa = PBXBuildFile; fileRef = E7AAB559BEB598BFAB429AB4 /* SummarySelectionPuzzleHandle.swift */; };
		8547E85F7C729B1350CF7C3B /* RoomCatalog.swift in Sources */ = {isa = PBXBuildFile; fileRef = A5E3CFB6CDA7132DA0EFA9B9 /* RoomCatalog.swift */; };
		856BDD1AEC33680D598CA693 /* AppRootView.swift in Sources */ = {isa = PBXBuildFile; fileRef = B00D64ADD5F7CDDCA26155C8 /* AppRootView.swift */; };
		8623867BDD224CD95F47BBF2 /* SettingsControls.swift in Sources */ = {isa = PBXBuildFile; fileRef = F88F4E1B0F391C1E8C9C2F6C /* SettingsControls.swift */; };
		87852D01D8D77739E19E6738 /* AppSettingsStoreTests.swift in Sources */ = {isa = PBXBuildFile; fileRef = 71CFB1546F72B1749BEB27E7 /* AppSettingsStoreTests.swift */; };
		890E1BC90E023BE94B4946C9 /* PersonalCartMarkerStrip.swift in Sources */ = {isa = PBXBuildFile; fileRef = DD8A5F3E8A1246EC011FB56F /* PersonalCartMarkerStrip.swift */; };
		8CECF869B23D86602BF9C7D9 /* VIPJellyContentWarp.metal in Sources */ = {isa = PBXBuildFile; fileRef = 4D3F2DE20CF0C54E078DB861 /* VIPJellyContentWarp.metal */; };
		8D2078D793C208875DCC662A /* TVStaticNoiseBackgroundView.swift in Sources */ = {isa = PBXBuildFile; fileRef = C43FCE41FAC12F7171994989 /* TVStaticNoiseBackgroundView.swift */; };
		8F5523652C530ACE93B68B17 /* PhotosUI.framework in Frameworks */ = {isa = PBXBuildFile; fileRef = 8EFBAE95AF4F46E1B0BAE485 /* PhotosUI.framework */; };
		90E670E6CFD78A670C422204 /* MatrixRainConfigurationEnvironment.swift in Sources */ = {isa = PBXBuildFile; fileRef = A0AA7911C61D036B30E2BEF6 /* MatrixRainConfigurationEnvironment.swift */; };
		93D0CE8735DD6EAA67CEB78D /* BuildChangelog.swift in Sources */ = {isa = PBXBuildFile; fileRef = 608321B44757C987209F2A54 /* BuildChangelog.swift */; };
		9707C15DF96CCB849CAAB2D6 /* PersonalCartMarkers.swift in Sources */ = {isa = PBXBuildFile; fileRef = 366D4AAFEFE9FDBCE75E5577 /* PersonalCartMarkers.swift */; };
		9723FE9E9B7A04E31BE1260B /* RoomScheduleSheet.swift in Sources */ = {isa = PBXBuildFile; fileRef = B55CBE9F99AD8814E390BE3C /* RoomScheduleSheet.swift */; };
		9A12B43A26BB9BB84920CC5C /* PersistentWorkSessionMapper+Consumables.swift in Sources */ = {isa = PBXBuildFile; fileRef = ACDA1FF459FA36ED5D33AEC3 /* PersistentWorkSessionMapper+Consumables.swift */; };
		A199E38C0D372F4506DC5865 /* SpriteKit.framework in Frameworks */ = {isa = PBXBuildFile; fileRef = EA1A7943D626E20E20C9F481 /* SpriteKit.framework */; };
		A28D4B3E35CDC765A6DF09ED /* SwiftData.framework in Frameworks */ = {isa = PBXBuildFile; fileRef = BB8F64AABB38A2036C634BCB /* SwiftData.framework */; };
		A630CB74A998E3B1A321DF76 /* SwiftDataWorkSessionRepositoryTests.swift in Sources */ = {isa = PBXBuildFile; fileRef = DEC5A6449A20B95C1537B2C9 /* SwiftDataWorkSessionRepositoryTests.swift */; };
		A703675234FF769CF867B2BD /* MatrixRainConfiguration.swift in Sources */ = {isa = PBXBuildFile; fileRef = C831B23410D63DEBCFBC85BF /* MatrixRainConfiguration.swift */; };
		A727B57A65048FA67FE9E425 /* AppleSyncStatusEnvironment.swift in Sources */ = {isa = PBXBuildFile; fileRef = 30E24444682CDA12B877EB67 /* AppleSyncStatusEnvironment.swift */; };
		A81C9CEAA6F5C0B8AB7C4BF0 /* BuildChangelogScreen.swift in Sources */ = {isa = PBXBuildFile; fileRef = BC4FC7308CA762295F9D6626 /* BuildChangelogScreen.swift */; };
		AB643CF5E38CEC4927C7E316 /* WorkSessionStore+Selection.swift in Sources */ = {isa = PBXBuildFile; fileRef = A3FA8304DBB6369130113E5E /* WorkSessionStore+Selection.swift */; };
		ABC0A671535A620304D99B74 /* RoomDetailsScreen.swift in Sources */ = {isa = PBXBuildFile; fileRef = A1034E32B098922B2FC6F084 /* RoomDetailsScreen.swift */; };
		ADA805779E0A090FA473DE44 /* WorkSessionMergePolicy.swift in Sources */ = {isa = PBXBuildFile; fileRef = F946AED9FB90B790B07F606A /* WorkSessionMergePolicy.swift */; };
		ADE238EEBC86AEC1A5A483B2 /* AVKit.framework in Frameworks */ = {isa = PBXBuildFile; fileRef = 85ED0B20C8238C7912F393F9 /* AVKit.framework */; };
		BA1ECF280752FFF426599CBC /* AppBackgroundModeEnvironment.swift in Sources */ = {isa = PBXBuildFile; fileRef = 4EBB035F8E992FD2AF55A8FC /* AppBackgroundModeEnvironment.swift */; };
		BFB26C1A0A7C67F26219BFA4 /* RoomActionMenuLampTransition.swift in Sources */ = {isa = PBXBuildFile; fileRef = 581AA4C2C21D792F644F4B08 /* RoomActionMenuLampTransition.swift */; };
		BFB3353CA1DF402C0F1222D5 /* AppleCloudAccountProbe.swift in Sources */ = {isa = PBXBuildFile; fileRef = 9D456FBA6F34948A76DD74F8 /* AppleCloudAccountProbe.swift */; };
		C049A7C4CC4F9626A8CE7178 /* AppleSyncEntitlementTests.swift in Sources */ = {isa = PBXBuildFile; fileRef = D14392CAF529EF78B4841747 /* AppleSyncEntitlementTests.swift */; };
		C27172BDC7C51C3E3EE3CFF9 /* ScheduleNotificationService.swift in Sources */ = {isa = PBXBuildFile; fileRef = 7318EEDF92B83E3F4615D5F9 /* ScheduleNotificationService.swift */; };
		C73F9B0839DCB8945BC76C5E /* click.wav in Resources */ = {isa = PBXBuildFile; fileRef = 0655DECA8F86F1748E5A8A9B /* click.wav */; };
		CD93640CE2E2659E71DC69FE /* CartConsumablesSection.swift in Sources */ = {isa = PBXBuildFile; fileRef = 7762788268738A77A93D4598 /* CartConsumablesSection.swift */; };
		CDCECFDE80C1B36038EDE677 /* RoomCellGeometry.swift in Sources */ = {isa = PBXBuildFile; fileRef = 9409BE249A939DD94FA67426 /* RoomCellGeometry.swift */; };
		CDEB880791759C750A6CBF53 /* SpriteKitEffectView.swift in Sources */ = {isa = PBXBuildFile; fileRef = 53CC2C533226B89F0CF70B87 /* SpriteKitEffectView.swift */; };
		CE1CB0C0724F0B397A6E2D09 /* SettingsCategorySelector.swift in Sources */ = {isa = PBXBuildFile; fileRef = 34A802CFC375D54754B2C34F /* SettingsCategorySelector.swift */; };
		D5CD02ADB5EE620804D9D027 /* SummaryActionMenuExpansion.swift in Sources */ = {isa = PBXBuildFile; fileRef = 0D340AE2F35A8796533E0460 /* SummaryActionMenuExpansion.swift */; };
		D7C8F5EDA09CC6A0CC492A28 /* Speech.framework in Frameworks */ = {isa = PBXBuildFile; fileRef = A07FDDB084B7AAC0AC13CF80 /* Speech.framework */; };
		DB942E5DBC000AD9D8A734B9 /* VoiceNoteViewModel.swift in Sources */ = {isa = PBXBuildFile; fileRef = 1576751457D918F28F73179E /* VoiceNoteViewModel.swift */; };
		E239F137FD94F82D7BB15630 /* VoiceTranscriptionPanel.swift in Sources */ = {isa = PBXBuildFile; fileRef = 287B82D451283BB546D3D7D4 /* VoiceTranscriptionPanel.swift */; };
		E4C3E30218536D8EDB0F05A8 /* BackgroundVideoFileStore.swift in Sources */ = {isa = PBXBuildFile; fileRef = C32871C27FCEBEF323FDE3E1 /* BackgroundVideoFileStore.swift */; };
		E79D1EED7C47265E97AAB005 /* SummaryScreen.swift in Sources */ = {isa = PBXBuildFile; fileRef = 77F8BBFB5474764DC44B4456 /* SummaryScreen.swift */; };
		EA1F06A3B816D8C63F06C999 /* SwiftDataWorkSessionRepository.swift in Sources */ = {isa = PBXBuildFile; fileRef = 35DB0EFE6ABD3A6B013CDC36 /* SwiftDataWorkSessionRepository.swift */; };
		F27FCB29F753D95AA30B2A36 /* WorkSessionHistoryScreen.swift in Sources */ = {isa = PBXBuildFile; fileRef = FE6A877BC80B88CEC9638203 /* WorkSessionHistoryScreen.swift */; };
		F516FD9FD2B66D2AC637D72F /* WorkSessionStore+History.swift in Sources */ = {isa = PBXBuildFile; fileRef = B3371DBE699E1184CA308038 /* WorkSessionStore+History.swift */; };
		F83E4227B655B617F593C9C6 /* WorkSessionMergePolicyTests.swift in Sources */ = {isa = PBXBuildFile; fileRef = A683672C5983A73C2DAC800F /* WorkSessionMergePolicyTests.swift */; };
		FA5C69080CC5FCF5A7FEE8B5 /* RoomScheduleSelection.swift in Sources */ = {isa = PBXBuildFile; fileRef = 6DB6C4BBF9C1E7AA6CADF950 /* RoomScheduleSelection.swift */; };
		FB2DCA9C3911969BAF7D82C3 /* AppBackgroundView.swift in Sources */ = {isa = PBXBuildFile; fileRef = ED5A6E1FABD4ECD894D9A452 /* AppBackgroundView.swift */; };
		FB32AB4983152627A3E46501 /* CartDetailsScreen.swift in Sources */ = {isa = PBXBuildFile; fileRef = 35D69AE220AA11A895CB8FD5 /* CartDetailsScreen.swift */; };
		FE883ABF504432B7E12BA6BE /* WorkSessionRepository.swift in Sources */ = {isa = PBXBuildFile; fileRef = 6C58577B44759140A59C3B18 /* WorkSessionRepository.swift */; };
		FEF4E3DB4C837AA11700CCD7 /* VoiceNoteViewModelTests.swift in Sources */ = {isa = PBXBuildFile; fileRef = C101C82A766E12EFA3ECB00C /* VoiceNoteViewModelTests.swift */; };
/* End PBXBuildFile section */

/* Begin PBXContainerItemProxy section */
		6017BF2C0151ED4ECC6F439F /* PBXContainerItemProxy */ = {
			isa = PBXContainerItemProxy;
			containerPortal = CFA2E23425CF12CBC20B99B7 /* Project object */;
			proxyType = 1;
			remoteGlobalIDString = 8C083759050C2632D16BB63D;
			remoteInfo = OceanKeySwift;
		};
/* End PBXContainerItemProxy section */

/* Begin PBXFileReference section */
		00A45905838B30EDFC18C397 /* PerformanceTelemetryStoreTests.swift */ = {isa = PBXFileReference; lastKnownFileType = sourcecode.swift; path = PerformanceTelemetryStoreTests.swift; sourceTree = "<group>"; };
		01619659028AB1BB43A6C515 /* WorkSessionStore+Consumables.swift */ = {isa = PBXFileReference; lastKnownFileType = sourcecode.swift; path = "WorkSessionStore+Consumables.swift"; sourceTree = "<group>"; };
		0655DECA8F86F1748E5A8A9B /* click.wav */ = {isa = PBXFileReference; lastKnownFileType = audio.wav; path = click.wav; sourceTree = "<group>"; };
		067B3DBCAB2B48683F38F685 /* LoopingVideoBackgroundView.swift */ = {isa = PBXFileReference; lastKnownFileType = sourcecode.swift; path = LoopingVideoBackgroundView.swift; sourceTree = "<group>"; };
		0956CB0FF1C79B5413C7DC64 /* RoomModels.swift */ = {isa = PBXFileReference; lastKnownFileType = sourcecode.swift; path = RoomModels.swift; sourceTree = "<group>"; };
		0A9E41E37C7F57A624740F18 /* RoomDetailsMode.swift */ = {isa = PBXFileReference; lastKnownFileType = sourcecode.swift; path = RoomDetailsMode.swift; sourceTree = "<group>"; };
		0D340AE2F35A8796533E0460 /* SummaryActionMenuExpansion.swift */ = {isa = PBXFileReference; lastKnownFileType = sourcecode.swift; path = SummaryActionMenuExpansion.swift; sourceTree = "<group>"; };
		11AE7DB8A2119718A8E5A240 /* VoiceNoteBubble.swift */ = {isa = PBXFileReference; lastKnownFileType = sourcecode.swift; path = VoiceNoteBubble.swift; sourceTree = "<group>"; };
		1576751457D918F28F73179E /* VoiceNoteViewModel.swift */ = {isa = PBXFileReference; lastKnownFileType = sourcecode.swift; path = VoiceNoteViewModel.swift; sourceTree = "<group>"; };
		1909D54CE539693E2E057B69 /* WorkSessionHistory.swift */ = {isa = PBXFileReference; lastKnownFileType = sourcecode.swift; path = WorkSessionHistory.swift; sourceTree = "<group>"; };
		1A96102C3B06D870C8E09F17 /* OceanKeyTheme.swift */ = {isa = PBXFileReference; lastKnownFileType = sourcecode.swift; path = OceanKeyTheme.swift; sourceTree = "<group>"; };
		1CF609A6F4519C8C100DE4E3 /* PersistentWorkSessionMapper.swift */ = {isa = PBXFileReference; lastKnownFileType = sourcecode.swift; path = PersistentWorkSessionMapper.swift; sourceTree = "<group>"; };
		210C76CC89C65FF13A27A6C3 /* pressed.wav */ = {isa = PBXFileReference; lastKnownFileType = audio.wav; path = pressed.wav; sourceTree = "<group>"; };
		287B82D451283BB546D3D7D4 /* VoiceTranscriptionPanel.swift */ = {isa = PBXFileReference; lastKnownFileType = sourcecode.swift; path = VoiceTranscriptionPanel.swift; sourceTree = "<group>"; };
		2997A598AB1E6A8F5F843FE2 /* CartDetailsRoute.swift */ = {isa = PBXFileReference; lastKnownFileType = sourcecode.swift; path = CartDetailsRoute.swift; sourceTree = "<group>"; };
		2B2E0A4851617BB7FC453CD8 /* SettingsBackgroundVideoPicker.swift */ = {isa = PBXFileReference; lastKnownFileType = sourcecode.swift; path = SettingsBackgroundVideoPicker.swift; sourceTree = "<group>"; };
		30E24444682CDA12B877EB67 /* AppleSyncStatusEnvironment.swift */ = {isa = PBXFileReference; lastKnownFileType = sourcecode.swift; path = AppleSyncStatusEnvironment.swift; sourceTree = "<group>"; };
		31317A47FB0AB2FCC1E94C8A /* HoldActionTarget.swift */ = {isa = PBXFileReference; lastKnownFileType = sourcecode.swift; path = HoldActionTarget.swift; sourceTree = "<group>"; };
		34A802CFC375D54754B2C34F /* SettingsCategorySelector.swift */ = {isa = PBXFileReference; lastKnownFileType = sourcecode.swift; path = SettingsCategorySelector.swift; sourceTree = "<group>"; };
		34C06E17287428AB435FFE0E /* WorkSetupScreen.swift */ = {isa = PBXFileReference; lastKnownFileType = sourcecode.swift; path = WorkSetupScreen.swift; sourceTree = "<group>"; };
		35D69AE220AA11A895CB8FD5 /* CartDetailsScreen.swift */ = {isa = PBXFileReference; lastKnownFileType = sourcecode.swift; path = CartDetailsScreen.swift; sourceTree = "<group>"; };
		35DB0EFE6ABD3A6B013CDC36 /* SwiftDataWorkSessionRepository.swift */ = {isa = PBXFileReference; lastKnownFileType = sourcecode.swift; path = SwiftDataWorkSessionRepository.swift; sourceTree = "<group>"; };
		366D4AAFEFE9FDBCE75E5577 /* PersonalCartMarkers.swift */ = {isa = PBXFileReference; lastKnownFileType = sourcecode.swift; path = PersonalCartMarkers.swift; sourceTree = "<group>"; };
		3A66CA79C454C0F64B64E853 /* OceanKeySwift.entitlements */ = {isa = PBXFileReference; lastKnownFileType = text.plist.entitlements; path = OceanKeySwift.entitlements; sourceTree = "<group>"; };
		3CC537DE278380CBBA0A1D85 /* AppBackgroundVideoEnvironment.swift */ = {isa = PBXFileReference; lastKnownFileType = sourcecode.swift; path = AppBackgroundVideoEnvironment.swift; sourceTree = "<group>"; };
		3CC54D512493ADEF1EB26177 /* GameplayKit.framework */ = {isa = PBXFileReference; lastKnownFileType = wrapper.framework; name = GameplayKit.framework; path = System/Library/Frameworks/GameplayKit.framework; sourceTree = SDKROOT; };
		428699A3EF746F120DB73F4B /* AppleSyncConfiguration.swift */ = {isa = PBXFileReference; lastKnownFileType = sourcecode.swift; path = AppleSyncConfiguration.swift; sourceTree = "<group>"; };
		435A89956E097B59C6894F7B /* WorkSessionStore.swift */ = {isa = PBXFileReference; lastKnownFileType = sourcecode.swift; path = WorkSessionStore.swift; sourceTree = "<group>"; };
		449D6D5D2079C0C6419A7A6B /* MatrixRainSpriteScene.swift */ = {isa = PBXFileReference; lastKnownFileType = sourcecode.swift; path = MatrixRainSpriteScene.swift; sourceTree = "<group>"; };
		46AFB0966095D79AA80CAF5F /* VoiceTranscriptionService.swift */ = {isa = PBXFileReference; lastKnownFileType = sourcecode.swift; path = VoiceTranscriptionService.swift; sourceTree = "<group>"; };
		4C627CE3B38115F411539408 /* WorkSessionStoreTests.swift */ = {isa = PBXFileReference; lastKnownFileType = sourcecode.swift; path = WorkSessionStoreTests.swift; sourceTree = "<group>"; };
		4D3F2DE20CF0C54E078DB861 /* VIPJellyContentWarp.metal */ = {isa = PBXFileReference; lastKnownFileType = sourcecode.metal; path = VIPJellyContentWarp.metal; sourceTree = "<group>"; };
		4E3A3C8B003CBAF03504F695 /* RuntimeDiagnosticsTests.swift */ = {isa = PBXFileReference; lastKnownFileType = sourcecode.swift; path = RuntimeDiagnosticsTests.swift; sourceTree = "<group>"; };
		4EBB035F8E992FD2AF55A8FC /* AppBackgroundModeEnvironment.swift */ = {isa = PBXFileReference; lastKnownFileType = sourcecode.swift; path = AppBackgroundModeEnvironment.swift; sourceTree = "<group>"; };
		518A5DCCC251B5717E676891 /* PersistentWorkSessionMapper+History.swift */ = {isa = PBXFileReference; lastKnownFileType = sourcecode.swift; path = "PersistentWorkSessionMapper+History.swift"; sourceTree = "<group>"; };
		53CC2C533226B89F0CF70B87 /* SpriteKitEffectView.swift */ = {isa = PBXFileReference; lastKnownFileType = sourcecode.swift; path = SpriteKitEffectView.swift; sourceTree = "<group>"; };
		581AA4C2C21D792F644F4B08 /* RoomActionMenuLampTransition.swift */ = {isa = PBXFileReference; lastKnownFileType = sourcecode.swift; path = RoomActionMenuLampTransition.swift; sourceTree = "<group>"; };
		608321B44757C987209F2A54 /* BuildChangelog.swift */ = {isa = PBXFileReference; lastKnownFileType = sourcecode.swift; path = BuildChangelog.swift; sourceTree = "<group>"; };
		6B7CFFB5930B36918B6DF816 /* PerformanceTelemetryStore.swift */ = {isa = PBXFileReference; lastKnownFileType = sourcecode.swift; path = PerformanceTelemetryStore.swift; sourceTree = "<group>"; };
		6C58577B44759140A59C3B18 /* WorkSessionRepository.swift */ = {isa = PBXFileReference; lastKnownFileType = sourcecode.swift; path = WorkSessionRepository.swift; sourceTree = "<group>"; };
		6CD15DBDCE80476FF0F4FEC9 /* CartSummarySection.swift */ = {isa = PBXFileReference; lastKnownFileType = sourcecode.swift; path = CartSummarySection.swift; sourceTree = "<group>"; };
		6DB6C4BBF9C1E7AA6CADF950 /* RoomScheduleSelection.swift */ = {isa = PBXFileReference; lastKnownFileType = sourcecode.swift; path = RoomScheduleSelection.swift; sourceTree = "<group>"; };
		6EF2871D52FD44F8399FAEB1 /* CartConsumables.swift */ = {isa = PBXFileReference; lastKnownFileType = sourcecode.swift; path = CartConsumables.swift; sourceTree = "<group>"; };
		6FCD901EC6DF0D77D2187C6D /* SettingsScreen.swift */ = {isa = PBXFileReference; lastKnownFileType = sourcecode.swift; path = SettingsScreen.swift; sourceTree = "<group>"; };
		71CFB1546F72B1749BEB27E7 /* AppSettingsStoreTests.swift */ = {isa = PBXFileReference; lastKnownFileType = sourcecode.swift; path = AppSettingsStoreTests.swift; sourceTree = "<group>"; };
		723F7B231FDD457CE44ED5D8 /* WorkSessionSelection.swift */ = {isa = PBXFileReference; lastKnownFileType = sourcecode.swift; path = WorkSessionSelection.swift; sourceTree = "<group>"; };
		7318EEDF92B83E3F4615D5F9 /* ScheduleNotificationService.swift */ = {isa = PBXFileReference; lastKnownFileType = sourcecode.swift; path = ScheduleNotificationService.swift; sourceTree = "<group>"; };
		7762788268738A77A93D4598 /* CartConsumablesSection.swift */ = {isa = PBXFileReference; lastKnownFileType = sourcecode.swift; path = CartConsumablesSection.swift; sourceTree = "<group>"; };
		77F8BBFB5474764DC44B4456 /* SummaryScreen.swift */ = {isa = PBXFileReference; lastKnownFileType = sourcecode.swift; path = SummaryScreen.swift; sourceTree = "<group>"; };
		7E65593F7CDFD82D3B068D4D /* WorkSetupComponents.swift */ = {isa = PBXFileReference; lastKnownFileType = sourcecode.swift; path = WorkSetupComponents.swift; sourceTree = "<group>"; };
		8377961D9FA078CC4BABE3DE /* MediaThumbnailView.swift */ = {isa = PBXFileReference; lastKnownFileType = sourcecode.swift; path = MediaThumbnailView.swift; sourceTree = "<group>"; };
		85ED0B20C8238C7912F393F9 /* AVKit.framework */ = {isa = PBXFileReference; lastKnownFileType = wrapper.framework; name = AVKit.framework; path = System/Library/Frameworks/AVKit.framework; sourceTree = SDKROOT; };
		868A0FE8D28575CF2B3F8304 /* RoomCellView.swift */ = {isa = PBXFileReference; lastKnownFileType = sourcecode.swift; path = RoomCellView.swift; sourceTree = "<group>"; };
		868CBF052F1B053DB4F2FBA0 /* OceanKeySwiftApp.swift */ = {isa = PBXFileReference; lastKnownFileType = sourcecode.swift; path = OceanKeySwiftApp.swift; sourceTree = "<group>"; };
		8EE7E0CA1AD0D30B9986CADF /* VoiceTranscriptionContracts.swift */ = {isa = PBXFileReference; lastKnownFileType = sourcecode.swift; path = VoiceTranscriptionContracts.swift; sourceTree = "<group>"; };
		8EFBAE95AF4F46E1B0BAE485 /* PhotosUI.framework */ = {isa = PBXFileReference; lastKnownFileType = wrapper.framework; name = PhotosUI.framework; path = System/Library/Frameworks/PhotosUI.framework; sourceTree = SDKROOT; };
		9409BE249A939DD94FA67426 /* RoomCellGeometry.swift */ = {isa = PBXFileReference; lastKnownFileType = sourcecode.swift; path = RoomCellGeometry.swift; sourceTree = "<group>"; };
		9D456FBA6F34948A76DD74F8 /* AppleCloudAccountProbe.swift */ = {isa = PBXFileReference; lastKnownFileType = sourcecode.swift; path = AppleCloudAccountProbe.swift; sourceTree = "<group>"; };
		A07FDDB084B7AAC0AC13CF80 /* Speech.framework */ = {isa = PBXFileReference; lastKnownFileType = wrapper.framework; name = Speech.framework; path = System/Library/Frameworks/Speech.framework; sourceTree = SDKROOT; };
		A0AA7911C61D036B30E2BEF6 /* MatrixRainConfigurationEnvironment.swift */ = {isa = PBXFileReference; lastKnownFileType = sourcecode.swift; path = MatrixRainConfigurationEnvironment.swift; sourceTree = "<group>"; };
		A1034E32B098922B2FC6F084 /* RoomDetailsScreen.swift */ = {isa = PBXFileReference; lastKnownFileType = sourcecode.swift; path = RoomDetailsScreen.swift; sourceTree = "<group>"; };
		A229714857D6D952BA687014 /* AppSettingsStore.swift */ = {isa = PBXFileReference; lastKnownFileType = sourcecode.swift; path = AppSettingsStore.swift; sourceTree = "<group>"; };
		A3FA8304DBB6369130113E5E /* WorkSessionStore+Selection.swift */ = {isa = PBXFileReference; lastKnownFileType = sourcecode.swift; path = "WorkSessionStore+Selection.swift"; sourceTree = "<group>"; };
		A5E3CFB6CDA7132DA0EFA9B9 /* RoomCatalog.swift */ = {isa = PBXFileReference; lastKnownFileType = sourcecode.swift; path = RoomCatalog.swift; sourceTree = "<group>"; };
		A683672C5983A73C2DAC800F /* WorkSessionMergePolicyTests.swift */ = {isa = PBXFileReference; lastKnownFileType = sourcecode.swift; path = WorkSessionMergePolicyTests.swift; sourceTree = "<group>"; };
		A8D625970C1997ABD4B4AEB6 /* LocalMediaFileStore.swift */ = {isa = PBXFileReference; lastKnownFileType = sourcecode.swift; path = LocalMediaFileStore.swift; sourceTree = "<group>"; };
		ACDA1FF459FA36ED5D33AEC3 /* PersistentWorkSessionMapper+Consumables.swift */ = {isa = PBXFileReference; lastKnownFileType = sourcecode.swift; path = "PersistentWorkSessionMapper+Consumables.swift"; sourceTree = "<group>"; };
		AFC643F2EF7A7E0F80CCBF53 /* CloudKit.framework */ = {isa = PBXFileReference; lastKnownFileType = wrapper.framework; name = CloudKit.framework; path = System/Library/Frameworks/CloudKit.framework; sourceTree = SDKROOT; };
		B00D64ADD5F7CDDCA26155C8 /* AppRootView.swift */ = {isa = PBXFileReference; lastKnownFileType = sourcecode.swift; path = AppRootView.swift; sourceTree = "<group>"; };
		B07C7DD0BB58B4988BC671FF /* SettingsCategory.swift */ = {isa = PBXFileReference; lastKnownFileType = sourcecode.swift; path = SettingsCategory.swift; sourceTree = "<group>"; };
		B3371DBE699E1184CA308038 /* WorkSessionStore+History.swift */ = {isa = PBXFileReference; lastKnownFileType = sourcecode.swift; path = "WorkSessionStore+History.swift"; sourceTree = "<group>"; };
		B3B0A2610829CE5A6476F226 /* PersistentWorkSessionModels.swift */ = {isa = PBXFileReference; lastKnownFileType = sourcecode.swift; path = PersistentWorkSessionModels.swift; sourceTree = "<group>"; };
		B55CBE9F99AD8814E390BE3C /* RoomScheduleSheet.swift */ = {isa = PBXFileReference; lastKnownFileType = sourcecode.swift; path = RoomScheduleSheet.swift; sourceTree = "<group>"; };
		B5680F4D3B4245E31F8AB215 /* InteractionFeedbackService.swift */ = {isa = PBXFileReference; lastKnownFileType = sourcecode.swift; path = InteractionFeedbackService.swift; sourceTree = "<group>"; };
		B6604386501D00F125345B04 /* ExperimentalAppearanceEnvironment.swift */ = {isa = PBXFileReference; lastKnownFileType = sourcecode.swift; path = ExperimentalAppearanceEnvironment.swift; sourceTree = "<group>"; };
		BB8F64AABB38A2036C634BCB /* SwiftData.framework */ = {isa = PBXFileReference; lastKnownFileType = wrapper.framework; name = SwiftData.framework; path = System/Library/Frameworks/SwiftData.framework; sourceTree = SDKROOT; };
		BC4FC7308CA762295F9D6626 /* BuildChangelogScreen.swift */ = {isa = PBXFileReference; lastKnownFileType = sourcecode.swift; path = BuildChangelogScreen.swift; sourceTree = "<group>"; };
		BCAF8BEA469DB858BD47A0D4 /* OceanKeySwiftTests.xctest */ = {isa = PBXFileReference; includeInIndex = 0; lastKnownFileType = wrapper.cfbundle; path = OceanKeySwiftTests.xctest; sourceTree = BUILT_PRODUCTS_DIR; };
		C101C82A766E12EFA3ECB00C /* VoiceNoteViewModelTests.swift */ = {isa = PBXFileReference; lastKnownFileType = sourcecode.swift; path = VoiceNoteViewModelTests.swift; sourceTree = "<group>"; };
		C32871C27FCEBEF323FDE3E1 /* BackgroundVideoFileStore.swift */ = {isa = PBXFileReference; lastKnownFileType = sourcecode.swift; path = BackgroundVideoFileStore.swift; sourceTree = "<group>"; };
		C43FCE41FAC12F7171994989 /* TVStaticNoiseBackgroundView.swift */ = {isa = PBXFileReference; lastKnownFileType = sourcecode.swift; path = TVStaticNoiseBackgroundView.swift; sourceTree = "<group>"; };
		C53CB4860DB0F1128AAFF966 /* SummarySwipeCommitPolicyTests.swift */ = {isa = PBXFileReference; lastKnownFileType = sourcecode.swift; path = SummarySwipeCommitPolicyTests.swift; sourceTree = "<group>"; };
		C831B23410D63DEBCFBC85BF /* MatrixRainConfiguration.swift */ = {isa = PBXFileReference; lastKnownFileType = sourcecode.swift; path = MatrixRainConfiguration.swift; sourceTree = "<group>"; };
		C904268098CE3875C7C61698 /* SummaryActionMenuExpansionTests.swift */ = {isa = PBXFileReference; lastKnownFileType = sourcecode.swift; path = SummaryActionMenuExpansionTests.swift; sourceTree = "<group>"; };
		C930282AAFB3CC145E46D544 /* SummarySwipeCommitPolicy.swift */ = {isa = PBXFileReference; lastKnownFileType = sourcecode.swift; path = SummarySwipeCommitPolicy.swift; sourceTree = "<group>"; };
		CA51E54DB659431A15729529 /* RoomScheduleRoute.swift */ = {isa = PBXFileReference; lastKnownFileType = sourcecode.swift; path = RoomScheduleRoute.swift; sourceTree = "<group>"; };
		CE487E5E6D0AB9E9818EEF84 /* OceanKeySwift.app */ = {isa = PBXFileReference; includeInIndex = 0; lastKnownFileType = wrapper.application; path = OceanKeySwift.app; sourceTree = BUILT_PRODUCTS_DIR; };
		D14392CAF529EF78B4841747 /* AppleSyncEntitlementTests.swift */ = {isa = PBXFileReference; lastKnownFileType = sourcecode.swift; path = AppleSyncEntitlementTests.swift; sourceTree = "<group>"; };
		D221253E9DCEF3666178BF1F /* RuntimeDiagnostics.swift */ = {isa = PBXFileReference; lastKnownFileType = sourcecode.swift; path = RuntimeDiagnostics.swift; sourceTree = "<group>"; };
		DB4A5B1A271E2E7404DA2C20 /* CameraCaptureView.swift */ = {isa = PBXFileReference; lastKnownFileType = sourcecode.swift; path = CameraCaptureView.swift; sourceTree = "<group>"; };
		DD8A5F3E8A1246EC011FB56F /* PersonalCartMarkerStrip.swift */ = {isa = PBXFileReference; lastKnownFileType = sourcecode.swift; path = PersonalCartMarkerStrip.swift; sourceTree = "<group>"; };
		DEC5A6449A20B95C1537B2C9 /* SwiftDataWorkSessionRepositoryTests.swift */ = {isa = PBXFileReference; lastKnownFileType = sourcecode.swift; path = SwiftDataWorkSessionRepositoryTests.swift; sourceTree = "<group>"; };
		E7AAB559BEB598BFAB429AB4 /* SummarySelectionPuzzleHandle.swift */ = {isa = PBXFileReference; lastKnownFileType = sourcecode.swift; path = SummarySelectionPuzzleHandle.swift; sourceTree = "<group>"; };
		EA1A7943D626E20E20C9F481 /* SpriteKit.framework */ = {isa = PBXFileReference; lastKnownFileType = wrapper.framework; name = SpriteKit.framework; path = System/Library/Frameworks/SpriteKit.framework; sourceTree = SDKROOT; };
		EAE700A892F09B415394914D /* WorkSessionSnapshot.swift */ = {isa = PBXFileReference; lastKnownFileType = sourcecode.swift; path = WorkSessionSnapshot.swift; sourceTree = "<group>"; };
		ED5A6E1FABD4ECD894D9A452 /* AppBackgroundView.swift */ = {isa = PBXFileReference; lastKnownFileType = sourcecode.swift; path = AppBackgroundView.swift; sourceTree = "<group>"; };
		EE4FA201F6199BBB1FBE6120 /* SummaryHeader.swift */ = {isa = PBXFileReference; lastKnownFileType = sourcecode.swift; path = SummaryHeader.swift; sourceTree = "<group>"; };
		F43979E9CB31E899E35B928E /* SummaryRoomActionMenu.swift */ = {isa = PBXFileReference; lastKnownFileType = sourcecode.swift; path = SummaryRoomActionMenu.swift; sourceTree = "<group>"; };
		F4BF40D409EFD665315F16C6 /* LocalWorkSessionRepository.swift */ = {isa = PBXFileReference; lastKnownFileType = sourcecode.swift; path = LocalWorkSessionRepository.swift; sourceTree = "<group>"; };
		F8848A3AD3F9D0BCE2F025E5 /* MediaViewerScreen.swift */ = {isa = PBXFileReference; lastKnownFileType = sourcecode.swift; path = MediaViewerScreen.swift; sourceTree = "<group>"; };
		F88F4E1B0F391C1E8C9C2F6C /* SettingsControls.swift */ = {isa = PBXFileReference; lastKnownFileType = sourcecode.swift; path = SettingsControls.swift; sourceTree = "<group>"; };
		F944082CEA5BC13C9ECF514C /* Info.plist */ = {isa = PBXFileReference; lastKnownFileType = text.plist; path = Info.plist; sourceTree = "<group>"; };
		F946AED9FB90B790B07F606A /* WorkSessionMergePolicy.swift */ = {isa = PBXFileReference; lastKnownFileType = sourcecode.swift; path = WorkSessionMergePolicy.swift; sourceTree = "<group>"; };
		FC89AE31D50DA5860DBEDD53 /* AppBuildInfo.swift */ = {isa = PBXFileReference; lastKnownFileType = sourcecode.swift; path = AppBuildInfo.swift; sourceTree = "<group>"; };
		FE6A877BC80B88CEC9638203 /* WorkSessionHistoryScreen.swift */ = {isa = PBXFileReference; lastKnownFileType = sourcecode.swift; path = WorkSessionHistoryScreen.swift; sourceTree = "<group>"; };
		FE907719B6B3BAB75721FA29 /* WorkSessionStore+Persistence.swift */ = {isa = PBXFileReference; lastKnownFileType = sourcecode.swift; path = "WorkSessionStore+Persistence.swift"; sourceTree = "<group>"; };
/* End PBXFileReference section */

/* Begin PBXFrameworksBuildPhase section */
		2A819335097B88E00E8E3DB9 /* Frameworks */ = {
			isa = PBXFrameworksBuildPhase;
			buildActionMask = 2147483647;
			files = (
				A199E38C0D372F4506DC5865 /* SpriteKit.framework in Frameworks */,
				39D62E4704F0D75DE27FB4E7 /* GameplayKit.framework in Frameworks */,
				ADE238EEBC86AEC1A5A483B2 /* AVKit.framework in Frameworks */,
				8F5523652C530ACE93B68B17 /* PhotosUI.framework in Frameworks */,
				D7C8F5EDA09CC6A0CC492A28 /* Speech.framework in Frameworks */,
				A28D4B3E35CDC765A6DF09ED /* SwiftData.framework in Frameworks */,
				0BA150B28C32A752D35450AD /* CloudKit.framework in Frameworks */,
			);
			runOnlyForDeploymentPostprocessing = 0;
		};
/* End PBXFrameworksBuildPhase section */

/* Begin PBXGroup section */
		072178F9C325F8CA8F9079FB /* History */ = {
			isa = PBXGroup;
			children = (
				FE6A877BC80B88CEC9638203 /* WorkSessionHistoryScreen.swift */,
			);
			path = History;
			sourceTree = "<group>";
		};
		0F9E43ED7321D8CB24F874D8 /* Interaction */ = {
			isa = PBXGroup;
			children = (
				31317A47FB0AB2FCC1E94C8A /* HoldActionTarget.swift */,
				B5680F4D3B4245E31F8AB215 /* InteractionFeedbackService.swift */,
			);
			path = Interaction;
			sourceTree = "<group>";
		};
		120A15B64158A1E028073243 /* Sounds */ = {
			isa = PBXGroup;
			children = (
				0655DECA8F86F1748E5A8A9B /* click.wav */,
				210C76CC89C65FF13A27A6C3 /* pressed.wav */,
			);
			path = Sounds;
			sourceTree = "<group>";
		};
		12EBECD5526152C864BD4CD9 /* Effects */ = {
			isa = PBXGroup;
			children = (
				4D3F2DE20CF0C54E078DB861 /* VIPJellyContentWarp.metal */,
				ED1C7979FE892ABF9DCA23DB /* SpriteKit */,
			);
			path = Effects;
			sourceTree = "<group>";
		};
		14B21D750FE05992CF737835 /* Infrastructure */ = {
			isa = PBXGroup;
			children = (
				98011CDCCAE8EDD2168730FD /* Diagnostics */,
				0F9E43ED7321D8CB24F874D8 /* Interaction */,
				1B595C7AA9003B87379D4A65 /* Notifications */,
				CA6F7F1708263AC80470562B /* Performance */,
				68B13C1B908C6EF928E61B75 /* Speech */,
				22D7AC7B384BFF9573D20AF6 /* Sync */,
			);
			path = Infrastructure;
			sourceTree = "<group>";
		};
		1B595C7AA9003B87379D4A65 /* Notifications */ = {
			isa = PBXGroup;
			children = (
				7318EEDF92B83E3F4615D5F9 /* ScheduleNotificationService.swift */,
			);
			path = Notifications;
			sourceTree = "<group>";
		};
		22D7AC7B384BFF9573D20AF6 /* Sync */ = {
			isa = PBXGroup;
			children = (
				9D456FBA6F34948A76DD74F8 /* AppleCloudAccountProbe.swift */,
				428699A3EF746F120DB73F4B /* AppleSyncConfiguration.swift */,
				30E24444682CDA12B877EB67 /* AppleSyncStatusEnvironment.swift */,
			);
			path = Sync;
			sourceTree = "<group>";
		};
		36CA4C3E5465B3F3DA219801 /* OceanKeySwift */ = {
			isa = PBXGroup;
			children = (
				F944082CEA5BC13C9ECF514C /* Info.plist */,
				3A66CA79C454C0F64B64E853 /* OceanKeySwift.entitlements */,
				EB46BA9A2511009474D5840B /* App */,
				57A4FE67865DAEA283BC1F72 /* Data */,
				4463822596AA3844DBFE4AB1 /* Design */,
				EC1216ECE72E0D2A8492BCE8 /* Domain */,
				12EBECD5526152C864BD4CD9 /* Effects */,
				88F39E9D0789D4CADE0851D5 /* Features */,
				14B21D750FE05992CF737835 /* Infrastructure */,
				4AD0251DFFBDEE7B5BDB5D71 /* Resources */,
			);
			path = OceanKeySwift;
			sourceTree = "<group>";
		};
		37B70174422F47734BC66A08 /* Frameworks */ = {
			isa = PBXGroup;
			children = (
				85ED0B20C8238C7912F393F9 /* AVKit.framework */,
				AFC643F2EF7A7E0F80CCBF53 /* CloudKit.framework */,
				3CC54D512493ADEF1EB26177 /* GameplayKit.framework */,
				8EFBAE95AF4F46E1B0BAE485 /* PhotosUI.framework */,
				A07FDDB084B7AAC0AC13CF80 /* Speech.framework */,
				EA1A7943D626E20E20C9F481 /* SpriteKit.framework */,
				BB8F64AABB38A2036C634BCB /* SwiftData.framework */,
			);
			name = Frameworks;
			sourceTree = "<group>";
		};
		413336AA0FE19306CB5650C1 /* WorkSetup */ = {
			isa = PBXGroup;
			children = (
				7E65593F7CDFD82D3B068D4D /* WorkSetupComponents.swift */,
				34C06E17287428AB435FFE0E /* WorkSetupScreen.swift */,
			);
			path = WorkSetup;
			sourceTree = "<group>";
		};
		4463822596AA3844DBFE4AB1 /* Design */ = {
			isa = PBXGroup;
			children = (
				1A96102C3B06D870C8E09F17 /* OceanKeyTheme.swift */,
				9409BE249A939DD94FA67426 /* RoomCellGeometry.swift */,
			);
			path = Design;
			sourceTree = "<group>";
		};
		4AD0251DFFBDEE7B5BDB5D71 /* Resources */ = {
			isa = PBXGroup;
			children = (
				120A15B64158A1E028073243 /* Sounds */,
			);
			path = Resources;
			sourceTree = "<group>";
		};
		50353B0126AC75763D1495BF /* RoomDetails */ = {
			isa = PBXGroup;
			children = (
				0A9E41E37C7F57A624740F18 /* RoomDetailsMode.swift */,
				A1034E32B098922B2FC6F084 /* RoomDetailsScreen.swift */,
			);
			path = RoomDetails;
			sourceTree = "<group>";
		};
		57A4FE67865DAEA283BC1F72 /* Data */ = {
			isa = PBXGroup;
			children = (
				C32871C27FCEBEF323FDE3E1 /* BackgroundVideoFileStore.swift */,
				A8D625970C1997ABD4B4AEB6 /* LocalMediaFileStore.swift */,
				F4BF40D409EFD665315F16C6 /* LocalWorkSessionRepository.swift */,
				1CF609A6F4519C8C100DE4E3 /* PersistentWorkSessionMapper.swift */,
				ACDA1FF459FA36ED5D33AEC3 /* PersistentWorkSessionMapper+Consumables.swift */,
				518A5DCCC251B5717E676891 /* PersistentWorkSessionMapper+History.swift */,
				B3B0A2610829CE5A6476F226 /* PersistentWorkSessionModels.swift */,
				35DB0EFE6ABD3A6B013CDC36 /* SwiftDataWorkSessionRepository.swift */,
				6C58577B44759140A59C3B18 /* WorkSessionRepository.swift */,
			);
			path = Data;
			sourceTree = "<group>";
		};
		68B13C1B908C6EF928E61B75 /* Speech */ = {
			isa = PBXGroup;
			children = (
				8EE7E0CA1AD0D30B9986CADF /* VoiceTranscriptionContracts.swift */,
				46AFB0966095D79AA80CAF5F /* VoiceTranscriptionService.swift */,
			);
			path = Speech;
			sourceTree = "<group>";
		};
		68F7A701FAA1A43CD7D4E624 /* OceanKeySwiftTests */ = {
			isa = PBXGroup;
			children = (
				D14392CAF529EF78B4841747 /* AppleSyncEntitlementTests.swift */,
				71CFB1546F72B1749BEB27E7 /* AppSettingsStoreTests.swift */,
				00A45905838B30EDFC18C397 /* PerformanceTelemetryStoreTests.swift */,
				4E3A3C8B003CBAF03504F695 /* RuntimeDiagnosticsTests.swift */,
				C904268098CE3875C7C61698 /* SummaryActionMenuExpansionTests.swift */,
				C53CB4860DB0F1128AAFF966 /* SummarySwipeCommitPolicyTests.swift */,
				DEC5A6449A20B95C1537B2C9 /* SwiftDataWorkSessionRepositoryTests.swift */,
				C101C82A766E12EFA3ECB00C /* VoiceNoteViewModelTests.swift */,
				A683672C5983A73C2DAC800F /* WorkSessionMergePolicyTests.swift */,
				4C627CE3B38115F411539408 /* WorkSessionStoreTests.swift */,
			);
			path = OceanKeySwiftTests;
			sourceTree = "<group>";
		};
		88F39E9D0789D4CADE0851D5 /* Features */ = {
			isa = PBXGroup;
			children = (
				C9E10F31E30C63963769BE0C /* CartDetails */,
				072178F9C325F8CA8F9079FB /* History */,
				B7ED1D4A215E50BAD307F0BE /* Media */,
				E1495D03D11DE340AD8F73C1 /* Notes */,
				50353B0126AC75763D1495BF /* RoomDetails */,
				F2F23DD9DD0CDA6C3A957425 /* Settings */,
				DB4465BBE8548B26B6954744 /* Summary */,
				A19ACA6E1954556561C30EA3 /* WorkSession */,
				413336AA0FE19306CB5650C1 /* WorkSetup */,
			);
			path = Features;
			sourceTree = "<group>";
		};
		98011CDCCAE8EDD2168730FD /* Diagnostics */ = {
			isa = PBXGroup;
			children = (
				D221253E9DCEF3666178BF1F /* RuntimeDiagnostics.swift */,
			);
			path = Diagnostics;
			sourceTree = "<group>";
		};
		9841CDB21F537FB7AB63D767 = {
			isa = PBXGroup;
			children = (
				36CA4C3E5465B3F3DA219801 /* OceanKeySwift */,
				68F7A701FAA1A43CD7D4E624 /* OceanKeySwiftTests */,
				37B70174422F47734BC66A08 /* Frameworks */,
				ADD15C0367B5ED3749CE048A /* Products */,
			);
			sourceTree = "<group>";
		};
		A19ACA6E1954556561C30EA3 /* WorkSession */ = {
			isa = PBXGroup;
			children = (
				435A89956E097B59C6894F7B /* WorkSessionStore.swift */,
				01619659028AB1BB43A6C515 /* WorkSessionStore+Consumables.swift */,
				B3371DBE699E1184CA308038 /* WorkSessionStore+History.swift */,
				FE907719B6B3BAB75721FA29 /* WorkSessionStore+Persistence.swift */,
				A3FA8304DBB6369130113E5E /* WorkSessionStore+Selection.swift */,
			);
			path = WorkSession;
			sourceTree = "<group>";
		};
		ADD15C0367B5ED3749CE048A /* Products */ = {
			isa = PBXGroup;
			children = (
				CE487E5E6D0AB9E9818EEF84 /* OceanKeySwift.app */,
				BCAF8BEA469DB858BD47A0D4 /* OceanKeySwiftTests.xctest */,
			);
			name = Products;
			sourceTree = "<group>";
		};
		B7ED1D4A215E50BAD307F0BE /* Media */ = {
			isa = PBXGroup;
			children = (
				DB4A5B1A271E2E7404DA2C20 /* CameraCaptureView.swift */,
				8377961D9FA078CC4BABE3DE /* MediaThumbnailView.swift */,
				F8848A3AD3F9D0BCE2F025E5 /* MediaViewerScreen.swift */,
			);
			path = Media;
			sourceTree = "<group>";
		};
		C9E10F31E30C63963769BE0C /* CartDetails */ = {
			isa = PBXGroup;
			children = (
				7762788268738A77A93D4598 /* CartConsumablesSection.swift */,
				2997A598AB1E6A8F5F843FE2 /* CartDetailsRoute.swift */,
				35D69AE220AA11A895CB8FD5 /* CartDetailsScreen.swift */,
			);
			path = CartDetails;
			sourceTree = "<group>";
		};
		CA6F7F1708263AC80470562B /* Performance */ = {
			isa = PBXGroup;
			children = (
				6B7CFFB5930B36918B6DF816 /* PerformanceTelemetryStore.swift */,
			);
			path = Performance;
			sourceTree = "<group>";
		};
		DB4465BBE8548B26B6954744 /* Summary */ = {
			isa = PBXGroup;
			children = (
				6CD15DBDCE80476FF0F4FEC9 /* CartSummarySection.swift */,
				DD8A5F3E8A1246EC011FB56F /* PersonalCartMarkerStrip.swift */,
				581AA4C2C21D792F644F4B08 /* RoomActionMenuLampTransition.swift */,
				868A0FE8D28575CF2B3F8304 /* RoomCellView.swift */,
				CA51E54DB659431A15729529 /* RoomScheduleRoute.swift */,
				B55CBE9F99AD8814E390BE3C /* RoomScheduleSheet.swift */,
				0D340AE2F35A8796533E0460 /* SummaryActionMenuExpansion.swift */,
				EE4FA201F6199BBB1FBE6120 /* SummaryHeader.swift */,
				F43979E9CB31E899E35B928E /* SummaryRoomActionMenu.swift */,
				77F8BBFB5474764DC44B4456 /* SummaryScreen.swift */,
				E7AAB559BEB598BFAB429AB4 /* SummarySelectionPuzzleHandle.swift */,
				C930282AAFB3CC145E46D544 /* SummarySwipeCommitPolicy.swift */,
			);
			path = Summary;
			sourceTree = "<group>";
		};
		E1495D03D11DE340AD8F73C1 /* Notes */ = {
			isa = PBXGroup;
			children = (
				11AE7DB8A2119718A8E5A240 /* VoiceNoteBubble.swift */,
				1576751457D918F28F73179E /* VoiceNoteViewModel.swift */,
				287B82D451283BB546D3D7D4 /* VoiceTranscriptionPanel.swift */,
			);
			path = Notes;
			sourceTree = "<group>";
		};
		EB46BA9A2511009474D5840B /* App */ = {
			isa = PBXGroup;
			children = (
				4EBB035F8E992FD2AF55A8FC /* AppBackgroundModeEnvironment.swift */,
				3CC537DE278380CBBA0A1D85 /* AppBackgroundVideoEnvironment.swift */,
				ED5A6E1FABD4ECD894D9A452 /* AppBackgroundView.swift */,
				FC89AE31D50DA5860DBEDD53 /* AppBuildInfo.swift */,
				B00D64ADD5F7CDDCA26155C8 /* AppRootView.swift */,
				A229714857D6D952BA687014 /* AppSettingsStore.swift */,
				608321B44757C987209F2A54 /* BuildChangelog.swift */,
				B6604386501D00F125345B04 /* ExperimentalAppearanceEnvironment.swift */,
				067B3DBCAB2B48683F38F685 /* LoopingVideoBackgroundView.swift */,
				868CBF052F1B053DB4F2FBA0 /* OceanKeySwiftApp.swift */,
				366D4AAFEFE9FDBCE75E5577 /* PersonalCartMarkers.swift */,
				C43FCE41FAC12F7171994989 /* TVStaticNoiseBackgroundView.swift */,
			);
			path = App;
			sourceTree = "<group>";
		};
		EC1216ECE72E0D2A8492BCE8 /* Domain */ = {
			isa = PBXGroup;
			children = (
				6EF2871D52FD44F8399FAEB1 /* CartConsumables.swift */,
				A5E3CFB6CDA7132DA0EFA9B9 /* RoomCatalog.swift */,
				0956CB0FF1C79B5413C7DC64 /* RoomModels.swift */,
				6DB6C4BBF9C1E7AA6CADF950 /* RoomScheduleSelection.swift */,
				1909D54CE539693E2E057B69 /* WorkSessionHistory.swift */,
				F946AED9FB90B790B07F606A /* WorkSessionMergePolicy.swift */,
				723F7B231FDD457CE44ED5D8 /* WorkSessionSelection.swift */,
				EAE700A892F09B415394914D /* WorkSessionSnapshot.swift */,
			);
			path = Domain;
			sourceTree = "<group>";
		};
		ED1C7979FE892ABF9DCA23DB /* SpriteKit */ = {
			isa = PBXGroup;
			children = (
				C831B23410D63DEBCFBC85BF /* MatrixRainConfiguration.swift */,
				A0AA7911C61D036B30E2BEF6 /* MatrixRainConfigurationEnvironment.swift */,
				449D6D5D2079C0C6419A7A6B /* MatrixRainSpriteScene.swift */,
				53CC2C533226B89F0CF70B87 /* SpriteKitEffectView.swift */,
			);
			path = SpriteKit;
			sourceTree = "<group>";
		};
		F2F23DD9DD0CDA6C3A957425 /* Settings */ = {
			isa = PBXGroup;
			children = (
				BC4FC7308CA762295F9D6626 /* BuildChangelogScreen.swift */,
				2B2E0A4851617BB7FC453CD8 /* SettingsBackgroundVideoPicker.swift */,
				B07C7DD0BB58B4988BC671FF /* SettingsCategory.swift */,
				34A802CFC375D54754B2C34F /* SettingsCategorySelector.swift */,
				F88F4E1B0F391C1E8C9C2F6C /* SettingsControls.swift */,
				6FCD901EC6DF0D77D2187C6D /* SettingsScreen.swift */,
			);
			path = Settings;
			sourceTree = "<group>";
		};
/* End PBXGroup section */

/* Begin PBXNativeTarget section */
		8C083759050C2632D16BB63D /* OceanKeySwift */ = {
			isa = PBXNativeTarget;
			buildConfigurationList = 48007250CC733429FA6848DD /* Build configuration list for PBXNativeTarget "OceanKeySwift" */;
			buildPhases = (
				CF34DB72A5925B522D9A5E14 /* Sources */,
				6AED1A0FD0F888775555408A /* Resources */,
				2A819335097B88E00E8E3DB9 /* Frameworks */,
			);
			buildRules = (
			);
			dependencies = (
			);
			name = OceanKeySwift;
			packageProductDependencies = (
			);
			productName = OceanKeySwift;
			productReference = CE487E5E6D0AB9E9818EEF84 /* OceanKeySwift.app */;
			productType = "com.apple.product-type.application";
		};
		E3354BA291B5235556ACC2E4 /* OceanKeySwiftTests */ = {
			isa = PBXNativeTarget;
			buildConfigurationList = 3CD649095EA2F07B24CA6AD6 /* Build configuration list for PBXNativeTarget "OceanKeySwiftTests" */;
			buildPhases = (
				7B0FC138237619FD27EC49F6 /* Sources */,
			);
			buildRules = (
			);
			dependencies = (
				48A8537FDFDEA665F1DBA8A6 /* PBXTargetDependency */,
			);
			name = OceanKeySwiftTests;
			packageProductDependencies = (
			);
			productName = OceanKeySwiftTests;
			productReference = BCAF8BEA469DB858BD47A0D4 /* OceanKeySwiftTests.xctest */;
			productType = "com.apple.product-type.bundle.unit-test";
		};
/* End PBXNativeTarget section */

/* Begin PBXProject section */
		CFA2E23425CF12CBC20B99B7 /* Project object */ = {
			isa = PBXProject;
			attributes = {
				BuildIndependentTargetsInParallel = YES;
				LastUpgradeCheck = 1430;
				TargetAttributes = {
					8C083759050C2632D16BB63D = {
						DevelopmentTeam = J6MW4855LU;
					};
					E3354BA291B5235556ACC2E4 = {
						DevelopmentTeam = J6MW4855LU;
					};
				};
			};
			buildConfigurationList = 7A4605A90C948C1A86544407 /* Build configuration list for PBXProject "OceanKeySwift" */;
			developmentRegion = en;
			hasScannedForEncodings = 0;
			knownRegions = (
				Base,
				en,
			);
			mainGroup = 9841CDB21F537FB7AB63D767;
			minimizedProjectReferenceProxies = 1;
			preferredProjectObjectVersion = 77;
			productRefGroup = ADD15C0367B5ED3749CE048A /* Products */;
			projectDirPath = "";
			projectRoot = "";
			targets = (
				8C083759050C2632D16BB63D /* OceanKeySwift */,
				E3354BA291B5235556ACC2E4 /* OceanKeySwiftTests */,
			);
		};
/* End PBXProject section */

/* Begin PBXResourcesBuildPhase section */
		6AED1A0FD0F888775555408A /* Resources */ = {
			isa = PBXResourcesBuildPhase;
			buildActionMask = 2147483647;
			files = (
				C73F9B0839DCB8945BC76C5E /* click.wav in Resources */,
				0EE521A4B14A49A7AB277822 /* pressed.wav in Resources */,
			);
			runOnlyForDeploymentPostprocessing = 0;
		};
/* End PBXResourcesBuildPhase section */

/* Begin PBXSourcesBuildPhase section */
		7B0FC138237619FD27EC49F6 /* Sources */ = {
			isa = PBXSourcesBuildPhase;
			buildActionMask = 2147483647;
			files = (
				87852D01D8D77739E19E6738 /* AppSettingsStoreTests.swift in Sources */,
				C049A7C4CC4F9626A8CE7178 /* AppleSyncEntitlementTests.swift in Sources */,
				74F755CC983F8493F4FAF4A6 /* PerformanceTelemetryStoreTests.swift in Sources */,
				10CBAE8DA13FE056254B65D4 /* RuntimeDiagnosticsTests.swift in Sources */,
				333A65A0C26F32AD550D5161 /* SummaryActionMenuExpansionTests.swift in Sources */,
				4F75F6A971EBDD3D63855F5D /* SummarySwipeCommitPolicyTests.swift in Sources */,
				A630CB74A998E3B1A321DF76 /* SwiftDataWorkSessionRepositoryTests.swift in Sources */,
				FEF4E3DB4C837AA11700CCD7 /* VoiceNoteViewModelTests.swift in Sources */,
				F83E4227B655B617F593C9C6 /* WorkSessionMergePolicyTests.swift in Sources */,
				630D9BF8C070EDF39CF079C6 /* WorkSessionStoreTests.swift in Sources */,
			);
			runOnlyForDeploymentPostprocessing = 0;
		};
		CF34DB72A5925B522D9A5E14 /* Sources */ = {
			isa = PBXSourcesBuildPhase;
			buildActionMask = 2147483647;
			files = (
				BA1ECF280752FFF426599CBC /* AppBackgroundModeEnvironment.swift in Sources */,
				043A1D13C4D3931888D1815E /* AppBackgroundVideoEnvironment.swift in Sources */,
				FB2DCA9C3911969BAF7D82C3 /* AppBackgroundView.swift in Sources */,
				09D30B3BED384CE9D99707EA /* AppBuildInfo.swift in Sources */,
				856BDD1AEC33680D598CA693 /* AppRootView.swift in Sources */,
				366D12C14372662249291AE9 /* AppSettingsStore.swift in Sources */,
				BFB3353CA1DF402C0F1222D5 /* AppleCloudAccountProbe.swift in Sources */,
				06DACBC44C930BBFDE23F934 /* AppleSyncConfiguration.swift in Sources */,
				A727B57A65048FA67FE9E425 /* AppleSyncStatusEnvironment.swift in Sources */,
				E4C3E30218536D8EDB0F05A8 /* BackgroundVideoFileStore.swift in Sources */,
				93D0CE8735DD6EAA67CEB78D /* BuildChangelog.swift in Sources */,
				A81C9CEAA6F5C0B8AB7C4BF0 /* BuildChangelogScreen.swift in Sources */,
				0DB493EF3021829B88BE5682 /* CameraCaptureView.swift in Sources */,
				4090C45733427419BF97E219 /* CartConsumables.swift in Sources */,
				CD93640CE2E2659E71DC69FE /* CartConsumablesSection.swift in Sources */,
				0F33257171B1CD7428303898 /* CartDetailsRoute.swift in Sources */,
				FB32AB4983152627A3E46501 /* CartDetailsScreen.swift in Sources */,
				14A467CC5BC8CBF9F1AAF2E5 /* CartSummarySection.swift in Sources */,
				7FAB39EDEDEFA522FB2DA912 /* ExperimentalAppearanceEnvironment.swift in Sources */,
				0E858357DAB729B03EFE513A /* HoldActionTarget.swift in Sources */,
				4618198B48949C4576C5DBF7 /* InteractionFeedbackService.swift in Sources */,
				2D389E5577FAC32B77E85819 /* LocalMediaFileStore.swift in Sources */,
				21201E301476E7CD55CDD211 /* LocalWorkSessionRepository.swift in Sources */,
				39D81BCD68AFEF090FCC1D4E /* LoopingVideoBackgroundView.swift in Sources */,
				A703675234FF769CF867B2BD /* MatrixRainConfiguration.swift in Sources */,
				90E670E6CFD78A670C422204 /* MatrixRainConfigurationEnvironment.swift in Sources */,
				42218A4468C7741A018E32BC /* MatrixRainSpriteScene.swift in Sources */,
				53CE312477D9329530227EB4 /* MediaThumbnailView.swift in Sources */,
				149EF7313B6A406216DEDDD3 /* MediaViewerScreen.swift in Sources */,
				307C5468BDEA436295C95CE4 /* OceanKeySwiftApp.swift in Sources */,
				7372F4BC701E763F5FA24463 /* OceanKeyTheme.swift in Sources */,
				125D5264FCA308B7C3213538 /* PerformanceTelemetryStore.swift in Sources */,
				9A12B43A26BB9BB84920CC5C /* PersistentWorkSessionMapper+Consumables.swift in Sources */,
				7621009AF01399FC9909112E /* PersistentWorkSessionMapper+History.swift in Sources */,
				737F1A575F371EAC9B6103EF /* PersistentWorkSessionMapper.swift in Sources */,
				469914E1D57ABFC62A127B96 /* PersistentWorkSessionModels.swift in Sources */,
				890E1BC90E023BE94B4946C9 /* PersonalCartMarkerStrip.swift in Sources */,
				9707C15DF96CCB849CAAB2D6 /* PersonalCartMarkers.swift in Sources */,
				BFB26C1A0A7C67F26219BFA4 /* RoomActionMenuLampTransition.swift in Sources */,
				8547E85F7C729B1350CF7C3B /* RoomCatalog.swift in Sources */,
				CDCECFDE80C1B36038EDE677 /* RoomCellGeometry.swift in Sources */,
				714CD792974E34438F3A1014 /* RoomCellView.swift in Sources */,
				7E9A3CC7A2F7829E1F4FA73D /* RoomDetailsMode.swift in Sources */,
				ABC0A671535A620304D99B74 /* RoomDetailsScreen.swift in Sources */,
				392929D2E5B73C033AA829A9 /* RoomModels.swift in Sources */,
				6131A697881AE94294650A03 /* RoomScheduleRoute.swift in Sources */,
				FA5C69080CC5FCF5A7FEE8B5 /* RoomScheduleSelection.swift in Sources */,
				9723FE9E9B7A04E31BE1260B /* RoomScheduleSheet.swift in Sources */,
				016D66D8398F0E9CF45B3217 /* RuntimeDiagnostics.swift in Sources */,
				C27172BDC7C51C3E3EE3CFF9 /* ScheduleNotificationService.swift in Sources */,
				5006A98ED241831B60701B20 /* SettingsBackgroundVideoPicker.swift in Sources */,
				13EE523024608DC09F16BC91 /* SettingsCategory.swift in Sources */,
				CE1CB0C0724F0B397A6E2D09 /* SettingsCategorySelector.swift in Sources */,
				8623867BDD224CD95F47BBF2 /* SettingsControls.swift in Sources */,
				0E1066669AD7D73D2C6F05E8 /* SettingsScreen.swift in Sources */,
				CDEB880791759C750A6CBF53 /* SpriteKitEffectView.swift in Sources */,
				D5CD02ADB5EE620804D9D027 /* SummaryActionMenuExpansion.swift in Sources */,
				094272BBB8350642EA68BD69 /* SummaryHeader.swift in Sources */,
				7BC970B9E599552DDDB75700 /* SummaryRoomActionMenu.swift in Sources */,
				E79D1EED7C47265E97AAB005 /* SummaryScreen.swift in Sources */,
				839F12922CCEDD9CD0149288 /* SummarySelectionPuzzleHandle.swift in Sources */,
				17958B1F90F6EFE7DAC18AAC /* SummarySwipeCommitPolicy.swift in Sources */,
				EA1F06A3B816D8C63F06C999 /* SwiftDataWorkSessionRepository.swift in Sources */,
				8D2078D793C208875DCC662A /* TVStaticNoiseBackgroundView.swift in Sources */,
				8CECF869B23D86602BF9C7D9 /* VIPJellyContentWarp.metal in Sources */,
				5E6AB58A4A3683A5394DE41A /* VoiceNoteBubble.swift in Sources */,
				DB942E5DBC000AD9D8A734B9 /* VoiceNoteViewModel.swift in Sources */,
				141C0E990AE81553E8E12E35 /* VoiceTranscriptionContracts.swift in Sources */,
				E239F137FD94F82D7BB15630 /* VoiceTranscriptionPanel.swift in Sources */,
				620D522DC5593DD3F3BDEB91 /* VoiceTranscriptionService.swift in Sources */,
				7F92A978E76F5F55A09D7981 /* WorkSessionHistory.swift in Sources */,
				F27FCB29F753D95AA30B2A36 /* WorkSessionHistoryScreen.swift in Sources */,
				ADA805779E0A090FA473DE44 /* WorkSessionMergePolicy.swift in Sources */,
				FE883ABF504432B7E12BA6BE /* WorkSessionRepository.swift in Sources */,
				5BEF0B9F1E9F30B6E70FA14F /* WorkSessionSelection.swift in Sources */,
				20634D173CAF4424922CA0DB /* WorkSessionSnapshot.swift in Sources */,
				2519903CBAEE2385242CC63B /* WorkSessionStore+Consumables.swift in Sources */,
				F516FD9FD2B66D2AC637D72F /* WorkSessionStore+History.swift in Sources */,
				3886B379568EF546F95B3A4B /* WorkSessionStore+Persistence.swift in Sources */,
				AB643CF5E38CEC4927C7E316 /* WorkSessionStore+Selection.swift in Sources */,
				60B1D6E7AB062722B5B80FC1 /* WorkSessionStore.swift in Sources */,
				799665048AEA94BD4F3094DB /* WorkSetupComponents.swift in Sources */,
				527B878A69C30E46C76091E1 /* WorkSetupScreen.swift in Sources */,
			);
			runOnlyForDeploymentPostprocessing = 0;
		};
/* End PBXSourcesBuildPhase section */

/* Begin PBXTargetDependency section */
		48A8537FDFDEA665F1DBA8A6 /* PBXTargetDependency */ = {
			isa = PBXTargetDependency;
			target = 8C083759050C2632D16BB63D /* OceanKeySwift */;
			targetProxy = 6017BF2C0151ED4ECC6F439F /* PBXContainerItemProxy */;
		};
/* End PBXTargetDependency section */

/* Begin XCBuildConfiguration section */
		098D998CABF1F4986A7A1814 /* Release */ = {
			isa = XCBuildConfiguration;
			buildSettings = {
				BUNDLE_LOADER = "$(TEST_HOST)";
				GENERATE_INFOPLIST_FILE = YES;
				LD_RUNPATH_SEARCH_PATHS = (
					"$(inherited)",
					"@executable_path/Frameworks",
					"@loader_path/Frameworks",
				);
				PRODUCT_BUNDLE_IDENTIFIER = com.alex.oceankey.OceanKeySwiftTests;
				SDKROOT = iphoneos;
				TARGETED_DEVICE_FAMILY = "1,2";
				TEST_HOST = "$(BUILT_PRODUCTS_DIR)/OceanKeySwift.app/OceanKeySwift";
			};
			name = Release;
		};
		6A2821B5690BEB876572B165 /* Release */ = {
			isa = XCBuildConfiguration;
			buildSettings = {
				ASSETCATALOG_COMPILER_APPICON_NAME = AppIcon;
				"CODE_SIGN_ENTITLEMENTS[sdk=iphonesimulator*]" = OceanKeySwift/OceanKeySwift.entitlements;
				CODE_SIGN_IDENTITY = "iPhone Developer";
				INFOPLIST_FILE = OceanKeySwift/Info.plist;
				INFOPLIST_KEY_CFBundleDisplayName = "OceanKey Swift";
				INFOPLIST_KEY_UIApplicationSceneManifest_Generation = YES;
				INFOPLIST_KEY_UIApplicationSupportsIndirectInputEvents = YES;
				INFOPLIST_KEY_UILaunchScreen_Generation = YES;
				LD_RUNPATH_SEARCH_PATHS = (
					"$(inherited)",
					"@executable_path/Frameworks",
				);
				PRODUCT_BUNDLE_IDENTIFIER = com.alex.oceankey.swift;
				SDKROOT = iphoneos;
				TARGETED_DEVICE_FAMILY = 1;
			};
			name = Release;
		};
		70189D33CBB80F7441EDB3B6 /* Release */ = {
			isa = XCBuildConfiguration;
			buildSettings = {
				ALWAYS_SEARCH_USER_PATHS = NO;
				CLANG_ANALYZER_NONNULL = YES;
				CLANG_ANALYZER_NUMBER_OBJECT_CONVERSION = YES_AGGRESSIVE;
				CLANG_CXX_LANGUAGE_STANDARD = "gnu++14";
				CLANG_CXX_LIBRARY = "libc++";
				CLANG_ENABLE_MODULES = YES;
				CLANG_ENABLE_OBJC_ARC = YES;
				CLANG_ENABLE_OBJC_WEAK = YES;
				CLANG_WARN_BLOCK_CAPTURE_AUTORELEASING = YES;
				CLANG_WARN_BOOL_CONVERSION = YES;
				CLANG_WARN_COMMA = YES;
				CLANG_WARN_CONSTANT_CONVERSION = YES;
				CLANG_WARN_DEPRECATED_OBJC_IMPLEMENTATIONS = YES;
				CLANG_WARN_DIRECT_OBJC_ISA_USAGE = YES_ERROR;
				CLANG_WARN_DOCUMENTATION_COMMENTS = YES;
				CLANG_WARN_EMPTY_BODY = YES;
				CLANG_WARN_ENUM_CONVERSION = YES;
				CLANG_WARN_INFINITE_RECURSION = YES;
				CLANG_WARN_INT_CONVERSION = YES;
				CLANG_WARN_NON_LITERAL_NULL_CONVERSION = YES;
				CLANG_WARN_OBJC_IMPLICIT_RETAIN_SELF = YES;
				CLANG_WARN_OBJC_LITERAL_CONVERSION = YES;
				CLANG_WARN_OBJC_ROOT_CLASS = YES_ERROR;
				CLANG_WARN_QUOTED_INCLUDE_IN_FRAMEWORK_HEADER = YES;
				CLANG_WARN_RANGE_LOOP_ANALYSIS = YES;
				CLANG_WARN_STRICT_PROTOTYPES = YES;
				CLANG_WARN_SUSPICIOUS_MOVE = YES;
				CLANG_WARN_UNGUARDED_AVAILABILITY = YES_AGGRESSIVE;
				CLANG_WARN_UNREACHABLE_CODE = YES;
				CLANG_WARN__DUPLICATE_METHOD_MATCH = YES;
				COPY_PHASE_STRIP = NO;
				CURRENT_PROJECT_VERSION = 95;
				DEBUG_INFORMATION_FORMAT = "dwarf-with-dsym";
				DEVELOPMENT_TEAM = J6MW4855LU;
				ENABLE_NS_ASSERTIONS = NO;
				ENABLE_STRICT_OBJC_MSGSEND = YES;
				GCC_C_LANGUAGE_STANDARD = gnu11;
				GCC_NO_COMMON_BLOCKS = YES;
				GCC_WARN_64_TO_32_BIT_CONVERSION = YES;
				GCC_WARN_ABOUT_RETURN_TYPE = YES_ERROR;
				GCC_WARN_UNDECLARED_SELECTOR = YES;
				GCC_WARN_UNINITIALIZED_AUTOS = YES_AGGRESSIVE;
				GCC_WARN_UNUSED_FUNCTION = YES;
				GCC_WARN_UNUSED_VARIABLE = YES;
				IPHONEOS_DEPLOYMENT_TARGET = 17.0;
				MARKETING_VERSION = 0.2.0;
				MTL_ENABLE_DEBUG_INFO = NO;
				MTL_FAST_MATH = YES;
				PRODUCT_NAME = "$(TARGET_NAME)";
				SDKROOT = iphoneos;
				SWIFT_COMPILATION_MODE = wholemodule;
				SWIFT_OPTIMIZATION_LEVEL = "-O";
				SWIFT_VERSION = 6.0;
			};
			name = Release;
		};
		958DBF939113EEEBA5584C65 /* Debug */ = {
			isa = XCBuildConfiguration;
			buildSettings = {
				ALWAYS_SEARCH_USER_PATHS = NO;
				CLANG_ANALYZER_NONNULL = YES;
				CLANG_ANALYZER_NUMBER_OBJECT_CONVERSION = YES_AGGRESSIVE;
				CLANG_CXX_LANGUAGE_STANDARD = "gnu++14";
				CLANG_CXX_LIBRARY = "libc++";
				CLANG_ENABLE_MODULES = YES;
				CLANG_ENABLE_OBJC_ARC = YES;
				CLANG_ENABLE_OBJC_WEAK = YES;
				CLANG_WARN_BLOCK_CAPTURE_AUTORELEASING = YES;
				CLANG_WARN_BOOL_CONVERSION = YES;
				CLANG_WARN_COMMA = YES;
				CLANG_WARN_CONSTANT_CONVERSION = YES;
				CLANG_WARN_DEPRECATED_OBJC_IMPLEMENTATIONS = YES;
				CLANG_WARN_DIRECT_OBJC_ISA_USAGE = YES_ERROR;
				CLANG_WARN_DOCUMENTATION_COMMENTS = YES;
				CLANG_WARN_EMPTY_BODY = YES;
				CLANG_WARN_ENUM_CONVERSION = YES;
				CLANG_WARN_INFINITE_RECURSION = YES;
				CLANG_WARN_INT_CONVERSION = YES;
				CLANG_WARN_NON_LITERAL_NULL_CONVERSION = YES;
				CLANG_WARN_OBJC_IMPLICIT_RETAIN_SELF = YES;
				CLANG_WARN_OBJC_LITERAL_CONVERSION = YES;
				CLANG_WARN_OBJC_ROOT_CLASS = YES_ERROR;
				CLANG_WARN_QUOTED_INCLUDE_IN_FRAMEWORK_HEADER = YES;
				CLANG_WARN_RANGE_LOOP_ANALYSIS = YES;
				CLANG_WARN_STRICT_PROTOTYPES = YES;
				CLANG_WARN_SUSPICIOUS_MOVE = YES;
				CLANG_WARN_UNGUARDED_AVAILABILITY = YES_AGGRESSIVE;
				CLANG_WARN_UNREACHABLE_CODE = YES;
				CLANG_WARN__DUPLICATE_METHOD_MATCH = YES;
				COPY_PHASE_STRIP = NO;
				CURRENT_PROJECT_VERSION = 95;
				DEBUG_INFORMATION_FORMAT = dwarf;
				DEVELOPMENT_TEAM = J6MW4855LU;
				ENABLE_STRICT_OBJC_MSGSEND = YES;
				ENABLE_TESTABILITY = YES;
				GCC_C_LANGUAGE_STANDARD = gnu11;
				GCC_DYNAMIC_NO_PIC = NO;
				GCC_NO_COMMON_BLOCKS = YES;
				GCC_OPTIMIZATION_LEVEL = 0;
				GCC_PREPROCESSOR_DEFINITIONS = (
					"$(inherited)",
					"DEBUG=1",
				);
				GCC_WARN_64_TO_32_BIT_CONVERSION = YES;
				GCC_WARN_ABOUT_RETURN_TYPE = YES_ERROR;
				GCC_WARN_UNDECLARED_SELECTOR = YES;
				GCC_WARN_UNINITIALIZED_AUTOS = YES_AGGRESSIVE;
				GCC_WARN_UNUSED_FUNCTION = YES;
				GCC_WARN_UNUSED_VARIABLE = YES;
				IPHONEOS_DEPLOYMENT_TARGET = 17.0;
				MARKETING_VERSION = 0.2.0;
				MTL_ENABLE_DEBUG_INFO = INCLUDE_SOURCE;
				MTL_FAST_MATH = YES;
				ONLY_ACTIVE_ARCH = YES;
				PRODUCT_NAME = "$(TARGET_NAME)";
				SDKROOT = iphoneos;
				SWIFT_ACTIVE_COMPILATION_CONDITIONS = DEBUG;
				SWIFT_OPTIMIZATION_LEVEL = "-Onone";
				SWIFT_VERSION = 6.0;
			};
			name = Debug;
		};
		D4FA62E009D3669C7E9188C4 /* Debug */ = {
			isa = XCBuildConfiguration;
			buildSettings = {
				ASSETCATALOG_COMPILER_APPICON_NAME = AppIcon;
				"CODE_SIGN_ENTITLEMENTS[sdk=iphonesimulator*]" = OceanKeySwift/OceanKeySwift.entitlements;
				CODE_SIGN_IDENTITY = "iPhone Developer";
				INFOPLIST_FILE = OceanKeySwift/Info.plist;
				INFOPLIST_KEY_CFBundleDisplayName = "OceanKey Swift";
				INFOPLIST_KEY_UIApplicationSceneManifest_Generation = YES;
				INFOPLIST_KEY_UIApplicationSupportsIndirectInputEvents = YES;
				INFOPLIST_KEY_UILaunchScreen_Generation = YES;
				LD_RUNPATH_SEARCH_PATHS = (
					"$(inherited)",
					"@executable_path/Frameworks",
				);
				PRODUCT_BUNDLE_IDENTIFIER = com.alex.oceankey.swift;
				SDKROOT = iphoneos;
				TARGETED_DEVICE_FAMILY = 1;
			};
			name = Debug;
		};
		FFAD172824AFC52561F9203F /* Debug */ = {
			isa = XCBuildConfiguration;
			buildSettings = {
				BUNDLE_LOADER = "$(TEST_HOST)";
				GENERATE_INFOPLIST_FILE = YES;
				LD_RUNPATH_SEARCH_PATHS = (
					"$(inherited)",
					"@executable_path/Frameworks",
					"@loader_path/Frameworks",
				);
				PRODUCT_BUNDLE_IDENTIFIER = com.alex.oceankey.OceanKeySwiftTests;
				SDKROOT = iphoneos;
				TARGETED_DEVICE_FAMILY = "1,2";
				TEST_HOST = "$(BUILT_PRODUCTS_DIR)/OceanKeySwift.app/OceanKeySwift";
			};
			name = Debug;
		};
/* End XCBuildConfiguration section */

/* Begin XCConfigurationList section */
		3CD649095EA2F07B24CA6AD6 /* Build configuration list for PBXNativeTarget "OceanKeySwiftTests" */ = {
			isa = XCConfigurationList;
			buildConfigurations = (
				FFAD172824AFC52561F9203F /* Debug */,
				098D998CABF1F4986A7A1814 /* Release */,
			);
			defaultConfigurationIsVisible = 0;
			defaultConfigurationName = Debug;
		};
		48007250CC733429FA6848DD /* Build configuration list for PBXNativeTarget "OceanKeySwift" */ = {
			isa = XCConfigurationList;
			buildConfigurations = (
				D4FA62E009D3669C7E9188C4 /* Debug */,
				6A2821B5690BEB876572B165 /* Release */,
			);
			defaultConfigurationIsVisible = 0;
			defaultConfigurationName = Debug;
		};
		7A4605A90C948C1A86544407 /* Build configuration list for PBXProject "OceanKeySwift" */ = {
			isa = XCConfigurationList;
			buildConfigurations = (
				958DBF939113EEEBA5584C65 /* Debug */,
				70189D33CBB80F7441EDB3B6 /* Release */,
			);
			defaultConfigurationIsVisible = 0;
			defaultConfigurationName = Debug;
		};
/* End XCConfigurationList section */
	};
	rootObject = CFA2E23425CF12CBC20B99B7 /* Project object */;
}
