// !$*UTF8*$!
{
	archiveVersion = 1;
	classes = {
	};
	objectVersion = 77;
	objects = {

/* Begin PBXBuildFile section */
		01D403A253B4A3BD196557CE /* OceanKeyEmbeddedSettingsSoundSection.swift in Sources */ = {isa = PBXBuildFile; fileRef = B2EF1BF3415E368E3398B954 /* OceanKeyEmbeddedSettingsSoundSection.swift */; };
		035FD6CDE6CB5F06AE45C9C2 /* OceanKeyEmbeddedSummaryActionMenuExpansion.swift in Sources */ = {isa = PBXBuildFile; fileRef = BD864600C25374DD403F99ED /* OceanKeyEmbeddedSummaryActionMenuExpansion.swift */; };
		0BA150B28C32A752D35450AD /* CloudKit.framework in Frameworks */ = {isa = PBXBuildFile; fileRef = AFC643F2EF7A7E0F80CCBF53 /* CloudKit.framework */; };
		10CBAE8DA13FE056254B65D4 /* RuntimeDiagnosticsTests.swift in Sources */ = {isa = PBXBuildFile; fileRef = 4E3A3C8B003CBAF03504F695 /* RuntimeDiagnosticsTests.swift */; };
		113391964FF3941438DE6383 /* OceanKeyEmbeddedPersistentWorkSessionMapperRooms.swift in Sources */ = {isa = PBXBuildFile; fileRef = 5F5F4D1DFEDCC65FAD8B015C /* OceanKeyEmbeddedPersistentWorkSessionMapperRooms.swift */; };
		151F4D1D670CE32F71DFA4EB /* OceanKeyEmbeddedWorkSessionHistoryScreen.swift in Sources */ = {isa = PBXBuildFile; fileRef = F0A6AC4493A9D70135204505 /* OceanKeyEmbeddedWorkSessionHistoryScreen.swift */; };
		18678493DA85DDABBC4E9977 /* OceanKeyEmbeddedBackgroundVideoFileStore.swift in Sources */ = {isa = PBXBuildFile; fileRef = B590A34426A30D433500BD29 /* OceanKeyEmbeddedBackgroundVideoFileStore.swift */; };
		18D0C3A1C4798A7A4F324877 /* OceanKeyEmbeddedWorkSessionStoreHistory.swift in Sources */ = {isa = PBXBuildFile; fileRef = DAA0755A7C32F0FEBE2A7A50 /* OceanKeyEmbeddedWorkSessionStoreHistory.swift */; };
		1E32B1BA75EE017AEF784463 /* OceanKeyEmbeddedSummaryHeader.swift in Sources */ = {isa = PBXBuildFile; fileRef = F5C84656916776554992CF0E /* OceanKeyEmbeddedSummaryHeader.swift */; };
		1EB6A459A9A97158A311F6D3 /* OceanKeyEmbeddedAppleSyncConfiguration.swift in Sources */ = {isa = PBXBuildFile; fileRef = ACEB734556C923E31614AC81 /* OceanKeyEmbeddedAppleSyncConfiguration.swift */; };
		1F2C8D266C129B8DDF63771E /* OceanKeyEmbeddedKeychainSecretStore.swift in Sources */ = {isa = PBXBuildFile; fileRef = AC15896D266E5369644BD1C0 /* OceanKeyEmbeddedKeychainSecretStore.swift */; };
		207430C130A927B5CB6B1895 /* OceanKeyEmbeddedRoomCatalog.swift in Sources */ = {isa = PBXBuildFile; fileRef = AD0425AC3E40BE111D5622BA /* OceanKeyEmbeddedRoomCatalog.swift */; };
		244A360D5DFCDC565BF2C956 /* CartConsumableQuantitySlider.swift in Sources */ = {isa = PBXBuildFile; fileRef = 38941D94BEF802763B858020 /* CartConsumableQuantitySlider.swift */; };
		253E2E659ABE645D17DBC01F /* OceanKeyEmbeddedAppSettingsStoreCatalog.swift in Sources */ = {isa = PBXBuildFile; fileRef = 9D21D210CEA5688C8D35F786 /* OceanKeyEmbeddedAppSettingsStoreCatalog.swift */; };
		28F9589A8FCB154D6649D785 /* OceanKeyEmbeddedPerformanceTelemetryStore.swift in Sources */ = {isa = PBXBuildFile; fileRef = CB734870A766469805D2F20C /* OceanKeyEmbeddedPerformanceTelemetryStore.swift */; };
		29E8B1A23EDF37BD596E2996 /* OceanKeyEmbeddedSettingsScreen.swift in Sources */ = {isa = PBXBuildFile; fileRef = BB790768643391A535F516E4 /* OceanKeyEmbeddedSettingsScreen.swift */; };
		2D0DE354F8E525AFE369F594 /* OceanKeyEmbeddedLoopingVideoBackgroundView.swift in Sources */ = {isa = PBXBuildFile; fileRef = 34B8577C11095F3FC9C9C33F /* OceanKeyEmbeddedLoopingVideoBackgroundView.swift */; };
		2D9CB31E445888A226BFC8E8 /* OceanKeyEmbeddedWorkSessionStoreSelection.swift in Sources */ = {isa = PBXBuildFile; fileRef = 1AF131A9B89986EED97CF53E /* OceanKeyEmbeddedWorkSessionStoreSelection.swift */; };
		2E1BFFB1F247B6B6EE20A2EF /* OceanKeyEmbeddedWorkSessionHistory.swift in Sources */ = {isa = PBXBuildFile; fileRef = 1E79EB8E18E575F3A976DE9B /* OceanKeyEmbeddedWorkSessionHistory.swift */; };
		2EB74FA57D2275183A7250C5 /* OceanKeyEmbeddedScheduleNotificationService.swift in Sources */ = {isa = PBXBuildFile; fileRef = E5E9EB75EA803000DDB94B4C /* OceanKeyEmbeddedScheduleNotificationService.swift */; };
		333A65A0C26F32AD550D5161 /* SummaryActionMenuExpansionTests.swift in Sources */ = {isa = PBXBuildFile; fileRef = C904268098CE3875C7C61698 /* SummaryActionMenuExpansionTests.swift */; };
		33774BC614964CF8F23980C8 /* OceanKeyEmbeddedInteractionFeedbackService.swift in Sources */ = {isa = PBXBuildFile; fileRef = 73C4B0262831F00D635C314B /* OceanKeyEmbeddedInteractionFeedbackService.swift */; };
		35B417B6B71EF3009C7B408B /* OceanKeyEmbeddedRoomActionPuzzlePullOverlay.swift in Sources */ = {isa = PBXBuildFile; fileRef = 518AAC053D4539E275C3757E /* OceanKeyEmbeddedRoomActionPuzzlePullOverlay.swift */; };
		37C3C86C3854351350A7D973 /* OceanKeyEmbeddedWorkSessionRepository.swift in Sources */ = {isa = PBXBuildFile; fileRef = 4327A288474D1EDB8E418AFE /* OceanKeyEmbeddedWorkSessionRepository.swift */; };
		381A02867B7D2F35909596C2 /* OceanKeyEmbeddedPersonalCartMarkers.swift in Sources */ = {isa = PBXBuildFile; fileRef = 372B35D2A42446E121EA53D4 /* OceanKeyEmbeddedPersonalCartMarkers.swift */; };
		3934F347B2C502C241E12342 /* OceanKeyEmbeddedMatrixConsumableStyle.swift in Sources */ = {isa = PBXBuildFile; fileRef = 3367B8FA3E95252D0B784C37 /* OceanKeyEmbeddedMatrixConsumableStyle.swift */; };
		39D62E4704F0D75DE27FB4E7 /* GameplayKit.framework in Frameworks */ = {isa = PBXBuildFile; fileRef = 3CC54D512493ADEF1EB26177 /* GameplayKit.framework */; };
		3CDF69A1548FF8DBFFAF3F08 /* OceanKeyEmbeddedBackgroundVideoEnvironment.swift in Sources */ = {isa = PBXBuildFile; fileRef = 826C90167236A683FC6A292C /* OceanKeyEmbeddedBackgroundVideoEnvironment.swift */; };
		3E254688354B48CF46D9B2A0 /* OceanKeyEmbeddedWorkSessionStore.swift in Sources */ = {isa = PBXBuildFile; fileRef = ACFB4448604BF257DD6E98A9 /* OceanKeyEmbeddedWorkSessionStore.swift */; };
		3E9A33B63BF1E7A7E7A9106E /* CartConsumablesSummaryBuilderTests.swift in Sources */ = {isa = PBXBuildFile; fileRef = DC8F7DD53DCC37652950C085 /* CartConsumablesSummaryBuilderTests.swift */; };
		3ED13A0536D638C7BBFB548B /* OceanKeyEmbeddedCartConsumables.swift in Sources */ = {isa = PBXBuildFile; fileRef = 8888E9F18EE7CBB8E915859E /* OceanKeyEmbeddedCartConsumables.swift */; };
		4357E6BA599BF6B21BF7F3C8 /* OceanKeyEmbeddedAppSettingsStore.swift in Sources */ = {isa = PBXBuildFile; fileRef = 836CFAC8FD504240357F1C8D /* OceanKeyEmbeddedAppSettingsStore.swift */; };
		4425DDC6892A4C411943A617 /* OceanKeyEmbeddedWorkSessionStorePersistence.swift in Sources */ = {isa = PBXBuildFile; fileRef = 4B5A5AF1512CB88F4D1A2442 /* OceanKeyEmbeddedWorkSessionStorePersistence.swift */; };
		44CB5BD79DFFDA93CBF4BB5A /* OceanKeyEmbeddedPersistentWorkSessionMapperConsumables.swift in Sources */ = {isa = PBXBuildFile; fileRef = 3534D59034F8ED3AFE9ACE42 /* OceanKeyEmbeddedPersistentWorkSessionMapperConsumables.swift */; };
		458C9CF9B95F53D76F2F617F /* CartConsumablesSummaryReport.swift in Sources */ = {isa = PBXBuildFile; fileRef = 6EF0EA7A4308DF781094F1D1 /* CartConsumablesSummaryReport.swift */; };
		4892DDC0CC87E888D3C3868A /* OceanKeyEmbeddedAppSurfaceTransparency.swift in Sources */ = {isa = PBXBuildFile; fileRef = 0952D4F89B85CD8FC8223E0D /* OceanKeyEmbeddedAppSurfaceTransparency.swift */; };
		49FE09057C872EEBCB2A3C0D /* OceanKeyEmbeddedLocalWorkSessionRepository.swift in Sources */ = {isa = PBXBuildFile; fileRef = 155C349E968291C882516CFB /* OceanKeyEmbeddedLocalWorkSessionRepository.swift */; };
		4D7460BF8DC869333B857DF5 /* OceanKeyEmbeddedRoomScheduleSelection.swift in Sources */ = {isa = PBXBuildFile; fileRef = 7D22E4AC83CED5D3F6C0619F /* OceanKeyEmbeddedRoomScheduleSelection.swift */; };
		4F75F6A971EBDD3D63855F5D /* SummarySwipeCommitPolicyTests.swift in Sources */ = {isa = PBXBuildFile; fileRef = C53CB4860DB0F1128AAFF966 /* SummarySwipeCommitPolicyTests.swift */; };
		4FBD51A990F3F7B4DD61438C /* OceanKeyEmbeddedWorkSetupComponents.swift in Sources */ = {isa = PBXBuildFile; fileRef = C2E14FA18DDA1819300465FA /* OceanKeyEmbeddedWorkSetupComponents.swift */; };
		4FD9896667181EB967885781 /* OceanKeyEmbeddedMediaViews.swift in Sources */ = {isa = PBXBuildFile; fileRef = F5D54991619ABA065CCB4BF2 /* OceanKeyEmbeddedMediaViews.swift */; };
		5012E53218A390743FDC07B8 /* OceanKeyEmbeddedSettingsBackgroundSection.swift in Sources */ = {isa = PBXBuildFile; fileRef = CF76C7596672ADA63BE0EC3A /* OceanKeyEmbeddedSettingsBackgroundSection.swift */; };
		565208DD0D34B51F5AF58524 /* OceanKeyEmbeddedSummarySwipeCommitPolicy.swift in Sources */ = {isa = PBXBuildFile; fileRef = FB37ED6A1E527F6B9054A80F /* OceanKeyEmbeddedSummarySwipeCommitPolicy.swift */; };
		56F6291CEA5B4B704D025A5D /* OceanKeyEmbeddedInteractionSoundRouting.swift in Sources */ = {isa = PBXBuildFile; fileRef = 24162A5CC5D3DCD836E40027 /* OceanKeyEmbeddedInteractionSoundRouting.swift */; };
		592455FE9A899FE6D0FB3C06 /* HospitalityFoundation in Frameworks */ = {isa = PBXBuildFile; productRef = 5C16CF96C28A3F35EAE94DED /* HospitalityFoundation */; };
		5AE6090644EFE9996D822197 /* OceanKeyEmbeddedWorkSessionStoreConsumables.swift in Sources */ = {isa = PBXBuildFile; fileRef = D68E2F684DF2FAB84C2DACD6 /* OceanKeyEmbeddedWorkSessionStoreConsumables.swift */; };
		5DD1BDAFB73B17EF53B3F0ED /* OceanKeyEmbeddedSummaryScreen.swift in Sources */ = {isa = PBXBuildFile; fileRef = BC3CB497191741C7539992F9 /* OceanKeyEmbeddedSummaryScreen.swift */; };
		630D9BF8C070EDF39CF079C6 /* WorkSessionStoreTests.swift in Sources */ = {isa = PBXBuildFile; fileRef = 4C627CE3B38115F411539408 /* WorkSessionStoreTests.swift */; };
		6467ED634C70A0F0D5663284 /* OceanKeyEmbeddedSwiftDataWorkSessionRepository.swift in Sources */ = {isa = PBXBuildFile; fileRef = 60DA3E3E29D50392646CBA76 /* OceanKeyEmbeddedSwiftDataWorkSessionRepository.swift */; };
		6516DE01D354089314A08348 /* OceanKeyEmbeddedAppRootView.swift in Sources */ = {isa = PBXBuildFile; fileRef = D404964A4634B37ACFBD17A7 /* OceanKeyEmbeddedAppRootView.swift */; };
		67C21DDAC4D5092A7D64128F /* OceanKeyEmbeddedAIVisualPresetStore.swift in Sources */ = {isa = PBXBuildFile; fileRef = B5B95BC32FBD9D524B401314 /* OceanKeyEmbeddedAIVisualPresetStore.swift */; };
		684B38407C5E70ACB7539E92 /* OceanKeyEmbeddedDeepSeekLabSection.swift in Sources */ = {isa = PBXBuildFile; fileRef = DBADC631C45AC964BCBCD0BE /* OceanKeyEmbeddedDeepSeekLabSection.swift */; };
		7112149939C425C64403D249 /* OceanKeyEmbeddedVoiceTranscriptionContracts.swift in Sources */ = {isa = PBXBuildFile; fileRef = 57916A8A185B5C2FF7446C37 /* OceanKeyEmbeddedVoiceTranscriptionContracts.swift */; };
		71B2287F47F837733D8ADB02 /* OceanKeyEmbeddedRoomActionMenuLampTransition.swift in Sources */ = {isa = PBXBuildFile; fileRef = 0FBE25F59624106E5C0C9573 /* OceanKeyEmbeddedRoomActionMenuLampTransition.swift */; };
		7321CE7EFA1AB12F76C3B416 /* OceanKeyEmbeddedCameraCaptureView.swift in Sources */ = {isa = PBXBuildFile; fileRef = C90ED507AED06C393481A7CA /* OceanKeyEmbeddedCameraCaptureView.swift */; };
		74F755CC983F8493F4FAF4A6 /* PerformanceTelemetryStoreTests.swift in Sources */ = {isa = PBXBuildFile; fileRef = 00A45905838B30EDFC18C397 /* PerformanceTelemetryStoreTests.swift */; };
		7718B12D60296AD7A227098F /* OceanKeyEmbeddedBuildChangelogLegacyEntries.swift in Sources */ = {isa = PBXBuildFile; fileRef = F48D33F890946575B623EBB5 /* OceanKeyEmbeddedBuildChangelogLegacyEntries.swift */; };
		77792B0BF07462F0293D51E0 /* OceanKeyEmbeddedPuzzleHandleChrome.swift in Sources */ = {isa = PBXBuildFile; fileRef = DCED6EF188A4AA33847A3A68 /* OceanKeyEmbeddedPuzzleHandleChrome.swift */; };
		7CA8D0E993951CC0DC3D0A75 /* OceanKeyEmbeddedTheme.swift in Sources */ = {isa = PBXBuildFile; fileRef = 4779E16D78196957CD22CD7A /* OceanKeyEmbeddedTheme.swift */; };
		7DB34604231B6242BDB6A001 /* OceanKeyEmbeddedVoiceNoteBubble.swift in Sources */ = {isa = PBXBuildFile; fileRef = A6C229EAD26B30253C81B693 /* OceanKeyEmbeddedVoiceNoteBubble.swift */; };
		7E507CF86636C5EC4E7079F0 /* OceanKeyEmbeddedWorkSessionMergePolicy.swift in Sources */ = {isa = PBXBuildFile; fileRef = B418A16FF77986F15D6ABF86 /* OceanKeyEmbeddedWorkSessionMergePolicy.swift */; };
		8349C70E037BAAC119E70EDB /* OceanKeyEmbeddedBackgroundVideoPicker.swift in Sources */ = {isa = PBXBuildFile; fileRef = A7C2B366E929BF1C903EAFE1 /* OceanKeyEmbeddedBackgroundVideoPicker.swift */; };
		83B420C07ECD13204DDC24E1 /* OceanKeyEmbeddedAppleSyncStatusEnvironment.swift in Sources */ = {isa = PBXBuildFile; fileRef = 41FFA6709D65A64D7D45B2DE /* OceanKeyEmbeddedAppleSyncStatusEnvironment.swift */; };
		83EB07869078ACDF236ED14B /* AIVisualPresetStoreTests.swift in Sources */ = {isa = PBXBuildFile; fileRef = E715506238EC7FFF5AC1F195 /* AIVisualPresetStoreTests.swift */; };
		8644D03B4964470C44521126 /* OceanKeyPresetBackupDocument.swift in Sources */ = {isa = PBXBuildFile; fileRef = C3ED70772827CF4F9FACCE5C /* OceanKeyPresetBackupDocument.swift */; };
		87852D01D8D77739E19E6738 /* AppSettingsStoreTests.swift in Sources */ = {isa = PBXBuildFile; fileRef = 71CFB1546F72B1749BEB27E7 /* AppSettingsStoreTests.swift */; };
		89294D6BFB42EEAD29B9ACD6 /* OceanKeyEmbeddedBuildChangelog.swift in Sources */ = {isa = PBXBuildFile; fileRef = BB0BF01365D8D921BB685B08 /* OceanKeyEmbeddedBuildChangelog.swift */; };
		8A0F15C275E393AEAF8FF643 /* OceanKeyEmbeddedBuildChangelogMidEntries.swift in Sources */ = {isa = PBXBuildFile; fileRef = DAC6981A957682C6867DA5A5 /* OceanKeyEmbeddedBuildChangelogMidEntries.swift */; };
		8F5523652C530ACE93B68B17 /* PhotosUI.framework in Frameworks */ = {isa = PBXBuildFile; fileRef = 8EFBAE95AF4F46E1B0BAE485 /* PhotosUI.framework */; };
		8F66E934EE840F82FDD1D712 /* OceanKeyEmbeddedMatrixRainConfiguration.swift in Sources */ = {isa = PBXBuildFile; fileRef = 40ECE89F40117EE4AED0298A /* OceanKeyEmbeddedMatrixRainConfiguration.swift */; };
		9073866684003C6CDF3C0F13 /* OceanKeyEmbeddedWorkSessionStoreMutation.swift in Sources */ = {isa = PBXBuildFile; fileRef = 52D9413F1ED28CBD1C66B403 /* OceanKeyEmbeddedWorkSessionStoreMutation.swift */; };
		999360399CDD6C8A2A603B22 /* OceanKeyEmbeddedCartSummarySection.swift in Sources */ = {isa = PBXBuildFile; fileRef = 44CBBD83EC58A999F655B9B8 /* OceanKeyEmbeddedCartSummarySection.swift */; };
		99FF82E3C45567FD0F410257 /* OceanKeyEmbeddedAppSettingsStorePersistence.swift in Sources */ = {isa = PBXBuildFile; fileRef = 504DAA1F239AE6C60FBA8907 /* OceanKeyEmbeddedAppSettingsStorePersistence.swift */; };
		9F0C28785C0A7E920B67CBFA /* OceanKeyEmbeddedContainerInteractionEnvironment.swift in Sources */ = {isa = PBXBuildFile; fileRef = FF5E89365D09B0D45F16A0EE /* OceanKeyEmbeddedContainerInteractionEnvironment.swift */; };
		9F296141C30CA522BD1D5EA0 /* OceanKeyEmbeddedCartConsumablesSection.swift in Sources */ = {isa = PBXBuildFile; fileRef = 5FF43A01316CAA8125EE95D7 /* OceanKeyEmbeddedCartConsumablesSection.swift */; };
		A199E38C0D372F4506DC5865 /* SpriteKit.framework in Frameworks */ = {isa = PBXBuildFile; fileRef = EA1A7943D626E20E20C9F481 /* SpriteKit.framework */; };
		A28D4B3E35CDC765A6DF09ED /* SwiftData.framework in Frameworks */ = {isa = PBXBuildFile; fileRef = BB8F64AABB38A2036C634BCB /* SwiftData.framework */; };
		A630CB74A998E3B1A321DF76 /* SwiftDataWorkSessionRepositoryTests.swift in Sources */ = {isa = PBXBuildFile; fileRef = DEC5A6449A20B95C1537B2C9 /* SwiftDataWorkSessionRepositoryTests.swift */; };
		A7F75ED1E90736F460DE0428 /* OceanKeyEmbeddedSummaryZeroScreenPuzzleHandle.swift in Sources */ = {isa = PBXBuildFile; fileRef = 0A0FF3E09371AFBC11FD6FBD /* OceanKeyEmbeddedSummaryZeroScreenPuzzleHandle.swift */; };
		A8B7A4D6F6295E609F896BF6 /* OceanKeyEmbeddedScheduleImport.swift in Sources */ = {isa = PBXBuildFile; fileRef = EB0A033D59EDCEE73C3A5926 /* OceanKeyEmbeddedScheduleImport.swift */; };
		A90EBEA63F318AA9D47F06E8 /* OceanKeyEmbeddedAppBackgroundModeEnvironment.swift in Sources */ = {isa = PBXBuildFile; fileRef = 087618004D289D96578F4190 /* OceanKeyEmbeddedAppBackgroundModeEnvironment.swift */; };
		A97C7C7380B0B8187BC73200 /* OceanKeyEmbeddedBuildChangelogArchiveEntries.swift in Sources */ = {isa = PBXBuildFile; fileRef = 228FA16E21C2F99FD39533E8 /* OceanKeyEmbeddedBuildChangelogArchiveEntries.swift */; };
		AAC48A661ABE90701782C22B /* OceanKeyEmbeddedSummarySelectionPuzzleHandle.swift in Sources */ = {isa = PBXBuildFile; fileRef = BF52397911E8EAAAE11818E2 /* OceanKeyEmbeddedSummarySelectionPuzzleHandle.swift */; };
		AD288935832979115760A1F0 /* OceanKeyEmbeddedSummaryRoomActionMenu.swift in Sources */ = {isa = PBXBuildFile; fileRef = D53E41114942DF2F9A5FC669 /* OceanKeyEmbeddedSummaryRoomActionMenu.swift */; };
		ADCC199AE3ED10131C069E01 /* CartConsumableTickerFormatterTests.swift in Sources */ = {isa = PBXBuildFile; fileRef = 6A5E7B0E346805556C5D9350 /* CartConsumableTickerFormatterTests.swift */; };
		ADE238EEBC86AEC1A5A483B2 /* AVKit.framework in Frameworks */ = {isa = PBXBuildFile; fileRef = 85ED0B20C8238C7912F393F9 /* AVKit.framework */; };
		AE687E7F99A2952D213270A8 /* OceanKeyEmbeddedCartDetailsScreen.swift in Sources */ = {isa = PBXBuildFile; fileRef = 23BC8152F30DE7A72DE4ED81 /* OceanKeyEmbeddedCartDetailsScreen.swift */; };
		AE89CC90DADE4090F00B8308 /* OceanKeyEmbeddedRootView.swift in Sources */ = {isa = PBXBuildFile; fileRef = 3466D40D960BA84CA9EA4B10 /* OceanKeyEmbeddedRootView.swift */; };
		B0AA0E370541AF89A7FDE867 /* OceanKeyLabContainer in Frameworks */ = {isa = PBXBuildFile; productRef = 757706D97D4CA045BEFF729C /* OceanKeyLabContainer */; };
		B101392D9110401D463C5BC9 /* OceanKeyEmbeddedAppBuildInfo.swift in Sources */ = {isa = PBXBuildFile; fileRef = 04B0AAA410006CA535227B2A /* OceanKeyEmbeddedAppBuildInfo.swift */; };
		B184E49A304D06320C192D04 /* OceanKeyEmbeddedInteractionSoundPlayer.swift in Sources */ = {isa = PBXBuildFile; fileRef = 5FDE1C25CB0169AA21A2957B /* OceanKeyEmbeddedInteractionSoundPlayer.swift */; };
		B31941FC3D0652FAD3701E18 /* OceanKeyEmbeddedTVStaticNoiseBackgroundView.swift in Sources */ = {isa = PBXBuildFile; fileRef = D5C20915CE3875F47104F6C4 /* OceanKeyEmbeddedTVStaticNoiseBackgroundView.swift */; };
		B737738547017B84133096CC /* OceanKeyEmbeddedVoiceTranscriptionService.swift in Sources */ = {isa = PBXBuildFile; fileRef = F4822E468BC0CD62B6BFE71C /* OceanKeyEmbeddedVoiceTranscriptionService.swift */; };
		B91684F1AAEB2C8738B674B5 /* OceanKeyEmbeddedRoomScheduleRoute.swift in Sources */ = {isa = PBXBuildFile; fileRef = 9392596B63ADFD56C0BEDB10 /* OceanKeyEmbeddedRoomScheduleRoute.swift */; };
		BD1008080F19E212CBB4FBC4 /* OceanKeyEmbeddedDeepSeekPresetClient.swift in Sources */ = {isa = PBXBuildFile; fileRef = 3956648F6285AB2624DD5BC0 /* OceanKeyEmbeddedDeepSeekPresetClient.swift */; };
		C049A7C4CC4F9626A8CE7178 /* AppleSyncEntitlementTests.swift in Sources */ = {isa = PBXBuildFile; fileRef = D14392CAF529EF78B4841747 /* AppleSyncEntitlementTests.swift */; };
		C09ABF5A1CC95E02EBB90CF8 /* OceanKeyEmbeddedPersonalCartMarkerStrip.swift in Sources */ = {isa = PBXBuildFile; fileRef = 24696ABDD0713DEC47CF3C9E /* OceanKeyEmbeddedPersonalCartMarkerStrip.swift */; };
		C1806199DC071FF4BC278775 /* OceanKeyEmbeddedVoiceNoteViewModel.swift in Sources */ = {isa = PBXBuildFile; fileRef = ED42279D932B45DABF193A0E /* OceanKeyEmbeddedVoiceNoteViewModel.swift */; };
		C2F3E3A86A0116E22E5F79D4 /* OceanKeyEmbeddedAppleCloudAccountProbe.swift in Sources */ = {isa = PBXBuildFile; fileRef = 9A893A105C2D6105FA797B52 /* OceanKeyEmbeddedAppleCloudAccountProbe.swift */; };
		C3DCCD7088FE77AE05FCC102 /* OceanKeyEmbeddedBuildChangelogScreen.swift in Sources */ = {isa = PBXBuildFile; fileRef = B3A506D7BC693208246D3242 /* OceanKeyEmbeddedBuildChangelogScreen.swift */; };
		C96093098F62A4375AEA9F52 /* OceanKeyEmbeddedPersistentWorkSessionMapper.swift in Sources */ = {isa = PBXBuildFile; fileRef = 9BA1AE60C30C6916EB399A53 /* OceanKeyEmbeddedPersistentWorkSessionMapper.swift */; };
		CC5A8680EEAACA01203A035D /* OceanKeyEmbeddedSettingsControls.swift in Sources */ = {isa = PBXBuildFile; fileRef = 8F7D79A5824BE38E16445B91 /* OceanKeyEmbeddedSettingsControls.swift */; };
		CD46C5AB9FAA4B33D8F81A6A /* CartConsumablesSummaryTable.swift in Sources */ = {isa = PBXBuildFile; fileRef = BCAE24166E9CD041EBAC099B /* CartConsumablesSummaryTable.swift */; };
		CE7F766D842516D885EAE232 /* OceanKeyEmbeddedHoldActionTarget.swift in Sources */ = {isa = PBXBuildFile; fileRef = 656975466C77F9360DE9E30B /* OceanKeyEmbeddedHoldActionTarget.swift */; };
		CF021D859203D722280337F7 /* OceanKeyEmbeddedRoomScheduleSheet.swift in Sources */ = {isa = PBXBuildFile; fileRef = 45E6E70D193B695EC76E5E9B /* OceanKeyEmbeddedRoomScheduleSheet.swift */; };
		D488A21DFBB3FC10ADF9D5F6 /* OceanKeyEmbeddedAppBackgroundView.swift in Sources */ = {isa = PBXBuildFile; fileRef = BC589C6CB8905E99D4A5B06A /* OceanKeyEmbeddedAppBackgroundView.swift */; };
		D57ABDF0F9226B439441644D /* OceanKeyEmbeddedWorkSessionSnapshot.swift in Sources */ = {isa = PBXBuildFile; fileRef = FCE5974126AE94A9525F6E11 /* OceanKeyEmbeddedWorkSessionSnapshot.swift */; };
		D6254E90E38A9372CD42060C /* OceanKeyEmbeddedRoomCellGeometry.swift in Sources */ = {isa = PBXBuildFile; fileRef = 29035D8799EEEB539F71A8A5 /* OceanKeyEmbeddedRoomCellGeometry.swift */; };
		D7C8F5EDA09CC6A0CC492A28 /* Speech.framework in Frameworks */ = {isa = PBXBuildFile; fileRef = A07FDDB084B7AAC0AC13CF80 /* Speech.framework */; };
		D83D39601B2F494A262DFF81 /* OceanKeyEmbeddedSettingsCategorySelector.swift in Sources */ = {isa = PBXBuildFile; fileRef = 891A6172C10CFC292795C3A3 /* OceanKeyEmbeddedSettingsCategorySelector.swift */; };
		D8C8F7013E50D41CC76E7118 /* OceanKeyEmbeddedRoomDetailsMode.swift in Sources */ = {isa = PBXBuildFile; fileRef = 14C9384FB11AB804593E5FC1 /* OceanKeyEmbeddedRoomDetailsMode.swift */; };
		D91251CD1A4424FE2DBF0168 /* CartConsumableTicker.swift in Sources */ = {isa = PBXBuildFile; fileRef = 8C1CE102C6889935EE163929 /* CartConsumableTicker.swift */; };
		DAD41A9359D3AA3746AA135E /* CartConsumableQuantityRuler.swift in Sources */ = {isa = PBXBuildFile; fileRef = 0D543C20F889A5B5FCFF834C /* CartConsumableQuantityRuler.swift */; };
		DAD57F4827A0BAF9D01075C4 /* OceanKeyEmbeddedWorkSetupScreen.swift in Sources */ = {isa = PBXBuildFile; fileRef = 5A129B65F07F9ED1808742CF /* OceanKeyEmbeddedWorkSetupScreen.swift */; };
		E32CCBFC6219A4A84A860EC6 /* OceanKeyEmbeddedRoomDetailsScreen.swift in Sources */ = {isa = PBXBuildFile; fileRef = 72B8CB72B8815A1712DB84BF /* OceanKeyEmbeddedRoomDetailsScreen.swift */; };
		E68F34762D8720A45707CB95 /* OceanKeyHostedRoot in Frameworks */ = {isa = PBXBuildFile; productRef = B57A66A7C58F5E81FE0C7B68 /* OceanKeyHostedRoot */; };
		E76763671789594FCD4BE253 /* OceanKeyEmbeddedWorkSessionStoreNotesMedia.swift in Sources */ = {isa = PBXBuildFile; fileRef = F56D50889E279C294939D7BD /* OceanKeyEmbeddedWorkSessionStoreNotesMedia.swift */; };
		EADA9A323ED3AED9B1A843D4 /* OceanKeyEmbeddedRuntimeDiagnostics.swift in Sources */ = {isa = PBXBuildFile; fileRef = 75114DDF66938543C608A6D2 /* OceanKeyEmbeddedRuntimeDiagnostics.swift */; };
		EAE237BFE3660B1AD2D0A8E4 /* OceanKeyEmbeddedCartDetailsRoute.swift in Sources */ = {isa = PBXBuildFile; fileRef = B29F1166976C2754D1656137 /* OceanKeyEmbeddedCartDetailsRoute.swift */; };
		EBC0251C0782610331877853 /* OceanKeyEmbeddedAppSettingsStoreLoading.swift in Sources */ = {isa = PBXBuildFile; fileRef = 15EE87BD89FB9C053086A75D /* OceanKeyEmbeddedAppSettingsStoreLoading.swift */; };
		EEC8E8D9CB0E933D75F8B951 /* OceanKeyEmbeddedWorkSessionSelection.swift in Sources */ = {isa = PBXBuildFile; fileRef = CDDFE85A4B61D7B3F165DF54 /* OceanKeyEmbeddedWorkSessionSelection.swift */; };
		EEDB98D893EAC9D605FF7F8E /* OceanKeyEmbeddedSpriteKitEffects.swift in Sources */ = {isa = PBXBuildFile; fileRef = AA1D371EDF656B3221737DF6 /* OceanKeyEmbeddedSpriteKitEffects.swift */; };
		EF977D9E94C9A5BDB055ACB1 /* OceanKeyEmbeddedContainerRegistration.swift in Sources */ = {isa = PBXBuildFile; fileRef = 296C0C0BD986A68D9D51EFDA /* OceanKeyEmbeddedContainerRegistration.swift */; };
		EFFECBA02FA8E9CED312E7F4 /* OceanKeyEmbeddedScheduleImportSheet.swift in Sources */ = {isa = PBXBuildFile; fileRef = 3C774AB8A97670350EC09DF8 /* OceanKeyEmbeddedScheduleImportSheet.swift */; };
		F04D62262179AE095C14B0D4 /* OceanKeyStandaloneApp.swift in Sources */ = {isa = PBXBuildFile; fileRef = 5DB1C00BA40C4F78AA0A81FB /* OceanKeyStandaloneApp.swift */; };
		F05576D39E9B6A96DE2A5CA5 /* OceanKeyEmbeddedLocalMediaFileStore.swift in Sources */ = {isa = PBXBuildFile; fileRef = 5BFAFE02F91B3E86AF398D50 /* OceanKeyEmbeddedLocalMediaFileStore.swift */; };
		F1250B5675E0104099C512D7 /* OceanKeyEmbeddedRoomModels.swift in Sources */ = {isa = PBXBuildFile; fileRef = 5C259AE8DDEC1C1B04890EFB /* OceanKeyEmbeddedRoomModels.swift */; };
		F59513B9380082BA19568AC3 /* OceanKeyEmbeddedAppStorageDirectory.swift in Sources */ = {isa = PBXBuildFile; fileRef = 84FC2D90022C02235FBAA977 /* OceanKeyEmbeddedAppStorageDirectory.swift */; };
		F5C13BEDC8D7B098638F4164 /* OceanKeyEmbeddedVoiceTranscriptionPanel.swift in Sources */ = {isa = PBXBuildFile; fileRef = 21D78434D347CD155E597537 /* OceanKeyEmbeddedVoiceTranscriptionPanel.swift */; };
		F613961D1AAEED8C35893575 /* OceanKeyEmbeddedRoomCellView.swift in Sources */ = {isa = PBXBuildFile; fileRef = 01655CEC934C4ABB30CA2A12 /* OceanKeyEmbeddedRoomCellView.swift */; };
		F6E962A1297439676E766B14 /* OceanKeyEmbeddedSettingsCategory.swift in Sources */ = {isa = PBXBuildFile; fileRef = 8CE1DF72E62D4BCEEFF8B503 /* OceanKeyEmbeddedSettingsCategory.swift */; };
		F757C7F31814709EC5221B87 /* OceanKeyEmbeddedPersistentAIVisualPreset.swift in Sources */ = {isa = PBXBuildFile; fileRef = 39C1A7953D9067F155842E64 /* OceanKeyEmbeddedPersistentAIVisualPreset.swift */; };
		F83E4227B655B617F593C9C6 /* WorkSessionMergePolicyTests.swift in Sources */ = {isa = PBXBuildFile; fileRef = A683672C5983A73C2DAC800F /* WorkSessionMergePolicyTests.swift */; };
		F9B32A3AE65F4055F79CCE13 /* OceanKeyEmbeddedPersistentWorkSessionMapperHistory.swift in Sources */ = {isa = PBXBuildFile; fileRef = 09C65725CC9AB77AA9E9383C /* OceanKeyEmbeddedPersistentWorkSessionMapperHistory.swift */; };
		FA60DFD75764ED20FF2E4263 /* OceanKeyEmbeddedRoomMediaIndicator.swift in Sources */ = {isa = PBXBuildFile; fileRef = 3A9242BB65783C67941B5DD8 /* OceanKeyEmbeddedRoomMediaIndicator.swift */; };
		FC2169E33DF91ED49A1C92C5 /* OceanKeyEmbeddedPersistentWorkSessionModels.swift in Sources */ = {isa = PBXBuildFile; fileRef = A73DC3CA077C43A1BDED871C /* OceanKeyEmbeddedPersistentWorkSessionModels.swift */; };
		FCEF32A668A9CC1FA4ED99E4 /* OceanKeyEmbeddedBuildChangelogRecentEntries.swift in Sources */ = {isa = PBXBuildFile; fileRef = 1DCE238C0346A5E474837D01 /* OceanKeyEmbeddedBuildChangelogRecentEntries.swift */; };
		FEF4E3DB4C837AA11700CCD7 /* VoiceNoteViewModelTests.swift in Sources */ = {isa = PBXBuildFile; fileRef = C101C82A766E12EFA3ECB00C /* VoiceNoteViewModelTests.swift */; };
/* End PBXBuildFile section */

/* Begin PBXContainerItemProxy section */
		6017BF2C0151ED4ECC6F439F /* PBXContainerItemProxy */ = {
			isa = PBXContainerItemProxy;
			containerPortal = CFA2E23425CF12CBC20B99B7 /* Project object */;
			proxyType = 1;
			remoteGlobalIDString = 8C083759050C2632D16BB63D;
			remoteInfo = OceanKeySwift;
		};
/* End PBXContainerItemProxy section */

/* Begin PBXFileReference section */
		00A45905838B30EDFC18C397 /* PerformanceTelemetryStoreTests.swift */ = {isa = PBXFileReference; lastKnownFileType = sourcecode.swift; path = PerformanceTelemetryStoreTests.swift; sourceTree = "<group>"; };
		01655CEC934C4ABB30CA2A12 /* OceanKeyEmbeddedRoomCellView.swift */ = {isa = PBXFileReference; lastKnownFileType = sourcecode.swift; path = OceanKeyEmbeddedRoomCellView.swift; sourceTree = "<group>"; };
		04B0AAA410006CA535227B2A /* OceanKeyEmbeddedAppBuildInfo.swift */ = {isa = PBXFileReference; lastKnownFileType = sourcecode.swift; path = OceanKeyEmbeddedAppBuildInfo.swift; sourceTree = "<group>"; };
		087618004D289D96578F4190 /* OceanKeyEmbeddedAppBackgroundModeEnvironment.swift */ = {isa = PBXFileReference; lastKnownFileType = sourcecode.swift; path = OceanKeyEmbeddedAppBackgroundModeEnvironment.swift; sourceTree = "<group>"; };
		0952D4F89B85CD8FC8223E0D /* OceanKeyEmbeddedAppSurfaceTransparency.swift */ = {isa = PBXFileReference; lastKnownFileType = sourcecode.swift; path = OceanKeyEmbeddedAppSurfaceTransparency.swift; sourceTree = "<group>"; };
		09C65725CC9AB77AA9E9383C /* OceanKeyEmbeddedPersistentWorkSessionMapperHistory.swift */ = {isa = PBXFileReference; lastKnownFileType = sourcecode.swift; path = OceanKeyEmbeddedPersistentWorkSessionMapperHistory.swift; sourceTree = "<group>"; };
		0A0FF3E09371AFBC11FD6FBD /* OceanKeyEmbeddedSummaryZeroScreenPuzzleHandle.swift */ = {isa = PBXFileReference; lastKnownFileType = sourcecode.swift; path = OceanKeyEmbeddedSummaryZeroScreenPuzzleHandle.swift; sourceTree = "<group>"; };
		0D543C20F889A5B5FCFF834C /* CartConsumableQuantityRuler.swift */ = {isa = PBXFileReference; lastKnownFileType = sourcecode.swift; path = CartConsumableQuantityRuler.swift; sourceTree = "<group>"; };
		0FBE25F59624106E5C0C9573 /* OceanKeyEmbeddedRoomActionMenuLampTransition.swift */ = {isa = PBXFileReference; lastKnownFileType = sourcecode.swift; path = OceanKeyEmbeddedRoomActionMenuLampTransition.swift; sourceTree = "<group>"; };
		134F57243C9048231F0EE3DF /* OceanKeyLabContainer */ = {isa = PBXFileReference; lastKnownFileType = folder; name = OceanKeyLabContainer; path = ../HospitalityLabSwift/Packages/OceanKeyLabContainer; sourceTree = SOURCE_ROOT; };
		14C9384FB11AB804593E5FC1 /* OceanKeyEmbeddedRoomDetailsMode.swift */ = {isa = PBXFileReference; lastKnownFileType = sourcecode.swift; path = OceanKeyEmbeddedRoomDetailsMode.swift; sourceTree = "<group>"; };
		155C349E968291C882516CFB /* OceanKeyEmbeddedLocalWorkSessionRepository.swift */ = {isa = PBXFileReference; lastKnownFileType = sourcecode.swift; path = OceanKeyEmbeddedLocalWorkSessionRepository.swift; sourceTree = "<group>"; };
		15EE87BD89FB9C053086A75D /* OceanKeyEmbeddedAppSettingsStoreLoading.swift */ = {isa = PBXFileReference; lastKnownFileType = sourcecode.swift; path = OceanKeyEmbeddedAppSettingsStoreLoading.swift; sourceTree = "<group>"; };
		1AF131A9B89986EED97CF53E /* OceanKeyEmbeddedWorkSessionStoreSelection.swift */ = {isa = PBXFileReference; lastKnownFileType = sourcecode.swift; path = OceanKeyEmbeddedWorkSessionStoreSelection.swift; sourceTree = "<group>"; };
		1DCE238C0346A5E474837D01 /* OceanKeyEmbeddedBuildChangelogRecentEntries.swift */ = {isa = PBXFileReference; lastKnownFileType = sourcecode.swift; path = OceanKeyEmbeddedBuildChangelogRecentEntries.swift; sourceTree = "<group>"; };
		1E79EB8E18E575F3A976DE9B /* OceanKeyEmbeddedWorkSessionHistory.swift */ = {isa = PBXFileReference; lastKnownFileType = sourcecode.swift; path = OceanKeyEmbeddedWorkSessionHistory.swift; sourceTree = "<group>"; };
		21D78434D347CD155E597537 /* OceanKeyEmbeddedVoiceTranscriptionPanel.swift */ = {isa = PBXFileReference; lastKnownFileType = sourcecode.swift; path = OceanKeyEmbeddedVoiceTranscriptionPanel.swift; sourceTree = "<group>"; };
		228FA16E21C2F99FD39533E8 /* OceanKeyEmbeddedBuildChangelogArchiveEntries.swift */ = {isa = PBXFileReference; lastKnownFileType = sourcecode.swift; path = OceanKeyEmbeddedBuildChangelogArchiveEntries.swift; sourceTree = "<group>"; };
		23BC8152F30DE7A72DE4ED81 /* OceanKeyEmbeddedCartDetailsScreen.swift */ = {isa = PBXFileReference; lastKnownFileType = sourcecode.swift; path = OceanKeyEmbeddedCartDetailsScreen.swift; sourceTree = "<group>"; };
		24162A5CC5D3DCD836E40027 /* OceanKeyEmbeddedInteractionSoundRouting.swift */ = {isa = PBXFileReference; lastKnownFileType = sourcecode.swift; path = OceanKeyEmbeddedInteractionSoundRouting.swift; sourceTree = "<group>"; };
		24696ABDD0713DEC47CF3C9E /* OceanKeyEmbeddedPersonalCartMarkerStrip.swift */ = {isa = PBXFileReference; lastKnownFileType = sourcecode.swift; path = OceanKeyEmbeddedPersonalCartMarkerStrip.swift; sourceTree = "<group>"; };
		29035D8799EEEB539F71A8A5 /* OceanKeyEmbeddedRoomCellGeometry.swift */ = {isa = PBXFileReference; lastKnownFileType = sourcecode.swift; path = OceanKeyEmbeddedRoomCellGeometry.swift; sourceTree = "<group>"; };
		296C0C0BD986A68D9D51EFDA /* OceanKeyEmbeddedContainerRegistration.swift */ = {isa = PBXFileReference; lastKnownFileType = sourcecode.swift; path = OceanKeyEmbeddedContainerRegistration.swift; sourceTree = "<group>"; };
		3367B8FA3E95252D0B784C37 /* OceanKeyEmbeddedMatrixConsumableStyle.swift */ = {isa = PBXFileReference; lastKnownFileType = sourcecode.swift; path = OceanKeyEmbeddedMatrixConsumableStyle.swift; sourceTree = "<group>"; };
		3466D40D960BA84CA9EA4B10 /* OceanKeyEmbeddedRootView.swift */ = {isa = PBXFileReference; lastKnownFileType = sourcecode.swift; path = OceanKeyEmbeddedRootView.swift; sourceTree = "<group>"; };
		34B8577C11095F3FC9C9C33F /* OceanKeyEmbeddedLoopingVideoBackgroundView.swift */ = {isa = PBXFileReference; lastKnownFileType = sourcecode.swift; path = OceanKeyEmbeddedLoopingVideoBackgroundView.swift; sourceTree = "<group>"; };
		3534D59034F8ED3AFE9ACE42 /* OceanKeyEmbeddedPersistentWorkSessionMapperConsumables.swift */ = {isa = PBXFileReference; lastKnownFileType = sourcecode.swift; path = OceanKeyEmbeddedPersistentWorkSessionMapperConsumables.swift; sourceTree = "<group>"; };
		372B35D2A42446E121EA53D4 /* OceanKeyEmbeddedPersonalCartMarkers.swift */ = {isa = PBXFileReference; lastKnownFileType = sourcecode.swift; path = OceanKeyEmbeddedPersonalCartMarkers.swift; sourceTree = "<group>"; };
		38941D94BEF802763B858020 /* CartConsumableQuantitySlider.swift */ = {isa = PBXFileReference; lastKnownFileType = sourcecode.swift; path = CartConsumableQuantitySlider.swift; sourceTree = "<group>"; };
		3956648F6285AB2624DD5BC0 /* OceanKeyEmbeddedDeepSeekPresetClient.swift */ = {isa = PBXFileReference; lastKnownFileType = sourcecode.swift; path = OceanKeyEmbeddedDeepSeekPresetClient.swift; sourceTree = "<group>"; };
		39C1A7953D9067F155842E64 /* OceanKeyEmbeddedPersistentAIVisualPreset.swift */ = {isa = PBXFileReference; lastKnownFileType = sourcecode.swift; path = OceanKeyEmbeddedPersistentAIVisualPreset.swift; sourceTree = "<group>"; };
		3A9242BB65783C67941B5DD8 /* OceanKeyEmbeddedRoomMediaIndicator.swift */ = {isa = PBXFileReference; lastKnownFileType = sourcecode.swift; path = OceanKeyEmbeddedRoomMediaIndicator.swift; sourceTree = "<group>"; };
		3C774AB8A97670350EC09DF8 /* OceanKeyEmbeddedScheduleImportSheet.swift */ = {isa = PBXFileReference; lastKnownFileType = sourcecode.swift; path = OceanKeyEmbeddedScheduleImportSheet.swift; sourceTree = "<group>"; };
		3CC54D512493ADEF1EB26177 /* GameplayKit.framework */ = {isa = PBXFileReference; lastKnownFileType = wrapper.framework; name = GameplayKit.framework; path = System/Library/Frameworks/GameplayKit.framework; sourceTree = SDKROOT; };
		40ECE89F40117EE4AED0298A /* OceanKeyEmbeddedMatrixRainConfiguration.swift */ = {isa = PBXFileReference; lastKnownFileType = sourcecode.swift; path = OceanKeyEmbeddedMatrixRainConfiguration.swift; sourceTree = "<group>"; };
		41FFA6709D65A64D7D45B2DE /* OceanKeyEmbeddedAppleSyncStatusEnvironment.swift */ = {isa = PBXFileReference; lastKnownFileType = sourcecode.swift; path = OceanKeyEmbeddedAppleSyncStatusEnvironment.swift; sourceTree = "<group>"; };
		4327A288474D1EDB8E418AFE /* OceanKeyEmbeddedWorkSessionRepository.swift */ = {isa = PBXFileReference; lastKnownFileType = sourcecode.swift; path = OceanKeyEmbeddedWorkSessionRepository.swift; sourceTree = "<group>"; };
		44CBBD83EC58A999F655B9B8 /* OceanKeyEmbeddedCartSummarySection.swift */ = {isa = PBXFileReference; lastKnownFileType = sourcecode.swift; path = OceanKeyEmbeddedCartSummarySection.swift; sourceTree = "<group>"; };
		45E6E70D193B695EC76E5E9B /* OceanKeyEmbeddedRoomScheduleSheet.swift */ = {isa = PBXFileReference; lastKnownFileType = sourcecode.swift; path = OceanKeyEmbeddedRoomScheduleSheet.swift; sourceTree = "<group>"; };
		4779E16D78196957CD22CD7A /* OceanKeyEmbeddedTheme.swift */ = {isa = PBXFileReference; lastKnownFileType = sourcecode.swift; path = OceanKeyEmbeddedTheme.swift; sourceTree = "<group>"; };
		4B5A5AF1512CB88F4D1A2442 /* OceanKeyEmbeddedWorkSessionStorePersistence.swift */ = {isa = PBXFileReference; lastKnownFileType = sourcecode.swift; path = OceanKeyEmbeddedWorkSessionStorePersistence.swift; sourceTree = "<group>"; };
		4C627CE3B38115F411539408 /* WorkSessionStoreTests.swift */ = {isa = PBXFileReference; lastKnownFileType = sourcecode.swift; path = WorkSessionStoreTests.swift; sourceTree = "<group>"; };
		4E3A3C8B003CBAF03504F695 /* RuntimeDiagnosticsTests.swift */ = {isa = PBXFileReference; lastKnownFileType = sourcecode.swift; path = RuntimeDiagnosticsTests.swift; sourceTree = "<group>"; };
		504DAA1F239AE6C60FBA8907 /* OceanKeyEmbeddedAppSettingsStorePersistence.swift */ = {isa = PBXFileReference; lastKnownFileType = sourcecode.swift; path = OceanKeyEmbeddedAppSettingsStorePersistence.swift; sourceTree = "<group>"; };
		518AAC053D4539E275C3757E /* OceanKeyEmbeddedRoomActionPuzzlePullOverlay.swift */ = {isa = PBXFileReference; lastKnownFileType = sourcecode.swift; path = OceanKeyEmbeddedRoomActionPuzzlePullOverlay.swift; sourceTree = "<group>"; };
		52D9413F1ED28CBD1C66B403 /* OceanKeyEmbeddedWorkSessionStoreMutation.swift */ = {isa = PBXFileReference; lastKnownFileType = sourcecode.swift; path = OceanKeyEmbeddedWorkSessionStoreMutation.swift; sourceTree = "<group>"; };
		57916A8A185B5C2FF7446C37 /* OceanKeyEmbeddedVoiceTranscriptionContracts.swift */ = {isa = PBXFileReference; lastKnownFileType = sourcecode.swift; path = OceanKeyEmbeddedVoiceTranscriptionContracts.swift; sourceTree = "<group>"; };
		5A129B65F07F9ED1808742CF /* OceanKeyEmbeddedWorkSetupScreen.swift */ = {isa = PBXFileReference; lastKnownFileType = sourcecode.swift; path = OceanKeyEmbeddedWorkSetupScreen.swift; sourceTree = "<group>"; };
		5BFAFE02F91B3E86AF398D50 /* OceanKeyEmbeddedLocalMediaFileStore.swift */ = {isa = PBXFileReference; lastKnownFileType = sourcecode.swift; path = OceanKeyEmbeddedLocalMediaFileStore.swift; sourceTree = "<group>"; };
		5C259AE8DDEC1C1B04890EFB /* OceanKeyEmbeddedRoomModels.swift */ = {isa = PBXFileReference; lastKnownFileType = sourcecode.swift; path = OceanKeyEmbeddedRoomModels.swift; sourceTree = "<group>"; };
		5DB1C00BA40C4F78AA0A81FB /* OceanKeyStandaloneApp.swift */ = {isa = PBXFileReference; lastKnownFileType = sourcecode.swift; path = OceanKeyStandaloneApp.swift; sourceTree = "<group>"; };
		5F5F4D1DFEDCC65FAD8B015C /* OceanKeyEmbeddedPersistentWorkSessionMapperRooms.swift */ = {isa = PBXFileReference; lastKnownFileType = sourcecode.swift; path = OceanKeyEmbeddedPersistentWorkSessionMapperRooms.swift; sourceTree = "<group>"; };
		5FDE1C25CB0169AA21A2957B /* OceanKeyEmbeddedInteractionSoundPlayer.swift */ = {isa = PBXFileReference; lastKnownFileType = sourcecode.swift; path = OceanKeyEmbeddedInteractionSoundPlayer.swift; sourceTree = "<group>"; };
		5FF43A01316CAA8125EE95D7 /* OceanKeyEmbeddedCartConsumablesSection.swift */ = {isa = PBXFileReference; lastKnownFileType = sourcecode.swift; path = OceanKeyEmbeddedCartConsumablesSection.swift; sourceTree = "<group>"; };
		60DA3E3E29D50392646CBA76 /* OceanKeyEmbeddedSwiftDataWorkSessionRepository.swift */ = {isa = PBXFileReference; lastKnownFileType = sourcecode.swift; path = OceanKeyEmbeddedSwiftDataWorkSessionRepository.swift; sourceTree = "<group>"; };
		656975466C77F9360DE9E30B /* OceanKeyEmbeddedHoldActionTarget.swift */ = {isa = PBXFileReference; lastKnownFileType = sourcecode.swift; path = OceanKeyEmbeddedHoldActionTarget.swift; sourceTree = "<group>"; };
		6A5E7B0E346805556C5D9350 /* CartConsumableTickerFormatterTests.swift */ = {isa = PBXFileReference; lastKnownFileType = sourcecode.swift; path = CartConsumableTickerFormatterTests.swift; sourceTree = "<group>"; };
		6EF0EA7A4308DF781094F1D1 /* CartConsumablesSummaryReport.swift */ = {isa = PBXFileReference; lastKnownFileType = sourcecode.swift; path = CartConsumablesSummaryReport.swift; sourceTree = "<group>"; };
		71CFB1546F72B1749BEB27E7 /* AppSettingsStoreTests.swift */ = {isa = PBXFileReference; lastKnownFileType = sourcecode.swift; path = AppSettingsStoreTests.swift; sourceTree = "<group>"; };
		72B8CB72B8815A1712DB84BF /* OceanKeyEmbeddedRoomDetailsScreen.swift */ = {isa = PBXFileReference; lastKnownFileType = sourcecode.swift; path = OceanKeyEmbeddedRoomDetailsScreen.swift; sourceTree = "<group>"; };
		73C4B0262831F00D635C314B /* OceanKeyEmbeddedInteractionFeedbackService.swift */ = {isa = PBXFileReference; lastKnownFileType = sourcecode.swift; path = OceanKeyEmbeddedInteractionFeedbackService.swift; sourceTree = "<group>"; };
		75114DDF66938543C608A6D2 /* OceanKeyEmbeddedRuntimeDiagnostics.swift */ = {isa = PBXFileReference; lastKnownFileType = sourcecode.swift; path = OceanKeyEmbeddedRuntimeDiagnostics.swift; sourceTree = "<group>"; };
		7D22E4AC83CED5D3F6C0619F /* OceanKeyEmbeddedRoomScheduleSelection.swift */ = {isa = PBXFileReference; lastKnownFileType = sourcecode.swift; path = OceanKeyEmbeddedRoomScheduleSelection.swift; sourceTree = "<group>"; };
		826C90167236A683FC6A292C /* OceanKeyEmbeddedBackgroundVideoEnvironment.swift */ = {isa = PBXFileReference; lastKnownFileType = sourcecode.swift; path = OceanKeyEmbeddedBackgroundVideoEnvironment.swift; sourceTree = "<group>"; };
		836CFAC8FD504240357F1C8D /* OceanKeyEmbeddedAppSettingsStore.swift */ = {isa = PBXFileReference; lastKnownFileType = sourcecode.swift; path = OceanKeyEmbeddedAppSettingsStore.swift; sourceTree = "<group>"; };
		84FC2D90022C02235FBAA977 /* OceanKeyEmbeddedAppStorageDirectory.swift */ = {isa = PBXFileReference; lastKnownFileType = sourcecode.swift; path = OceanKeyEmbeddedAppStorageDirectory.swift; sourceTree = "<group>"; };
		85ED0B20C8238C7912F393F9 /* AVKit.framework */ = {isa = PBXFileReference; lastKnownFileType = wrapper.framework; name = AVKit.framework; path = System/Library/Frameworks/AVKit.framework; sourceTree = SDKROOT; };
		8888E9F18EE7CBB8E915859E /* OceanKeyEmbeddedCartConsumables.swift */ = {isa = PBXFileReference; lastKnownFileType = sourcecode.swift; path = OceanKeyEmbeddedCartConsumables.swift; sourceTree = "<group>"; };
		891A6172C10CFC292795C3A3 /* OceanKeyEmbeddedSettingsCategorySelector.swift */ = {isa = PBXFileReference; lastKnownFileType = sourcecode.swift; path = OceanKeyEmbeddedSettingsCategorySelector.swift; sourceTree = "<group>"; };
		8C1CE102C6889935EE163929 /* CartConsumableTicker.swift */ = {isa = PBXFileReference; lastKnownFileType = sourcecode.swift; path = CartConsumableTicker.swift; sourceTree = "<group>"; };
		8CE1DF72E62D4BCEEFF8B503 /* OceanKeyEmbeddedSettingsCategory.swift */ = {isa = PBXFileReference; lastKnownFileType = sourcecode.swift; path = OceanKeyEmbeddedSettingsCategory.swift; sourceTree = "<group>"; };
		8EFBAE95AF4F46E1B0BAE485 /* PhotosUI.framework */ = {isa = PBXFileReference; lastKnownFileType = wrapper.framework; name = PhotosUI.framework; path = System/Library/Frameworks/PhotosUI.framework; sourceTree = SDKROOT; };
		8F7D79A5824BE38E16445B91 /* OceanKeyEmbeddedSettingsControls.swift */ = {isa = PBXFileReference; lastKnownFileType = sourcecode.swift; path = OceanKeyEmbeddedSettingsControls.swift; sourceTree = "<group>"; };
		9392596B63ADFD56C0BEDB10 /* OceanKeyEmbeddedRoomScheduleRoute.swift */ = {isa = PBXFileReference; lastKnownFileType = sourcecode.swift; path = OceanKeyEmbeddedRoomScheduleRoute.swift; sourceTree = "<group>"; };
		9A893A105C2D6105FA797B52 /* OceanKeyEmbeddedAppleCloudAccountProbe.swift */ = {isa = PBXFileReference; lastKnownFileType = sourcecode.swift; path = OceanKeyEmbeddedAppleCloudAccountProbe.swift; sourceTree = "<group>"; };
		9BA1AE60C30C6916EB399A53 /* OceanKeyEmbeddedPersistentWorkSessionMapper.swift */ = {isa = PBXFileReference; lastKnownFileType = sourcecode.swift; path = OceanKeyEmbeddedPersistentWorkSessionMapper.swift; sourceTree = "<group>"; };
		9D21D210CEA5688C8D35F786 /* OceanKeyEmbeddedAppSettingsStoreCatalog.swift */ = {isa = PBXFileReference; lastKnownFileType = sourcecode.swift; path = OceanKeyEmbeddedAppSettingsStoreCatalog.swift; sourceTree = "<group>"; };
		A07FDDB084B7AAC0AC13CF80 /* Speech.framework */ = {isa = PBXFileReference; lastKnownFileType = wrapper.framework; name = Speech.framework; path = System/Library/Frameworks/Speech.framework; sourceTree = SDKROOT; };
		A683672C5983A73C2DAC800F /* WorkSessionMergePolicyTests.swift */ = {isa = PBXFileReference; lastKnownFileType = sourcecode.swift; path = WorkSessionMergePolicyTests.swift; sourceTree = "<group>"; };
		A6C229EAD26B30253C81B693 /* OceanKeyEmbeddedVoiceNoteBubble.swift */ = {isa = PBXFileReference; lastKnownFileType = sourcecode.swift; path = OceanKeyEmbeddedVoiceNoteBubble.swift; sourceTree = "<group>"; };
		A73DC3CA077C43A1BDED871C /* OceanKeyEmbeddedPersistentWorkSessionModels.swift */ = {isa = PBXFileReference; lastKnownFileType = sourcecode.swift; path = OceanKeyEmbeddedPersistentWorkSessionModels.swift; sourceTree = "<group>"; };
		A7C2B366E929BF1C903EAFE1 /* OceanKeyEmbeddedBackgroundVideoPicker.swift */ = {isa = PBXFileReference; lastKnownFileType = sourcecode.swift; path = OceanKeyEmbeddedBackgroundVideoPicker.swift; sourceTree = "<group>"; };
		AA1D371EDF656B3221737DF6 /* OceanKeyEmbeddedSpriteKitEffects.swift */ = {isa = PBXFileReference; lastKnownFileType = sourcecode.swift; path = OceanKeyEmbeddedSpriteKitEffects.swift; sourceTree = "<group>"; };
		AC15896D266E5369644BD1C0 /* OceanKeyEmbeddedKeychainSecretStore.swift */ = {isa = PBXFileReference; lastKnownFileType = sourcecode.swift; path = OceanKeyEmbeddedKeychainSecretStore.swift; sourceTree = "<group>"; };
		ACEB734556C923E31614AC81 /* OceanKeyEmbeddedAppleSyncConfiguration.swift */ = {isa = PBXFileReference; lastKnownFileType = sourcecode.swift; path = OceanKeyEmbeddedAppleSyncConfiguration.swift; sourceTree = "<group>"; };
		ACFB4448604BF257DD6E98A9 /* OceanKeyEmbeddedWorkSessionStore.swift */ = {isa = PBXFileReference; lastKnownFileType = sourcecode.swift; path = OceanKeyEmbeddedWorkSessionStore.swift; sourceTree = "<group>"; };
		AD0425AC3E40BE111D5622BA /* OceanKeyEmbeddedRoomCatalog.swift */ = {isa = PBXFileReference; lastKnownFileType = sourcecode.swift; path = OceanKeyEmbeddedRoomCatalog.swift; sourceTree = "<group>"; };
		AFC643F2EF7A7E0F80CCBF53 /* CloudKit.framework */ = {isa = PBXFileReference; lastKnownFileType = wrapper.framework; name = CloudKit.framework; path = System/Library/Frameworks/CloudKit.framework; sourceTree = SDKROOT; };
		B29F1166976C2754D1656137 /* OceanKeyEmbeddedCartDetailsRoute.swift */ = {isa = PBXFileReference; lastKnownFileType = sourcecode.swift; path = OceanKeyEmbeddedCartDetailsRoute.swift; sourceTree = "<group>"; };
		B2EF1BF3415E368E3398B954 /* OceanKeyEmbeddedSettingsSoundSection.swift */ = {isa = PBXFileReference; lastKnownFileType = sourcecode.swift; path = OceanKeyEmbeddedSettingsSoundSection.swift; sourceTree = "<group>"; };
		B3A506D7BC693208246D3242 /* OceanKeyEmbeddedBuildChangelogScreen.swift */ = {isa = PBXFileReference; lastKnownFileType = sourcecode.swift; path = OceanKeyEmbeddedBuildChangelogScreen.swift; sourceTree = "<group>"; };
		B418A16FF77986F15D6ABF86 /* OceanKeyEmbeddedWorkSessionMergePolicy.swift */ = {isa = PBXFileReference; lastKnownFileType = sourcecode.swift; path = OceanKeyEmbeddedWorkSessionMergePolicy.swift; sourceTree = "<group>"; };
		B590A34426A30D433500BD29 /* OceanKeyEmbeddedBackgroundVideoFileStore.swift */ = {isa = PBXFileReference; lastKnownFileType = sourcecode.swift; path = OceanKeyEmbeddedBackgroundVideoFileStore.swift; sourceTree = "<group>"; };
		B5B95BC32FBD9D524B401314 /* OceanKeyEmbeddedAIVisualPresetStore.swift */ = {isa = PBXFileReference; lastKnownFileType = sourcecode.swift; path = OceanKeyEmbeddedAIVisualPresetStore.swift; sourceTree = "<group>"; };
		B838F2A926EFBC0448A94436 /* HospitalityFoundation */ = {isa = PBXFileReference; lastKnownFileType = folder; name = HospitalityFoundation; path = ../HospitalityLabSwift/Packages/HospitalityFoundation; sourceTree = SOURCE_ROOT; };
		BB0BF01365D8D921BB685B08 /* OceanKeyEmbeddedBuildChangelog.swift */ = {isa = PBXFileReference; lastKnownFileType = sourcecode.swift; path = OceanKeyEmbeddedBuildChangelog.swift; sourceTree = "<group>"; };
		BB790768643391A535F516E4 /* OceanKeyEmbeddedSettingsScreen.swift */ = {isa = PBXFileReference; lastKnownFileType = sourcecode.swift; path = OceanKeyEmbeddedSettingsScreen.swift; sourceTree = "<group>"; };
		BB8F64AABB38A2036C634BCB /* SwiftData.framework */ = {isa = PBXFileReference; lastKnownFileType = wrapper.framework; name = SwiftData.framework; path = System/Library/Frameworks/SwiftData.framework; sourceTree = SDKROOT; };
		BC3CB497191741C7539992F9 /* OceanKeyEmbeddedSummaryScreen.swift */ = {isa = PBXFileReference; lastKnownFileType = sourcecode.swift; path = OceanKeyEmbeddedSummaryScreen.swift; sourceTree = "<group>"; };
		BC589C6CB8905E99D4A5B06A /* OceanKeyEmbeddedAppBackgroundView.swift */ = {isa = PBXFileReference; lastKnownFileType = sourcecode.swift; path = OceanKeyEmbeddedAppBackgroundView.swift; sourceTree = "<group>"; };
		BCAE24166E9CD041EBAC099B /* CartConsumablesSummaryTable.swift */ = {isa = PBXFileReference; lastKnownFileType = sourcecode.swift; path = CartConsumablesSummaryTable.swift; sourceTree = "<group>"; };
		BCAF8BEA469DB858BD47A0D4 /* OceanKeySwiftTests.xctest */ = {isa = PBXFileReference; includeInIndex = 0; lastKnownFileType = wrapper.cfbundle; path = OceanKeySwiftTests.xctest; sourceTree = BUILT_PRODUCTS_DIR; };
		BD864600C25374DD403F99ED /* OceanKeyEmbeddedSummaryActionMenuExpansion.swift */ = {isa = PBXFileReference; lastKnownFileType = sourcecode.swift; path = OceanKeyEmbeddedSummaryActionMenuExpansion.swift; sourceTree = "<group>"; };
		BF52397911E8EAAAE11818E2 /* OceanKeyEmbeddedSummarySelectionPuzzleHandle.swift */ = {isa = PBXFileReference; lastKnownFileType = sourcecode.swift; path = OceanKeyEmbeddedSummarySelectionPuzzleHandle.swift; sourceTree = "<group>"; };
		C101C82A766E12EFA3ECB00C /* VoiceNoteViewModelTests.swift */ = {isa = PBXFileReference; lastKnownFileType = sourcecode.swift; path = VoiceNoteViewModelTests.swift; sourceTree = "<group>"; };
		C2E14FA18DDA1819300465FA /* OceanKeyEmbeddedWorkSetupComponents.swift */ = {isa = PBXFileReference; lastKnownFileType = sourcecode.swift; path = OceanKeyEmbeddedWorkSetupComponents.swift; sourceTree = "<group>"; };
		C3ED70772827CF4F9FACCE5C /* OceanKeyPresetBackupDocument.swift */ = {isa = PBXFileReference; lastKnownFileType = sourcecode.swift; path = OceanKeyPresetBackupDocument.swift; sourceTree = "<group>"; };
		C53CB4860DB0F1128AAFF966 /* SummarySwipeCommitPolicyTests.swift */ = {isa = PBXFileReference; lastKnownFileType = sourcecode.swift; path = SummarySwipeCommitPolicyTests.swift; sourceTree = "<group>"; };
		C904268098CE3875C7C61698 /* SummaryActionMenuExpansionTests.swift */ = {isa = PBXFileReference; lastKnownFileType = sourcecode.swift; path = SummaryActionMenuExpansionTests.swift; sourceTree = "<group>"; };
		C90ED507AED06C393481A7CA /* OceanKeyEmbeddedCameraCaptureView.swift */ = {isa = PBXFileReference; lastKnownFileType = sourcecode.swift; path = OceanKeyEmbeddedCameraCaptureView.swift; sourceTree = "<group>"; };
		CB734870A766469805D2F20C /* OceanKeyEmbeddedPerformanceTelemetryStore.swift */ = {isa = PBXFileReference; lastKnownFileType = sourcecode.swift; path = OceanKeyEmbeddedPerformanceTelemetryStore.swift; sourceTree = "<group>"; };
		CDDFE85A4B61D7B3F165DF54 /* OceanKeyEmbeddedWorkSessionSelection.swift */ = {isa = PBXFileReference; lastKnownFileType = sourcecode.swift; path = OceanKeyEmbeddedWorkSessionSelection.swift; sourceTree = "<group>"; };
		CE487E5E6D0AB9E9818EEF84 /* OceanKeySwift.app */ = {isa = PBXFileReference; includeInIndex = 0; lastKnownFileType = wrapper.application; path = OceanKeySwift.app; sourceTree = BUILT_PRODUCTS_DIR; };
		CF76C7596672ADA63BE0EC3A /* OceanKeyEmbeddedSettingsBackgroundSection.swift */ = {isa = PBXFileReference; lastKnownFileType = sourcecode.swift; path = OceanKeyEmbeddedSettingsBackgroundSection.swift; sourceTree = "<group>"; };
		D14392CAF529EF78B4841747 /* AppleSyncEntitlementTests.swift */ = {isa = PBXFileReference; lastKnownFileType = sourcecode.swift; path = AppleSyncEntitlementTests.swift; sourceTree = "<group>"; };
		D404964A4634B37ACFBD17A7 /* OceanKeyEmbeddedAppRootView.swift */ = {isa = PBXFileReference; lastKnownFileType = sourcecode.swift; path = OceanKeyEmbeddedAppRootView.swift; sourceTree = "<group>"; };
		D53E41114942DF2F9A5FC669 /* OceanKeyEmbeddedSummaryRoomActionMenu.swift */ = {isa = PBXFileReference; lastKnownFileType = sourcecode.swift; path = OceanKeyEmbeddedSummaryRoomActionMenu.swift; sourceTree = "<group>"; };
		D5C20915CE3875F47104F6C4 /* OceanKeyEmbeddedTVStaticNoiseBackgroundView.swift */ = {isa = PBXFileReference; lastKnownFileType = sourcecode.swift; path = OceanKeyEmbeddedTVStaticNoiseBackgroundView.swift; sourceTree = "<group>"; };
		D68E2F684DF2FAB84C2DACD6 /* OceanKeyEmbeddedWorkSessionStoreConsumables.swift */ = {isa = PBXFileReference; lastKnownFileType = sourcecode.swift; path = OceanKeyEmbeddedWorkSessionStoreConsumables.swift; sourceTree = "<group>"; };
		DAA0755A7C32F0FEBE2A7A50 /* OceanKeyEmbeddedWorkSessionStoreHistory.swift */ = {isa = PBXFileReference; lastKnownFileType = sourcecode.swift; path = OceanKeyEmbeddedWorkSessionStoreHistory.swift; sourceTree = "<group>"; };
		DAC6981A957682C6867DA5A5 /* OceanKeyEmbeddedBuildChangelogMidEntries.swift */ = {isa = PBXFileReference; lastKnownFileType = sourcecode.swift; path = OceanKeyEmbeddedBuildChangelogMidEntries.swift; sourceTree = "<group>"; };
		DBADC631C45AC964BCBCD0BE /* OceanKeyEmbeddedDeepSeekLabSection.swift */ = {isa = PBXFileReference; lastKnownFileType = sourcecode.swift; path = OceanKeyEmbeddedDeepSeekLabSection.swift; sourceTree = "<group>"; };
		DC8F7DD53DCC37652950C085 /* CartConsumablesSummaryBuilderTests.swift */ = {isa = PBXFileReference; lastKnownFileType = sourcecode.swift; path = CartConsumablesSummaryBuilderTests.swift; sourceTree = "<group>"; };
		DCED6EF188A4AA33847A3A68 /* OceanKeyEmbeddedPuzzleHandleChrome.swift */ = {isa = PBXFileReference; lastKnownFileType = sourcecode.swift; path = OceanKeyEmbeddedPuzzleHandleChrome.swift; sourceTree = "<group>"; };
		DEC5A6449A20B95C1537B2C9 /* SwiftDataWorkSessionRepositoryTests.swift */ = {isa = PBXFileReference; lastKnownFileType = sourcecode.swift; path = SwiftDataWorkSessionRepositoryTests.swift; sourceTree = "<group>"; };
		E5E9EB75EA803000DDB94B4C /* OceanKeyEmbeddedScheduleNotificationService.swift */ = {isa = PBXFileReference; lastKnownFileType = sourcecode.swift; path = OceanKeyEmbeddedScheduleNotificationService.swift; sourceTree = "<group>"; };
		E715506238EC7FFF5AC1F195 /* AIVisualPresetStoreTests.swift */ = {isa = PBXFileReference; lastKnownFileType = sourcecode.swift; path = AIVisualPresetStoreTests.swift; sourceTree = "<group>"; };
		EA1A7943D626E20E20C9F481 /* SpriteKit.framework */ = {isa = PBXFileReference; lastKnownFileType = wrapper.framework; name = SpriteKit.framework; path = System/Library/Frameworks/SpriteKit.framework; sourceTree = SDKROOT; };
		EB0A033D59EDCEE73C3A5926 /* OceanKeyEmbeddedScheduleImport.swift */ = {isa = PBXFileReference; lastKnownFileType = sourcecode.swift; path = OceanKeyEmbeddedScheduleImport.swift; sourceTree = "<group>"; };
		ED42279D932B45DABF193A0E /* OceanKeyEmbeddedVoiceNoteViewModel.swift */ = {isa = PBXFileReference; lastKnownFileType = sourcecode.swift; path = OceanKeyEmbeddedVoiceNoteViewModel.swift; sourceTree = "<group>"; };
		F0A6AC4493A9D70135204505 /* OceanKeyEmbeddedWorkSessionHistoryScreen.swift */ = {isa = PBXFileReference; lastKnownFileType = sourcecode.swift; path = OceanKeyEmbeddedWorkSessionHistoryScreen.swift; sourceTree = "<group>"; };
		F4822E468BC0CD62B6BFE71C /* OceanKeyEmbeddedVoiceTranscriptionService.swift */ = {isa = PBXFileReference; lastKnownFileType = sourcecode.swift; path = OceanKeyEmbeddedVoiceTranscriptionService.swift; sourceTree = "<group>"; };
		F48D33F890946575B623EBB5 /* OceanKeyEmbeddedBuildChangelogLegacyEntries.swift */ = {isa = PBXFileReference; lastKnownFileType = sourcecode.swift; path = OceanKeyEmbeddedBuildChangelogLegacyEntries.swift; sourceTree = "<group>"; };
		F56D50889E279C294939D7BD /* OceanKeyEmbeddedWorkSessionStoreNotesMedia.swift */ = {isa = PBXFileReference; lastKnownFileType = sourcecode.swift; path = OceanKeyEmbeddedWorkSessionStoreNotesMedia.swift; sourceTree = "<group>"; };
		F5C84656916776554992CF0E /* OceanKeyEmbeddedSummaryHeader.swift */ = {isa = PBXFileReference; lastKnownFileType = sourcecode.swift; path = OceanKeyEmbeddedSummaryHeader.swift; sourceTree = "<group>"; };
		F5D54991619ABA065CCB4BF2 /* OceanKeyEmbeddedMediaViews.swift */ = {isa = PBXFileReference; lastKnownFileType = sourcecode.swift; path = OceanKeyEmbeddedMediaViews.swift; sourceTree = "<group>"; };
		F750D0847C4115691B7921EB /* OceanKeyHostedRoot */ = {isa = PBXFileReference; lastKnownFileType = folder; name = OceanKeyHostedRoot; path = ../HospitalityLabSwift/Packages/OceanKeyHostedRoot; sourceTree = SOURCE_ROOT; };
		FB37ED6A1E527F6B9054A80F /* OceanKeyEmbeddedSummarySwipeCommitPolicy.swift */ = {isa = PBXFileReference; lastKnownFileType = sourcecode.swift; path = OceanKeyEmbeddedSummarySwipeCommitPolicy.swift; sourceTree = "<group>"; };
		FCE5974126AE94A9525F6E11 /* OceanKeyEmbeddedWorkSessionSnapshot.swift */ = {isa = PBXFileReference; lastKnownFileType = sourcecode.swift; path = OceanKeyEmbeddedWorkSessionSnapshot.swift; sourceTree = "<group>"; };
		FF5E89365D09B0D45F16A0EE /* OceanKeyEmbeddedContainerInteractionEnvironment.swift */ = {isa = PBXFileReference; lastKnownFileType = sourcecode.swift; path = OceanKeyEmbeddedContainerInteractionEnvironment.swift; sourceTree = "<group>"; };
/* End PBXFileReference section */

/* Begin PBXFrameworksBuildPhase section */
		2A819335097B88E00E8E3DB9 /* Frameworks */ = {
			isa = PBXFrameworksBuildPhase;
			buildActionMask = 2147483647;
			files = (
				592455FE9A899FE6D0FB3C06 /* HospitalityFoundation in Frameworks */,
				E68F34762D8720A45707CB95 /* OceanKeyHostedRoot in Frameworks */,
				B0AA0E370541AF89A7FDE867 /* OceanKeyLabContainer in Frameworks */,
				A199E38C0D372F4506DC5865 /* SpriteKit.framework in Frameworks */,
				39D62E4704F0D75DE27FB4E7 /* GameplayKit.framework in Frameworks */,
				ADE238EEBC86AEC1A5A483B2 /* AVKit.framework in Frameworks */,
				8F5523652C530ACE93B68B17 /* PhotosUI.framework in Frameworks */,
				D7C8F5EDA09CC6A0CC492A28 /* Speech.framework in Frameworks */,
				A28D4B3E35CDC765A6DF09ED /* SwiftData.framework in Frameworks */,
				0BA150B28C32A752D35450AD /* CloudKit.framework in Frameworks */,
			);
			runOnlyForDeploymentPostprocessing = 0;
		};
/* End PBXFrameworksBuildPhase section */

/* Begin PBXGroup section */
		36CA4C3E5465B3F3DA219801 /* OceanKeySwift */ = {
			isa = PBXGroup;
			children = (
				57A4FE67865DAEA283BC1F72 /* Data */,
				88F39E9D0789D4CADE0851D5 /* Features */,
				8A03B0CFC86AF9A17E36EF52 /* StandaloneApp */,
			);
			path = OceanKeySwift;
			sourceTree = "<group>";
		};
		37B70174422F47734BC66A08 /* Frameworks */ = {
			isa = PBXGroup;
			children = (
				85ED0B20C8238C7912F393F9 /* AVKit.framework */,
				AFC643F2EF7A7E0F80CCBF53 /* CloudKit.framework */,
				3CC54D512493ADEF1EB26177 /* GameplayKit.framework */,
				8EFBAE95AF4F46E1B0BAE485 /* PhotosUI.framework */,
				A07FDDB084B7AAC0AC13CF80 /* Speech.framework */,
				EA1A7943D626E20E20C9F481 /* SpriteKit.framework */,
				BB8F64AABB38A2036C634BCB /* SwiftData.framework */,
			);
			name = Frameworks;
			sourceTree = "<group>";
		};
		49A3582976A58005041C3432 /* Developer */ = {
			isa = PBXGroup;
			children = (
				5E016A6D41F07C0258A4AF49 /* HospitalityLabSwift */,
			);
			name = Developer;
			path = ..;
			sourceTree = "<group>";
		};
		57A4FE67865DAEA283BC1F72 /* Data */ = {
			isa = PBXGroup;
			children = (
				C3ED70772827CF4F9FACCE5C /* OceanKeyPresetBackupDocument.swift */,
			);
			path = Data;
			sourceTree = "<group>";
		};
		5E016A6D41F07C0258A4AF49 /* HospitalityLabSwift */ = {
			isa = PBXGroup;
			children = (
				B50219E11D9A29B21827289F /* HospitalityLabSwift */,
			);
			path = HospitalityLabSwift;
			sourceTree = "<group>";
		};
		67809BDF58A93BE25280E430 /* Packages */ = {
			isa = PBXGroup;
			children = (
				B838F2A926EFBC0448A94436 /* HospitalityFoundation */,
				F750D0847C4115691B7921EB /* OceanKeyHostedRoot */,
				134F57243C9048231F0EE3DF /* OceanKeyLabContainer */,
			);
			name = Packages;
			sourceTree = "<group>";
		};
		68F7A701FAA1A43CD7D4E624 /* OceanKeySwiftTests */ = {
			isa = PBXGroup;
			children = (
				E715506238EC7FFF5AC1F195 /* AIVisualPresetStoreTests.swift */,
				D14392CAF529EF78B4841747 /* AppleSyncEntitlementTests.swift */,
				71CFB1546F72B1749BEB27E7 /* AppSettingsStoreTests.swift */,
				DC8F7DD53DCC37652950C085 /* CartConsumablesSummaryBuilderTests.swift */,
				6A5E7B0E346805556C5D9350 /* CartConsumableTickerFormatterTests.swift */,
				00A45905838B30EDFC18C397 /* PerformanceTelemetryStoreTests.swift */,
				4E3A3C8B003CBAF03504F695 /* RuntimeDiagnosticsTests.swift */,
				C904268098CE3875C7C61698 /* SummaryActionMenuExpansionTests.swift */,
				C53CB4860DB0F1128AAFF966 /* SummarySwipeCommitPolicyTests.swift */,
				DEC5A6449A20B95C1537B2C9 /* SwiftDataWorkSessionRepositoryTests.swift */,
				C101C82A766E12EFA3ECB00C /* VoiceNoteViewModelTests.swift */,
				A683672C5983A73C2DAC800F /* WorkSessionMergePolicyTests.swift */,
				4C627CE3B38115F411539408 /* WorkSessionStoreTests.swift */,
			);
			path = OceanKeySwiftTests;
			sourceTree = "<group>";
		};
		88F39E9D0789D4CADE0851D5 /* Features */ = {
			isa = PBXGroup;
			children = (
				8F5DDB6677866C3442DCE246 /* CartConsumables */,
				DB4465BBE8548B26B6954744 /* Summary */,
			);
			path = Features;
			sourceTree = "<group>";
		};
		8A03B0CFC86AF9A17E36EF52 /* StandaloneApp */ = {
			isa = PBXGroup;
			children = (
				5DB1C00BA40C4F78AA0A81FB /* OceanKeyStandaloneApp.swift */,
			);
			path = StandaloneApp;
			sourceTree = "<group>";
		};
		8C76E6C22466B2C3A02E48DD /* OceanKeyEmbeddedApp */ = {
			isa = PBXGroup;
			children = (
				B5B95BC32FBD9D524B401314 /* OceanKeyEmbeddedAIVisualPresetStore.swift */,
				087618004D289D96578F4190 /* OceanKeyEmbeddedAppBackgroundModeEnvironment.swift */,
				BC589C6CB8905E99D4A5B06A /* OceanKeyEmbeddedAppBackgroundView.swift */,
				04B0AAA410006CA535227B2A /* OceanKeyEmbeddedAppBuildInfo.swift */,
				9A893A105C2D6105FA797B52 /* OceanKeyEmbeddedAppleCloudAccountProbe.swift */,
				ACEB734556C923E31614AC81 /* OceanKeyEmbeddedAppleSyncConfiguration.swift */,
				41FFA6709D65A64D7D45B2DE /* OceanKeyEmbeddedAppleSyncStatusEnvironment.swift */,
				D404964A4634B37ACFBD17A7 /* OceanKeyEmbeddedAppRootView.swift */,
				836CFAC8FD504240357F1C8D /* OceanKeyEmbeddedAppSettingsStore.swift */,
				9D21D210CEA5688C8D35F786 /* OceanKeyEmbeddedAppSettingsStoreCatalog.swift */,
				15EE87BD89FB9C053086A75D /* OceanKeyEmbeddedAppSettingsStoreLoading.swift */,
				504DAA1F239AE6C60FBA8907 /* OceanKeyEmbeddedAppSettingsStorePersistence.swift */,
				84FC2D90022C02235FBAA977 /* OceanKeyEmbeddedAppStorageDirectory.swift */,
				0952D4F89B85CD8FC8223E0D /* OceanKeyEmbeddedAppSurfaceTransparency.swift */,
				826C90167236A683FC6A292C /* OceanKeyEmbeddedBackgroundVideoEnvironment.swift */,
				B590A34426A30D433500BD29 /* OceanKeyEmbeddedBackgroundVideoFileStore.swift */,
				A7C2B366E929BF1C903EAFE1 /* OceanKeyEmbeddedBackgroundVideoPicker.swift */,
				BB0BF01365D8D921BB685B08 /* OceanKeyEmbeddedBuildChangelog.swift */,
				228FA16E21C2F99FD39533E8 /* OceanKeyEmbeddedBuildChangelogArchiveEntries.swift */,
				F48D33F890946575B623EBB5 /* OceanKeyEmbeddedBuildChangelogLegacyEntries.swift */,
				DAC6981A957682C6867DA5A5 /* OceanKeyEmbeddedBuildChangelogMidEntries.swift */,
				1DCE238C0346A5E474837D01 /* OceanKeyEmbeddedBuildChangelogRecentEntries.swift */,
				B3A506D7BC693208246D3242 /* OceanKeyEmbeddedBuildChangelogScreen.swift */,
				C90ED507AED06C393481A7CA /* OceanKeyEmbeddedCameraCaptureView.swift */,
				8888E9F18EE7CBB8E915859E /* OceanKeyEmbeddedCartConsumables.swift */,
				5FF43A01316CAA8125EE95D7 /* OceanKeyEmbeddedCartConsumablesSection.swift */,
				B29F1166976C2754D1656137 /* OceanKeyEmbeddedCartDetailsRoute.swift */,
				23BC8152F30DE7A72DE4ED81 /* OceanKeyEmbeddedCartDetailsScreen.swift */,
				44CBBD83EC58A999F655B9B8 /* OceanKeyEmbeddedCartSummarySection.swift */,
				FF5E89365D09B0D45F16A0EE /* OceanKeyEmbeddedContainerInteractionEnvironment.swift */,
				296C0C0BD986A68D9D51EFDA /* OceanKeyEmbeddedContainerRegistration.swift */,
				DBADC631C45AC964BCBCD0BE /* OceanKeyEmbeddedDeepSeekLabSection.swift */,
				3956648F6285AB2624DD5BC0 /* OceanKeyEmbeddedDeepSeekPresetClient.swift */,
				656975466C77F9360DE9E30B /* OceanKeyEmbeddedHoldActionTarget.swift */,
				73C4B0262831F00D635C314B /* OceanKeyEmbeddedInteractionFeedbackService.swift */,
				5FDE1C25CB0169AA21A2957B /* OceanKeyEmbeddedInteractionSoundPlayer.swift */,
				24162A5CC5D3DCD836E40027 /* OceanKeyEmbeddedInteractionSoundRouting.swift */,
				AC15896D266E5369644BD1C0 /* OceanKeyEmbeddedKeychainSecretStore.swift */,
				5BFAFE02F91B3E86AF398D50 /* OceanKeyEmbeddedLocalMediaFileStore.swift */,
				155C349E968291C882516CFB /* OceanKeyEmbeddedLocalWorkSessionRepository.swift */,
				34B8577C11095F3FC9C9C33F /* OceanKeyEmbeddedLoopingVideoBackgroundView.swift */,
				3367B8FA3E95252D0B784C37 /* OceanKeyEmbeddedMatrixConsumableStyle.swift */,
				40ECE89F40117EE4AED0298A /* OceanKeyEmbeddedMatrixRainConfiguration.swift */,
				F5D54991619ABA065CCB4BF2 /* OceanKeyEmbeddedMediaViews.swift */,
				CB734870A766469805D2F20C /* OceanKeyEmbeddedPerformanceTelemetryStore.swift */,
				39C1A7953D9067F155842E64 /* OceanKeyEmbeddedPersistentAIVisualPreset.swift */,
				9BA1AE60C30C6916EB399A53 /* OceanKeyEmbeddedPersistentWorkSessionMapper.swift */,
				3534D59034F8ED3AFE9ACE42 /* OceanKeyEmbeddedPersistentWorkSessionMapperConsumables.swift */,
				09C65725CC9AB77AA9E9383C /* OceanKeyEmbeddedPersistentWorkSessionMapperHistory.swift */,
				5F5F4D1DFEDCC65FAD8B015C /* OceanKeyEmbeddedPersistentWorkSessionMapperRooms.swift */,
				A73DC3CA077C43A1BDED871C /* OceanKeyEmbeddedPersistentWorkSessionModels.swift */,
				372B35D2A42446E121EA53D4 /* OceanKeyEmbeddedPersonalCartMarkers.swift */,
				24696ABDD0713DEC47CF3C9E /* OceanKeyEmbeddedPersonalCartMarkerStrip.swift */,
				DCED6EF188A4AA33847A3A68 /* OceanKeyEmbeddedPuzzleHandleChrome.swift */,
				0FBE25F59624106E5C0C9573 /* OceanKeyEmbeddedRoomActionMenuLampTransition.swift */,
				518AAC053D4539E275C3757E /* OceanKeyEmbeddedRoomActionPuzzlePullOverlay.swift */,
				AD0425AC3E40BE111D5622BA /* OceanKeyEmbeddedRoomCatalog.swift */,
				29035D8799EEEB539F71A8A5 /* OceanKeyEmbeddedRoomCellGeometry.swift */,
				01655CEC934C4ABB30CA2A12 /* OceanKeyEmbeddedRoomCellView.swift */,
				14C9384FB11AB804593E5FC1 /* OceanKeyEmbeddedRoomDetailsMode.swift */,
				72B8CB72B8815A1712DB84BF /* OceanKeyEmbeddedRoomDetailsScreen.swift */,
				3A9242BB65783C67941B5DD8 /* OceanKeyEmbeddedRoomMediaIndicator.swift */,
				5C259AE8DDEC1C1B04890EFB /* OceanKeyEmbeddedRoomModels.swift */,
				9392596B63ADFD56C0BEDB10 /* OceanKeyEmbeddedRoomScheduleRoute.swift */,
				7D22E4AC83CED5D3F6C0619F /* OceanKeyEmbeddedRoomScheduleSelection.swift */,
				45E6E70D193B695EC76E5E9B /* OceanKeyEmbeddedRoomScheduleSheet.swift */,
				3466D40D960BA84CA9EA4B10 /* OceanKeyEmbeddedRootView.swift */,
				75114DDF66938543C608A6D2 /* OceanKeyEmbeddedRuntimeDiagnostics.swift */,
				EB0A033D59EDCEE73C3A5926 /* OceanKeyEmbeddedScheduleImport.swift */,
				3C774AB8A97670350EC09DF8 /* OceanKeyEmbeddedScheduleImportSheet.swift */,
				E5E9EB75EA803000DDB94B4C /* OceanKeyEmbeddedScheduleNotificationService.swift */,
				CF76C7596672ADA63BE0EC3A /* OceanKeyEmbeddedSettingsBackgroundSection.swift */,
				8CE1DF72E62D4BCEEFF8B503 /* OceanKeyEmbeddedSettingsCategory.swift */,
				891A6172C10CFC292795C3A3 /* OceanKeyEmbeddedSettingsCategorySelector.swift */,
				8F7D79A5824BE38E16445B91 /* OceanKeyEmbeddedSettingsControls.swift */,
				BB790768643391A535F516E4 /* OceanKeyEmbeddedSettingsScreen.swift */,
				B2EF1BF3415E368E3398B954 /* OceanKeyEmbeddedSettingsSoundSection.swift */,
				AA1D371EDF656B3221737DF6 /* OceanKeyEmbeddedSpriteKitEffects.swift */,
				BD864600C25374DD403F99ED /* OceanKeyEmbeddedSummaryActionMenuExpansion.swift */,
				F5C84656916776554992CF0E /* OceanKeyEmbeddedSummaryHeader.swift */,
				D53E41114942DF2F9A5FC669 /* OceanKeyEmbeddedSummaryRoomActionMenu.swift */,
				BC3CB497191741C7539992F9 /* OceanKeyEmbeddedSummaryScreen.swift */,
				BF52397911E8EAAAE11818E2 /* OceanKeyEmbeddedSummarySelectionPuzzleHandle.swift */,
				FB37ED6A1E527F6B9054A80F /* OceanKeyEmbeddedSummarySwipeCommitPolicy.swift */,
				0A0FF3E09371AFBC11FD6FBD /* OceanKeyEmbeddedSummaryZeroScreenPuzzleHandle.swift */,
				60DA3E3E29D50392646CBA76 /* OceanKeyEmbeddedSwiftDataWorkSessionRepository.swift */,
				4779E16D78196957CD22CD7A /* OceanKeyEmbeddedTheme.swift */,
				D5C20915CE3875F47104F6C4 /* OceanKeyEmbeddedTVStaticNoiseBackgroundView.swift */,
				A6C229EAD26B30253C81B693 /* OceanKeyEmbeddedVoiceNoteBubble.swift */,
				ED42279D932B45DABF193A0E /* OceanKeyEmbeddedVoiceNoteViewModel.swift */,
				57916A8A185B5C2FF7446C37 /* OceanKeyEmbeddedVoiceTranscriptionContracts.swift */,
				21D78434D347CD155E597537 /* OceanKeyEmbeddedVoiceTranscriptionPanel.swift */,
				F4822E468BC0CD62B6BFE71C /* OceanKeyEmbeddedVoiceTranscriptionService.swift */,
				1E79EB8E18E575F3A976DE9B /* OceanKeyEmbeddedWorkSessionHistory.swift */,
				F0A6AC4493A9D70135204505 /* OceanKeyEmbeddedWorkSessionHistoryScreen.swift */,
				B418A16FF77986F15D6ABF86 /* OceanKeyEmbeddedWorkSessionMergePolicy.swift */,
				4327A288474D1EDB8E418AFE /* OceanKeyEmbeddedWorkSessionRepository.swift */,
				CDDFE85A4B61D7B3F165DF54 /* OceanKeyEmbeddedWorkSessionSelection.swift */,
				FCE5974126AE94A9525F6E11 /* OceanKeyEmbeddedWorkSessionSnapshot.swift */,
				ACFB4448604BF257DD6E98A9 /* OceanKeyEmbeddedWorkSessionStore.swift */,
				D68E2F684DF2FAB84C2DACD6 /* OceanKeyEmbeddedWorkSessionStoreConsumables.swift */,
				DAA0755A7C32F0FEBE2A7A50 /* OceanKeyEmbeddedWorkSessionStoreHistory.swift */,
				52D9413F1ED28CBD1C66B403 /* OceanKeyEmbeddedWorkSessionStoreMutation.swift */,
				F56D50889E279C294939D7BD /* OceanKeyEmbeddedWorkSessionStoreNotesMedia.swift */,
				4B5A5AF1512CB88F4D1A2442 /* OceanKeyEmbeddedWorkSessionStorePersistence.swift */,
				1AF131A9B89986EED97CF53E /* OceanKeyEmbeddedWorkSessionStoreSelection.swift */,
				C2E14FA18DDA1819300465FA /* OceanKeyEmbeddedWorkSetupComponents.swift */,
				5A129B65F07F9ED1808742CF /* OceanKeyEmbeddedWorkSetupScreen.swift */,
			);
			path = OceanKeyEmbeddedApp;
			sourceTree = "<group>";
		};
		8F5DDB6677866C3442DCE246 /* CartConsumables */ = {
			isa = PBXGroup;
			children = (
				0D543C20F889A5B5FCFF834C /* CartConsumableQuantityRuler.swift */,
				38941D94BEF802763B858020 /* CartConsumableQuantitySlider.swift */,
			);
			path = CartConsumables;
			sourceTree = "<group>";
		};
		9841CDB21F537FB7AB63D767 = {
			isa = PBXGroup;
			children = (
				49A3582976A58005041C3432 /* Developer */,
				36CA4C3E5465B3F3DA219801 /* OceanKeySwift */,
				68F7A701FAA1A43CD7D4E624 /* OceanKeySwiftTests */,
				67809BDF58A93BE25280E430 /* Packages */,
				37B70174422F47734BC66A08 /* Frameworks */,
				ADD15C0367B5ED3749CE048A /* Products */,
			);
			sourceTree = "<group>";
		};
		ADD15C0367B5ED3749CE048A /* Products */ = {
			isa = PBXGroup;
			children = (
				CE487E5E6D0AB9E9818EEF84 /* OceanKeySwift.app */,
				BCAF8BEA469DB858BD47A0D4 /* OceanKeySwiftTests.xctest */,
			);
			name = Products;
			sourceTree = "<group>";
		};
		B50219E11D9A29B21827289F /* HospitalityLabSwift */ = {
			isa = PBXGroup;
			children = (
				F5108068C06C9A0CA3E78CD5 /* Embedded */,
			);
			path = HospitalityLabSwift;
			sourceTree = "<group>";
		};
		DB4465BBE8548B26B6954744 /* Summary */ = {
			isa = PBXGroup;
			children = (
				6EF0EA7A4308DF781094F1D1 /* CartConsumablesSummaryReport.swift */,
				BCAE24166E9CD041EBAC099B /* CartConsumablesSummaryTable.swift */,
				8C1CE102C6889935EE163929 /* CartConsumableTicker.swift */,
			);
			path = Summary;
			sourceTree = "<group>";
		};
		F5108068C06C9A0CA3E78CD5 /* Embedded */ = {
			isa = PBXGroup;
			children = (
				8C76E6C22466B2C3A02E48DD /* OceanKeyEmbeddedApp */,
			);
			path = Embedded;
			sourceTree = "<group>";
		};
/* End PBXGroup section */

/* Begin PBXNativeTarget section */
		8C083759050C2632D16BB63D /* OceanKeySwift */ = {
			isa = PBXNativeTarget;
			buildConfigurationList = 48007250CC733429FA6848DD /* Build configuration list for PBXNativeTarget "OceanKeySwift" */;
			buildPhases = (
				CF34DB72A5925B522D9A5E14 /* Sources */,
				2A819335097B88E00E8E3DB9 /* Frameworks */,
			);
			buildRules = (
			);
			dependencies = (
			);
			name = OceanKeySwift;
			packageProductDependencies = (
				5C16CF96C28A3F35EAE94DED /* HospitalityFoundation */,
				B57A66A7C58F5E81FE0C7B68 /* OceanKeyHostedRoot */,
				757706D97D4CA045BEFF729C /* OceanKeyLabContainer */,
			);
			productName = OceanKeySwift;
			productReference = CE487E5E6D0AB9E9818EEF84 /* OceanKeySwift.app */;
			productType = "com.apple.product-type.application";
		};
		E3354BA291B5235556ACC2E4 /* OceanKeySwiftTests */ = {
			isa = PBXNativeTarget;
			buildConfigurationList = 3CD649095EA2F07B24CA6AD6 /* Build configuration list for PBXNativeTarget "OceanKeySwiftTests" */;
			buildPhases = (
				7B0FC138237619FD27EC49F6 /* Sources */,
			);
			buildRules = (
			);
			dependencies = (
				48A8537FDFDEA665F1DBA8A6 /* PBXTargetDependency */,
			);
			name = OceanKeySwiftTests;
			packageProductDependencies = (
			);
			productName = OceanKeySwiftTests;
			productReference = BCAF8BEA469DB858BD47A0D4 /* OceanKeySwiftTests.xctest */;
			productType = "com.apple.product-type.bundle.unit-test";
		};
/* End PBXNativeTarget section */

/* Begin PBXProject section */
		CFA2E23425CF12CBC20B99B7 /* Project object */ = {
			isa = PBXProject;
			attributes = {
				BuildIndependentTargetsInParallel = YES;
				LastUpgradeCheck = 1430;
				TargetAttributes = {
					8C083759050C2632D16BB63D = {
						DevelopmentTeam = J6MW4855LU;
					};
					E3354BA291B5235556ACC2E4 = {
						DevelopmentTeam = J6MW4855LU;
					};
				};
			};
			buildConfigurationList = 7A4605A90C948C1A86544407 /* Build configuration list for PBXProject "OceanKeySwift" */;
			developmentRegion = en;
			hasScannedForEncodings = 0;
			knownRegions = (
				Base,
				en,
			);
			mainGroup = 9841CDB21F537FB7AB63D767;
			minimizedProjectReferenceProxies = 1;
			packageReferences = (
				55BAE996E848159691E41563 /* XCLocalSwiftPackageReference "../HospitalityLabSwift/Packages/HospitalityFoundation" */,
				E04D9FA68175BF7D8B156457 /* XCLocalSwiftPackageReference "../HospitalityLabSwift/Packages/OceanKeyHostedRoot" */,
				80BA9787F292E0C2C11D07F7 /* XCLocalSwiftPackageReference "../HospitalityLabSwift/Packages/OceanKeyLabContainer" */,
			);
			preferredProjectObjectVersion = 77;
			productRefGroup = ADD15C0367B5ED3749CE048A /* Products */;
			projectDirPath = "";
			projectRoot = "";
			targets = (
				8C083759050C2632D16BB63D /* OceanKeySwift */,
				E3354BA291B5235556ACC2E4 /* OceanKeySwiftTests */,
			);
		};
/* End PBXProject section */

/* Begin PBXSourcesBuildPhase section */
		7B0FC138237619FD27EC49F6 /* Sources */ = {
			isa = PBXSourcesBuildPhase;
			buildActionMask = 2147483647;
			files = (
				83EB07869078ACDF236ED14B /* AIVisualPresetStoreTests.swift in Sources */,
				87852D01D8D77739E19E6738 /* AppSettingsStoreTests.swift in Sources */,
				C049A7C4CC4F9626A8CE7178 /* AppleSyncEntitlementTests.swift in Sources */,
				ADCC199AE3ED10131C069E01 /* CartConsumableTickerFormatterTests.swift in Sources */,
				3E9A33B63BF1E7A7E7A9106E /* CartConsumablesSummaryBuilderTests.swift in Sources */,
				74F755CC983F8493F4FAF4A6 /* PerformanceTelemetryStoreTests.swift in Sources */,
				10CBAE8DA13FE056254B65D4 /* RuntimeDiagnosticsTests.swift in Sources */,
				333A65A0C26F32AD550D5161 /* SummaryActionMenuExpansionTests.swift in Sources */,
				4F75F6A971EBDD3D63855F5D /* SummarySwipeCommitPolicyTests.swift in Sources */,
				A630CB74A998E3B1A321DF76 /* SwiftDataWorkSessionRepositoryTests.swift in Sources */,
				FEF4E3DB4C837AA11700CCD7 /* VoiceNoteViewModelTests.swift in Sources */,
				F83E4227B655B617F593C9C6 /* WorkSessionMergePolicyTests.swift in Sources */,
				630D9BF8C070EDF39CF079C6 /* WorkSessionStoreTests.swift in Sources */,
			);
			runOnlyForDeploymentPostprocessing = 0;
		};
		CF34DB72A5925B522D9A5E14 /* Sources */ = {
			isa = PBXSourcesBuildPhase;
			buildActionMask = 2147483647;
			files = (
				DAD41A9359D3AA3746AA135E /* CartConsumableQuantityRuler.swift in Sources */,
				244A360D5DFCDC565BF2C956 /* CartConsumableQuantitySlider.swift in Sources */,
				D91251CD1A4424FE2DBF0168 /* CartConsumableTicker.swift in Sources */,
				458C9CF9B95F53D76F2F617F /* CartConsumablesSummaryReport.swift in Sources */,
				CD46C5AB9FAA4B33D8F81A6A /* CartConsumablesSummaryTable.swift in Sources */,
				67C21DDAC4D5092A7D64128F /* OceanKeyEmbeddedAIVisualPresetStore.swift in Sources */,
				A90EBEA63F318AA9D47F06E8 /* OceanKeyEmbeddedAppBackgroundModeEnvironment.swift in Sources */,
				D488A21DFBB3FC10ADF9D5F6 /* OceanKeyEmbeddedAppBackgroundView.swift in Sources */,
				B101392D9110401D463C5BC9 /* OceanKeyEmbeddedAppBuildInfo.swift in Sources */,
				6516DE01D354089314A08348 /* OceanKeyEmbeddedAppRootView.swift in Sources */,
				4357E6BA599BF6B21BF7F3C8 /* OceanKeyEmbeddedAppSettingsStore.swift in Sources */,
				253E2E659ABE645D17DBC01F /* OceanKeyEmbeddedAppSettingsStoreCatalog.swift in Sources */,
				EBC0251C0782610331877853 /* OceanKeyEmbeddedAppSettingsStoreLoading.swift in Sources */,
				99FF82E3C45567FD0F410257 /* OceanKeyEmbeddedAppSettingsStorePersistence.swift in Sources */,
				F59513B9380082BA19568AC3 /* OceanKeyEmbeddedAppStorageDirectory.swift in Sources */,
				4892DDC0CC87E888D3C3868A /* OceanKeyEmbeddedAppSurfaceTransparency.swift in Sources */,
				C2F3E3A86A0116E22E5F79D4 /* OceanKeyEmbeddedAppleCloudAccountProbe.swift in Sources */,
				1EB6A459A9A97158A311F6D3 /* OceanKeyEmbeddedAppleSyncConfiguration.swift in Sources */,
				83B420C07ECD13204DDC24E1 /* OceanKeyEmbeddedAppleSyncStatusEnvironment.swift in Sources */,
				3CDF69A1548FF8DBFFAF3F08 /* OceanKeyEmbeddedBackgroundVideoEnvironment.swift in Sources */,
				18678493DA85DDABBC4E9977 /* OceanKeyEmbeddedBackgroundVideoFileStore.swift in Sources */,
				8349C70E037BAAC119E70EDB /* OceanKeyEmbeddedBackgroundVideoPicker.swift in Sources */,
				89294D6BFB42EEAD29B9ACD6 /* OceanKeyEmbeddedBuildChangelog.swift in Sources */,
				A97C7C7380B0B8187BC73200 /* OceanKeyEmbeddedBuildChangelogArchiveEntries.swift in Sources */,
				7718B12D60296AD7A227098F /* OceanKeyEmbeddedBuildChangelogLegacyEntries.swift in Sources */,
				8A0F15C275E393AEAF8FF643 /* OceanKeyEmbeddedBuildChangelogMidEntries.swift in Sources */,
				FCEF32A668A9CC1FA4ED99E4 /* OceanKeyEmbeddedBuildChangelogRecentEntries.swift in Sources */,
				C3DCCD7088FE77AE05FCC102 /* OceanKeyEmbeddedBuildChangelogScreen.swift in Sources */,
				7321CE7EFA1AB12F76C3B416 /* OceanKeyEmbeddedCameraCaptureView.swift in Sources */,
				3ED13A0536D638C7BBFB548B /* OceanKeyEmbeddedCartConsumables.swift in Sources */,
				9F296141C30CA522BD1D5EA0 /* OceanKeyEmbeddedCartConsumablesSection.swift in Sources */,
				EAE237BFE3660B1AD2D0A8E4 /* OceanKeyEmbeddedCartDetailsRoute.swift in Sources */,
				AE687E7F99A2952D213270A8 /* OceanKeyEmbeddedCartDetailsScreen.swift in Sources */,
				999360399CDD6C8A2A603B22 /* OceanKeyEmbeddedCartSummarySection.swift in Sources */,
				9F0C28785C0A7E920B67CBFA /* OceanKeyEmbeddedContainerInteractionEnvironment.swift in Sources */,
				EF977D9E94C9A5BDB055ACB1 /* OceanKeyEmbeddedContainerRegistration.swift in Sources */,
				684B38407C5E70ACB7539E92 /* OceanKeyEmbeddedDeepSeekLabSection.swift in Sources */,
				BD1008080F19E212CBB4FBC4 /* OceanKeyEmbeddedDeepSeekPresetClient.swift in Sources */,
				CE7F766D842516D885EAE232 /* OceanKeyEmbeddedHoldActionTarget.swift in Sources */,
				33774BC614964CF8F23980C8 /* OceanKeyEmbeddedInteractionFeedbackService.swift in Sources */,
				B184E49A304D06320C192D04 /* OceanKeyEmbeddedInteractionSoundPlayer.swift in Sources */,
				56F6291CEA5B4B704D025A5D /* OceanKeyEmbeddedInteractionSoundRouting.swift in Sources */,
				1F2C8D266C129B8DDF63771E /* OceanKeyEmbeddedKeychainSecretStore.swift in Sources */,
				F05576D39E9B6A96DE2A5CA5 /* OceanKeyEmbeddedLocalMediaFileStore.swift in Sources */,
				49FE09057C872EEBCB2A3C0D /* OceanKeyEmbeddedLocalWorkSessionRepository.swift in Sources */,
				2D0DE354F8E525AFE369F594 /* OceanKeyEmbeddedLoopingVideoBackgroundView.swift in Sources */,
				3934F347B2C502C241E12342 /* OceanKeyEmbeddedMatrixConsumableStyle.swift in Sources */,
				8F66E934EE840F82FDD1D712 /* OceanKeyEmbeddedMatrixRainConfiguration.swift in Sources */,
				4FD9896667181EB967885781 /* OceanKeyEmbeddedMediaViews.swift in Sources */,
				28F9589A8FCB154D6649D785 /* OceanKeyEmbeddedPerformanceTelemetryStore.swift in Sources */,
				F757C7F31814709EC5221B87 /* OceanKeyEmbeddedPersistentAIVisualPreset.swift in Sources */,
				C96093098F62A4375AEA9F52 /* OceanKeyEmbeddedPersistentWorkSessionMapper.swift in Sources */,
				44CB5BD79DFFDA93CBF4BB5A /* OceanKeyEmbeddedPersistentWorkSessionMapperConsumables.swift in Sources */,
				F9B32A3AE65F4055F79CCE13 /* OceanKeyEmbeddedPersistentWorkSessionMapperHistory.swift in Sources */,
				113391964FF3941438DE6383 /* OceanKeyEmbeddedPersistentWorkSessionMapperRooms.swift in Sources */,
				FC2169E33DF91ED49A1C92C5 /* OceanKeyEmbeddedPersistentWorkSessionModels.swift in Sources */,
				C09ABF5A1CC95E02EBB90CF8 /* OceanKeyEmbeddedPersonalCartMarkerStrip.swift in Sources */,
				381A02867B7D2F35909596C2 /* OceanKeyEmbeddedPersonalCartMarkers.swift in Sources */,
				77792B0BF07462F0293D51E0 /* OceanKeyEmbeddedPuzzleHandleChrome.swift in Sources */,
				71B2287F47F837733D8ADB02 /* OceanKeyEmbeddedRoomActionMenuLampTransition.swift in Sources */,
				35B417B6B71EF3009C7B408B /* OceanKeyEmbeddedRoomActionPuzzlePullOverlay.swift in Sources */,
				207430C130A927B5CB6B1895 /* OceanKeyEmbeddedRoomCatalog.swift in Sources */,
				D6254E90E38A9372CD42060C /* OceanKeyEmbeddedRoomCellGeometry.swift in Sources */,
				F613961D1AAEED8C35893575 /* OceanKeyEmbeddedRoomCellView.swift in Sources */,
				D8C8F7013E50D41CC76E7118 /* OceanKeyEmbeddedRoomDetailsMode.swift in Sources */,
				E32CCBFC6219A4A84A860EC6 /* OceanKeyEmbeddedRoomDetailsScreen.swift in Sources */,
				FA60DFD75764ED20FF2E4263 /* OceanKeyEmbeddedRoomMediaIndicator.swift in Sources */,
				F1250B5675E0104099C512D7 /* OceanKeyEmbeddedRoomModels.swift in Sources */,
				B91684F1AAEB2C8738B674B5 /* OceanKeyEmbeddedRoomScheduleRoute.swift in Sources */,
				4D7460BF8DC869333B857DF5 /* OceanKeyEmbeddedRoomScheduleSelection.swift in Sources */,
				CF021D859203D722280337F7 /* OceanKeyEmbeddedRoomScheduleSheet.swift in Sources */,
				AE89CC90DADE4090F00B8308 /* OceanKeyEmbeddedRootView.swift in Sources */,
				EADA9A323ED3AED9B1A843D4 /* OceanKeyEmbeddedRuntimeDiagnostics.swift in Sources */,
				A8B7A4D6F6295E609F896BF6 /* OceanKeyEmbeddedScheduleImport.swift in Sources */,
				EFFECBA02FA8E9CED312E7F4 /* OceanKeyEmbeddedScheduleImportSheet.swift in Sources */,
				2EB74FA57D2275183A7250C5 /* OceanKeyEmbeddedScheduleNotificationService.swift in Sources */,
				5012E53218A390743FDC07B8 /* OceanKeyEmbeddedSettingsBackgroundSection.swift in Sources */,
				F6E962A1297439676E766B14 /* OceanKeyEmbeddedSettingsCategory.swift in Sources */,
				D83D39601B2F494A262DFF81 /* OceanKeyEmbeddedSettingsCategorySelector.swift in Sources */,
				CC5A8680EEAACA01203A035D /* OceanKeyEmbeddedSettingsControls.swift in Sources */,
				29E8B1A23EDF37BD596E2996 /* OceanKeyEmbeddedSettingsScreen.swift in Sources */,
				01D403A253B4A3BD196557CE /* OceanKeyEmbeddedSettingsSoundSection.swift in Sources */,
				EEDB98D893EAC9D605FF7F8E /* OceanKeyEmbeddedSpriteKitEffects.swift in Sources */,
				035FD6CDE6CB5F06AE45C9C2 /* OceanKeyEmbeddedSummaryActionMenuExpansion.swift in Sources */,
				1E32B1BA75EE017AEF784463 /* OceanKeyEmbeddedSummaryHeader.swift in Sources */,
				AD288935832979115760A1F0 /* OceanKeyEmbeddedSummaryRoomActionMenu.swift in Sources */,
				5DD1BDAFB73B17EF53B3F0ED /* OceanKeyEmbeddedSummaryScreen.swift in Sources */,
				AAC48A661ABE90701782C22B /* OceanKeyEmbeddedSummarySelectionPuzzleHandle.swift in Sources */,
				565208DD0D34B51F5AF58524 /* OceanKeyEmbeddedSummarySwipeCommitPolicy.swift in Sources */,
				A7F75ED1E90736F460DE0428 /* OceanKeyEmbeddedSummaryZeroScreenPuzzleHandle.swift in Sources */,
				6467ED634C70A0F0D5663284 /* OceanKeyEmbeddedSwiftDataWorkSessionRepository.swift in Sources */,
				B31941FC3D0652FAD3701E18 /* OceanKeyEmbeddedTVStaticNoiseBackgroundView.swift in Sources */,
				7CA8D0E993951CC0DC3D0A75 /* OceanKeyEmbeddedTheme.swift in Sources */,
				7DB34604231B6242BDB6A001 /* OceanKeyEmbeddedVoiceNoteBubble.swift in Sources */,
				C1806199DC071FF4BC278775 /* OceanKeyEmbeddedVoiceNoteViewModel.swift in Sources */,
				7112149939C425C64403D249 /* OceanKeyEmbeddedVoiceTranscriptionContracts.swift in Sources */,
				F5C13BEDC8D7B098638F4164 /* OceanKeyEmbeddedVoiceTranscriptionPanel.swift in Sources */,
				B737738547017B84133096CC /* OceanKeyEmbeddedVoiceTranscriptionService.swift in Sources */,
				2E1BFFB1F247B6B6EE20A2EF /* OceanKeyEmbeddedWorkSessionHistory.swift in Sources */,
				151F4D1D670CE32F71DFA4EB /* OceanKeyEmbeddedWorkSessionHistoryScreen.swift in Sources */,
				7E507CF86636C5EC4E7079F0 /* OceanKeyEmbeddedWorkSessionMergePolicy.swift in Sources */,
				37C3C86C3854351350A7D973 /* OceanKeyEmbeddedWorkSessionRepository.swift in Sources */,
				EEC8E8D9CB0E933D75F8B951 /* OceanKeyEmbeddedWorkSessionSelection.swift in Sources */,
				D57ABDF0F9226B439441644D /* OceanKeyEmbeddedWorkSessionSnapshot.swift in Sources */,
				3E254688354B48CF46D9B2A0 /* OceanKeyEmbeddedWorkSessionStore.swift in Sources */,
				5AE6090644EFE9996D822197 /* OceanKeyEmbeddedWorkSessionStoreConsumables.swift in Sources */,
				18D0C3A1C4798A7A4F324877 /* OceanKeyEmbeddedWorkSessionStoreHistory.swift in Sources */,
				9073866684003C6CDF3C0F13 /* OceanKeyEmbeddedWorkSessionStoreMutation.swift in Sources */,
				E76763671789594FCD4BE253 /* OceanKeyEmbeddedWorkSessionStoreNotesMedia.swift in Sources */,
				4425DDC6892A4C411943A617 /* OceanKeyEmbeddedWorkSessionStorePersistence.swift in Sources */,
				2D9CB31E445888A226BFC8E8 /* OceanKeyEmbeddedWorkSessionStoreSelection.swift in Sources */,
				4FBD51A990F3F7B4DD61438C /* OceanKeyEmbeddedWorkSetupComponents.swift in Sources */,
				DAD57F4827A0BAF9D01075C4 /* OceanKeyEmbeddedWorkSetupScreen.swift in Sources */,
				8644D03B4964470C44521126 /* OceanKeyPresetBackupDocument.swift in Sources */,
				F04D62262179AE095C14B0D4 /* OceanKeyStandaloneApp.swift in Sources */,
			);
			runOnlyForDeploymentPostprocessing = 0;
		};
/* End PBXSourcesBuildPhase section */

/* Begin PBXTargetDependency section */
		48A8537FDFDEA665F1DBA8A6 /* PBXTargetDependency */ = {
			isa = PBXTargetDependency;
			target = 8C083759050C2632D16BB63D /* OceanKeySwift */;
			targetProxy = 6017BF2C0151ED4ECC6F439F /* PBXContainerItemProxy */;
		};
/* End PBXTargetDependency section */

/* Begin XCBuildConfiguration section */
		098D998CABF1F4986A7A1814 /* Release */ = {
			isa = XCBuildConfiguration;
			buildSettings = {
				BUNDLE_LOADER = "$(TEST_HOST)";
				GENERATE_INFOPLIST_FILE = YES;
				LD_RUNPATH_SEARCH_PATHS = (
					"$(inherited)",
					"@executable_path/Frameworks",
					"@loader_path/Frameworks",
				);
				PRODUCT_BUNDLE_IDENTIFIER = com.alex.oceankey.OceanKeySwiftTests;
				SDKROOT = iphoneos;
				TARGETED_DEVICE_FAMILY = "1,2";
				TEST_HOST = "$(BUILT_PRODUCTS_DIR)/OceanKeySwift.app/OceanKeySwift";
			};
			name = Release;
		};
		6A2821B5690BEB876572B165 /* Release */ = {
			isa = XCBuildConfiguration;
			buildSettings = {
				ASSETCATALOG_COMPILER_APPICON_NAME = AppIcon;
				"CODE_SIGN_ENTITLEMENTS[sdk=iphonesimulator*]" = OceanKeySwift/OceanKeySwift.entitlements;
				CODE_SIGN_IDENTITY = "iPhone Developer";
				INFOPLIST_FILE = OceanKeySwift/Info.plist;
				INFOPLIST_KEY_CFBundleDisplayName = "OceanKey Swift";
				INFOPLIST_KEY_UIApplicationSceneManifest_Generation = YES;
				INFOPLIST_KEY_UIApplicationSupportsIndirectInputEvents = YES;
				INFOPLIST_KEY_UILaunchScreen_Generation = YES;
				LD_RUNPATH_SEARCH_PATHS = (
					"$(inherited)",
					"@executable_path/Frameworks",
				);
				PRODUCT_BUNDLE_IDENTIFIER = com.alex.oceankey.swift;
				SDKROOT = iphoneos;
				TARGETED_DEVICE_FAMILY = 1;
			};
			name = Release;
		};
		70189D33CBB80F7441EDB3B6 /* Release */ = {
			isa = XCBuildConfiguration;
			buildSettings = {
				ALWAYS_SEARCH_USER_PATHS = NO;
				CLANG_ANALYZER_NONNULL = YES;
				CLANG_ANALYZER_NUMBER_OBJECT_CONVERSION = YES_AGGRESSIVE;
				CLANG_CXX_LANGUAGE_STANDARD = "gnu++14";
				CLANG_CXX_LIBRARY = "libc++";
				CLANG_ENABLE_MODULES = YES;
				CLANG_ENABLE_OBJC_ARC = YES;
				CLANG_ENABLE_OBJC_WEAK = YES;
				CLANG_WARN_BLOCK_CAPTURE_AUTORELEASING = YES;
				CLANG_WARN_BOOL_CONVERSION = YES;
				CLANG_WARN_COMMA = YES;
				CLANG_WARN_CONSTANT_CONVERSION = YES;
				CLANG_WARN_DEPRECATED_OBJC_IMPLEMENTATIONS = YES;
				CLANG_WARN_DIRECT_OBJC_ISA_USAGE = YES_ERROR;
				CLANG_WARN_DOCUMENTATION_COMMENTS = YES;
				CLANG_WARN_EMPTY_BODY = YES;
				CLANG_WARN_ENUM_CONVERSION = YES;
				CLANG_WARN_INFINITE_RECURSION = YES;
				CLANG_WARN_INT_CONVERSION = YES;
				CLANG_WARN_NON_LITERAL_NULL_CONVERSION = YES;
				CLANG_WARN_OBJC_IMPLICIT_RETAIN_SELF = YES;
				CLANG_WARN_OBJC_LITERAL_CONVERSION = YES;
				CLANG_WARN_OBJC_ROOT_CLASS = YES_ERROR;
				CLANG_WARN_QUOTED_INCLUDE_IN_FRAMEWORK_HEADER = YES;
				CLANG_WARN_RANGE_LOOP_ANALYSIS = YES;
				CLANG_WARN_STRICT_PROTOTYPES = YES;
				CLANG_WARN_SUSPICIOUS_MOVE = YES;
				CLANG_WARN_UNGUARDED_AVAILABILITY = YES_AGGRESSIVE;
				CLANG_WARN_UNREACHABLE_CODE = YES;
				CLANG_WARN__DUPLICATE_METHOD_MATCH = YES;
				COPY_PHASE_STRIP = NO;
				CURRENT_PROJECT_VERSION = 134;
				DEBUG_INFORMATION_FORMAT = "dwarf-with-dsym";
				DEVELOPMENT_TEAM = J6MW4855LU;
				ENABLE_NS_ASSERTIONS = NO;
				ENABLE_STRICT_OBJC_MSGSEND = YES;
				GCC_C_LANGUAGE_STANDARD = gnu11;
				GCC_NO_COMMON_BLOCKS = YES;
				GCC_WARN_64_TO_32_BIT_CONVERSION = YES;
				GCC_WARN_ABOUT_RETURN_TYPE = YES_ERROR;
				GCC_WARN_UNDECLARED_SELECTOR = YES;
				GCC_WARN_UNINITIALIZED_AUTOS = YES_AGGRESSIVE;
				GCC_WARN_UNUSED_FUNCTION = YES;
				GCC_WARN_UNUSED_VARIABLE = YES;
				IPHONEOS_DEPLOYMENT_TARGET = 17.0;
				MARKETING_VERSION = 0.2.0;
				MTL_ENABLE_DEBUG_INFO = NO;
				MTL_FAST_MATH = YES;
				PRODUCT_NAME = "$(TARGET_NAME)";
				SDKROOT = iphoneos;
				SWIFT_COMPILATION_MODE = wholemodule;
				SWIFT_OPTIMIZATION_LEVEL = "-O";
				SWIFT_VERSION = 6.0;
			};
			name = Release;
		};
		958DBF939113EEEBA5584C65 /* Debug */ = {
			isa = XCBuildConfiguration;
			buildSettings = {
				ALWAYS_SEARCH_USER_PATHS = NO;
				CLANG_ANALYZER_NONNULL = YES;
				CLANG_ANALYZER_NUMBER_OBJECT_CONVERSION = YES_AGGRESSIVE;
				CLANG_CXX_LANGUAGE_STANDARD = "gnu++14";
				CLANG_CXX_LIBRARY = "libc++";
				CLANG_ENABLE_MODULES = YES;
				CLANG_ENABLE_OBJC_ARC = YES;
				CLANG_ENABLE_OBJC_WEAK = YES;
				CLANG_WARN_BLOCK_CAPTURE_AUTORELEASING = YES;
				CLANG_WARN_BOOL_CONVERSION = YES;
				CLANG_WARN_COMMA = YES;
				CLANG_WARN_CONSTANT_CONVERSION = YES;
				CLANG_WARN_DEPRECATED_OBJC_IMPLEMENTATIONS = YES;
				CLANG_WARN_DIRECT_OBJC_ISA_USAGE = YES_ERROR;
				CLANG_WARN_DOCUMENTATION_COMMENTS = YES;
				CLANG_WARN_EMPTY_BODY = YES;
				CLANG_WARN_ENUM_CONVERSION = YES;
				CLANG_WARN_INFINITE_RECURSION = YES;
				CLANG_WARN_INT_CONVERSION = YES;
				CLANG_WARN_NON_LITERAL_NULL_CONVERSION = YES;
				CLANG_WARN_OBJC_IMPLICIT_RETAIN_SELF = YES;
				CLANG_WARN_OBJC_LITERAL_CONVERSION = YES;
				CLANG_WARN_OBJC_ROOT_CLASS = YES_ERROR;
				CLANG_WARN_QUOTED_INCLUDE_IN_FRAMEWORK_HEADER = YES;
				CLANG_WARN_RANGE_LOOP_ANALYSIS = YES;
				CLANG_WARN_STRICT_PROTOTYPES = YES;
				CLANG_WARN_SUSPICIOUS_MOVE = YES;
				CLANG_WARN_UNGUARDED_AVAILABILITY = YES_AGGRESSIVE;
				CLANG_WARN_UNREACHABLE_CODE = YES;
				CLANG_WARN__DUPLICATE_METHOD_MATCH = YES;
				COPY_PHASE_STRIP = NO;
				CURRENT_PROJECT_VERSION = 134;
				DEBUG_INFORMATION_FORMAT = dwarf;
				DEVELOPMENT_TEAM = J6MW4855LU;
				ENABLE_STRICT_OBJC_MSGSEND = YES;
				ENABLE_TESTABILITY = YES;
				GCC_C_LANGUAGE_STANDARD = gnu11;
				GCC_DYNAMIC_NO_PIC = NO;
				GCC_NO_COMMON_BLOCKS = YES;
				GCC_OPTIMIZATION_LEVEL = 0;
				GCC_PREPROCESSOR_DEFINITIONS = (
					"$(inherited)",
					"DEBUG=1",
				);
				GCC_WARN_64_TO_32_BIT_CONVERSION = YES;
				GCC_WARN_ABOUT_RETURN_TYPE = YES_ERROR;
				GCC_WARN_UNDECLARED_SELECTOR = YES;
				GCC_WARN_UNINITIALIZED_AUTOS = YES_AGGRESSIVE;
				GCC_WARN_UNUSED_FUNCTION = YES;
				GCC_WARN_UNUSED_VARIABLE = YES;
				IPHONEOS_DEPLOYMENT_TARGET = 17.0;
				MARKETING_VERSION = 0.2.0;
				MTL_ENABLE_DEBUG_INFO = INCLUDE_SOURCE;
				MTL_FAST_MATH = YES;
				ONLY_ACTIVE_ARCH = YES;
				PRODUCT_NAME = "$(TARGET_NAME)";
				SDKROOT = iphoneos;
				SWIFT_ACTIVE_COMPILATION_CONDITIONS = DEBUG;
				SWIFT_OPTIMIZATION_LEVEL = "-Onone";
				SWIFT_VERSION = 6.0;
			};
			name = Debug;
		};
		D4FA62E009D3669C7E9188C4 /* Debug */ = {
			isa = XCBuildConfiguration;
			buildSettings = {
				ASSETCATALOG_COMPILER_APPICON_NAME = AppIcon;
				"CODE_SIGN_ENTITLEMENTS[sdk=iphonesimulator*]" = OceanKeySwift/OceanKeySwift.entitlements;
				CODE_SIGN_IDENTITY = "iPhone Developer";
				INFOPLIST_FILE = OceanKeySwift/Info.plist;
				INFOPLIST_KEY_CFBundleDisplayName = "OceanKey Swift";
				INFOPLIST_KEY_UIApplicationSceneManifest_Generation = YES;
				INFOPLIST_KEY_UIApplicationSupportsIndirectInputEvents = YES;
				INFOPLIST_KEY_UILaunchScreen_Generation = YES;
				LD_RUNPATH_SEARCH_PATHS = (
					"$(inherited)",
					"@executable_path/Frameworks",
				);
				PRODUCT_BUNDLE_IDENTIFIER = com.alex.oceankey.swift;
				SDKROOT = iphoneos;
				TARGETED_DEVICE_FAMILY = 1;
			};
			name = Debug;
		};
		FFAD172824AFC52561F9203F /* Debug */ = {
			isa = XCBuildConfiguration;
			buildSettings = {
				BUNDLE_LOADER = "$(TEST_HOST)";
				GENERATE_INFOPLIST_FILE = YES;
				LD_RUNPATH_SEARCH_PATHS = (
					"$(inherited)",
					"@executable_path/Frameworks",
					"@loader_path/Frameworks",
				);
				PRODUCT_BUNDLE_IDENTIFIER = com.alex.oceankey.OceanKeySwiftTests;
				SDKROOT = iphoneos;
				TARGETED_DEVICE_FAMILY = "1,2";
				TEST_HOST = "$(BUILT_PRODUCTS_DIR)/OceanKeySwift.app/OceanKeySwift";
			};
			name = Debug;
		};
/* End XCBuildConfiguration section */

/* Begin XCConfigurationList section */
		3CD649095EA2F07B24CA6AD6 /* Build configuration list for PBXNativeTarget "OceanKeySwiftTests" */ = {
			isa = XCConfigurationList;
			buildConfigurations = (
				FFAD172824AFC52561F9203F /* Debug */,
				098D998CABF1F4986A7A1814 /* Release */,
			);
			defaultConfigurationIsVisible = 0;
			defaultConfigurationName = Debug;
		};
		48007250CC733429FA6848DD /* Build configuration list for PBXNativeTarget "OceanKeySwift" */ = {
			isa = XCConfigurationList;
			buildConfigurations = (
				D4FA62E009D3669C7E9188C4 /* Debug */,
				6A2821B5690BEB876572B165 /* Release */,
			);
			defaultConfigurationIsVisible = 0;
			defaultConfigurationName = Debug;
		};
		7A4605A90C948C1A86544407 /* Build configuration list for PBXProject "OceanKeySwift" */ = {
			isa = XCConfigurationList;
			buildConfigurations = (
				958DBF939113EEEBA5584C65 /* Debug */,
				70189D33CBB80F7441EDB3B6 /* Release */,
			);
			defaultConfigurationIsVisible = 0;
			defaultConfigurationName = Debug;
		};
/* End XCConfigurationList section */

/* Begin XCLocalSwiftPackageReference section */
		55BAE996E848159691E41563 /* XCLocalSwiftPackageReference "../HospitalityLabSwift/Packages/HospitalityFoundation" */ = {
			isa = XCLocalSwiftPackageReference;
			relativePath = ../HospitalityLabSwift/Packages/HospitalityFoundation;
		};
		80BA9787F292E0C2C11D07F7 /* XCLocalSwiftPackageReference "../HospitalityLabSwift/Packages/OceanKeyLabContainer" */ = {
			isa = XCLocalSwiftPackageReference;
			relativePath = ../HospitalityLabSwift/Packages/OceanKeyLabContainer;
		};
		E04D9FA68175BF7D8B156457 /* XCLocalSwiftPackageReference "../HospitalityLabSwift/Packages/OceanKeyHostedRoot" */ = {
			isa = XCLocalSwiftPackageReference;
			relativePath = ../HospitalityLabSwift/Packages/OceanKeyHostedRoot;
		};
/* End XCLocalSwiftPackageReference section */

/* Begin XCSwiftPackageProductDependency section */
		5C16CF96C28A3F35EAE94DED /* HospitalityFoundation */ = {
			isa = XCSwiftPackageProductDependency;
			productName = HospitalityFoundation;
		};
		757706D97D4CA045BEFF729C /* OceanKeyLabContainer */ = {
			isa = XCSwiftPackageProductDependency;
			productName = OceanKeyLabContainer;
		};
		B57A66A7C58F5E81FE0C7B68 /* OceanKeyHostedRoot */ = {
			isa = XCSwiftPackageProductDependency;
			productName = OceanKeyHostedRoot;
		};
/* End XCSwiftPackageProductDependency section */
	};
	rootObject = CFA2E23425CF12CBC20B99B7 /* Project object */;
}
