// !$*UTF8*$!
{
	archiveVersion = 1;
	classes = {
	};
	objectVersion = 77;
	objects = {

/* Begin PBXBuildFile section */
		094272BBB8350642EA68BD69 /* SummaryHeader.swift in Sources */ = {isa = PBXBuildFile; fileRef = EE4FA201F6199BBB1FBE6120 /* SummaryHeader.swift */; };
		09D30B3BED384CE9D99707EA /* AppBuildInfo.swift in Sources */ = {isa = PBXBuildFile; fileRef = FC89AE31D50DA5860DBEDD53 /* AppBuildInfo.swift */; };
		0DB493EF3021829B88BE5682 /* CameraCaptureView.swift in Sources */ = {isa = PBXBuildFile; fileRef = DB4A5B1A271E2E7404DA2C20 /* CameraCaptureView.swift */; };
		0E1066669AD7D73D2C6F05E8 /* SettingsScreen.swift in Sources */ = {isa = PBXBuildFile; fileRef = 6FCD901EC6DF0D77D2187C6D /* SettingsScreen.swift */; };
		0F33257171B1CD7428303898 /* CartDetailsRoute.swift in Sources */ = {isa = PBXBuildFile; fileRef = 2997A598AB1E6A8F5F843FE2 /* CartDetailsRoute.swift */; };
		14A467CC5BC8CBF9F1AAF2E5 /* CartSummarySection.swift in Sources */ = {isa = PBXBuildFile; fileRef = 6CD15DBDCE80476FF0F4FEC9 /* CartSummarySection.swift */; };
		21201E301476E7CD55CDD211 /* LocalWorkSessionRepository.swift in Sources */ = {isa = PBXBuildFile; fileRef = F4BF40D409EFD665315F16C6 /* LocalWorkSessionRepository.swift */; };
		2D389E5577FAC32B77E85819 /* LocalMediaFileStore.swift in Sources */ = {isa = PBXBuildFile; fileRef = A8D625970C1997ABD4B4AEB6 /* LocalMediaFileStore.swift */; };
		307C5468BDEA436295C95CE4 /* OceanKeySwiftApp.swift in Sources */ = {isa = PBXBuildFile; fileRef = 868CBF052F1B053DB4F2FBA0 /* OceanKeySwiftApp.swift */; };
		392929D2E5B73C033AA829A9 /* RoomModels.swift in Sources */ = {isa = PBXBuildFile; fileRef = 0956CB0FF1C79B5413C7DC64 /* RoomModels.swift */; };
		39D62E4704F0D75DE27FB4E7 /* GameplayKit.framework in Frameworks */ = {isa = PBXBuildFile; fileRef = 3CC54D512493ADEF1EB26177 /* GameplayKit.framework */; };
		42218A4468C7741A018E32BC /* MatrixRainSpriteScene.swift in Sources */ = {isa = PBXBuildFile; fileRef = 449D6D5D2079C0C6419A7A6B /* MatrixRainSpriteScene.swift */; };
		53CE312477D9329530227EB4 /* MediaThumbnailView.swift in Sources */ = {isa = PBXBuildFile; fileRef = 8377961D9FA078CC4BABE3DE /* MediaThumbnailView.swift */; };
		630D9BF8C070EDF39CF079C6 /* WorkSessionStoreTests.swift in Sources */ = {isa = PBXBuildFile; fileRef = 4C627CE3B38115F411539408 /* WorkSessionStoreTests.swift */; };
		714CD792974E34438F3A1014 /* RoomCellView.swift in Sources */ = {isa = PBXBuildFile; fileRef = 868A0FE8D28575CF2B3F8304 /* RoomCellView.swift */; };
		7372F4BC701E763F5FA24463 /* OceanKeyTheme.swift in Sources */ = {isa = PBXBuildFile; fileRef = 1A96102C3B06D870C8E09F17 /* OceanKeyTheme.swift */; };
		7BC970B9E599552DDDB75700 /* SummaryRoomActionMenu.swift in Sources */ = {isa = PBXBuildFile; fileRef = F43979E9CB31E899E35B928E /* SummaryRoomActionMenu.swift */; };
		7E9A3CC7A2F7829E1F4FA73D /* RoomDetailsMode.swift in Sources */ = {isa = PBXBuildFile; fileRef = 0A9E41E37C7F57A624740F18 /* RoomDetailsMode.swift */; };
		856BDD1AEC33680D598CA693 /* AppRootView.swift in Sources */ = {isa = PBXBuildFile; fileRef = B00D64ADD5F7CDDCA26155C8 /* AppRootView.swift */; };
		93D0CE8735DD6EAA67CEB78D /* BuildChangelog.swift in Sources */ = {isa = PBXBuildFile; fileRef = 608321B44757C987209F2A54 /* BuildChangelog.swift */; };
		A199E38C0D372F4506DC5865 /* SpriteKit.framework in Frameworks */ = {isa = PBXBuildFile; fileRef = EA1A7943D626E20E20C9F481 /* SpriteKit.framework */; };
		A81C9CEAA6F5C0B8AB7C4BF0 /* BuildChangelogScreen.swift in Sources */ = {isa = PBXBuildFile; fileRef = BC4FC7308CA762295F9D6626 /* BuildChangelogScreen.swift */; };
		ABC0A671535A620304D99B74 /* RoomDetailsScreen.swift in Sources */ = {isa = PBXBuildFile; fileRef = A1034E32B098922B2FC6F084 /* RoomDetailsScreen.swift */; };
		BA7C18EBFE93F08708C52938 /* WorkSessionStore.swift in Sources */ = {isa = PBXBuildFile; fileRef = 929170B7329DE71DCDD384FD /* WorkSessionStore.swift */; };
		CDEB880791759C750A6CBF53 /* SpriteKitEffectView.swift in Sources */ = {isa = PBXBuildFile; fileRef = 53CC2C533226B89F0CF70B87 /* SpriteKitEffectView.swift */; };
		E27BBB154B1792023F94F34B /* VIPPulseOverlay.swift in Sources */ = {isa = PBXBuildFile; fileRef = 1B5C81FF97AC52C9DE7C54C2 /* VIPPulseOverlay.swift */; };
		E2F267B30D4B9E3FCB81BFAA /* MatrixRainBackground.swift in Sources */ = {isa = PBXBuildFile; fileRef = 2E24D2B3912DAF9638A767BD /* MatrixRainBackground.swift */; };
		E79D1EED7C47265E97AAB005 /* SummaryScreen.swift in Sources */ = {isa = PBXBuildFile; fileRef = 77F8BBFB5474764DC44B4456 /* SummaryScreen.swift */; };
		FB32AB4983152627A3E46501 /* CartDetailsScreen.swift in Sources */ = {isa = PBXBuildFile; fileRef = 35D69AE220AA11A895CB8FD5 /* CartDetailsScreen.swift */; };
		FE883ABF504432B7E12BA6BE /* WorkSessionRepository.swift in Sources */ = {isa = PBXBuildFile; fileRef = 6C58577B44759140A59C3B18 /* WorkSessionRepository.swift */; };
/* End PBXBuildFile section */

/* Begin PBXContainerItemProxy section */
		6017BF2C0151ED4ECC6F439F /* PBXContainerItemProxy */ = {
			isa = PBXContainerItemProxy;
			containerPortal = CFA2E23425CF12CBC20B99B7 /* Project object */;
			proxyType = 1;
			remoteGlobalIDString = 8C083759050C2632D16BB63D;
			remoteInfo = OceanKeySwift;
		};
/* End PBXContainerItemProxy section */

/* Begin PBXFileReference section */
		0956CB0FF1C79B5413C7DC64 /* RoomModels.swift */ = {isa = PBXFileReference; lastKnownFileType = sourcecode.swift; path = RoomModels.swift; sourceTree = "<group>"; };
		0A9E41E37C7F57A624740F18 /* RoomDetailsMode.swift */ = {isa = PBXFileReference; lastKnownFileType = sourcecode.swift; path = RoomDetailsMode.swift; sourceTree = "<group>"; };
		1A96102C3B06D870C8E09F17 /* OceanKeyTheme.swift */ = {isa = PBXFileReference; lastKnownFileType = sourcecode.swift; path = OceanKeyTheme.swift; sourceTree = "<group>"; };
		1B5C81FF97AC52C9DE7C54C2 /* VIPPulseOverlay.swift */ = {isa = PBXFileReference; lastKnownFileType = sourcecode.swift; path = VIPPulseOverlay.swift; sourceTree = "<group>"; };
		2997A598AB1E6A8F5F843FE2 /* CartDetailsRoute.swift */ = {isa = PBXFileReference; lastKnownFileType = sourcecode.swift; path = CartDetailsRoute.swift; sourceTree = "<group>"; };
		2E24D2B3912DAF9638A767BD /* MatrixRainBackground.swift */ = {isa = PBXFileReference; lastKnownFileType = sourcecode.swift; path = MatrixRainBackground.swift; sourceTree = "<group>"; };
		35D69AE220AA11A895CB8FD5 /* CartDetailsScreen.swift */ = {isa = PBXFileReference; lastKnownFileType = sourcecode.swift; path = CartDetailsScreen.swift; sourceTree = "<group>"; };
		3CC54D512493ADEF1EB26177 /* GameplayKit.framework */ = {isa = PBXFileReference; lastKnownFileType = wrapper.framework; name = GameplayKit.framework; path = System/Library/Frameworks/GameplayKit.framework; sourceTree = SDKROOT; };
		449D6D5D2079C0C6419A7A6B /* MatrixRainSpriteScene.swift */ = {isa = PBXFileReference; lastKnownFileType = sourcecode.swift; path = MatrixRainSpriteScene.swift; sourceTree = "<group>"; };
		4C627CE3B38115F411539408 /* WorkSessionStoreTests.swift */ = {isa = PBXFileReference; lastKnownFileType = sourcecode.swift; path = WorkSessionStoreTests.swift; sourceTree = "<group>"; };
		53CC2C533226B89F0CF70B87 /* SpriteKitEffectView.swift */ = {isa = PBXFileReference; lastKnownFileType = sourcecode.swift; path = SpriteKitEffectView.swift; sourceTree = "<group>"; };
		608321B44757C987209F2A54 /* BuildChangelog.swift */ = {isa = PBXFileReference; lastKnownFileType = sourcecode.swift; path = BuildChangelog.swift; sourceTree = "<group>"; };
		6C58577B44759140A59C3B18 /* WorkSessionRepository.swift */ = {isa = PBXFileReference; lastKnownFileType = sourcecode.swift; path = WorkSessionRepository.swift; sourceTree = "<group>"; };
		6CD15DBDCE80476FF0F4FEC9 /* CartSummarySection.swift */ = {isa = PBXFileReference; lastKnownFileType = sourcecode.swift; path = CartSummarySection.swift; sourceTree = "<group>"; };
		6FCD901EC6DF0D77D2187C6D /* SettingsScreen.swift */ = {isa = PBXFileReference; lastKnownFileType = sourcecode.swift; path = SettingsScreen.swift; sourceTree = "<group>"; };
		77F8BBFB5474764DC44B4456 /* SummaryScreen.swift */ = {isa = PBXFileReference; lastKnownFileType = sourcecode.swift; path = SummaryScreen.swift; sourceTree = "<group>"; };
		8377961D9FA078CC4BABE3DE /* MediaThumbnailView.swift */ = {isa = PBXFileReference; lastKnownFileType = sourcecode.swift; path = MediaThumbnailView.swift; sourceTree = "<group>"; };
		868A0FE8D28575CF2B3F8304 /* RoomCellView.swift */ = {isa = PBXFileReference; lastKnownFileType = sourcecode.swift; path = RoomCellView.swift; sourceTree = "<group>"; };
		868CBF052F1B053DB4F2FBA0 /* OceanKeySwiftApp.swift */ = {isa = PBXFileReference; lastKnownFileType = sourcecode.swift; path = OceanKeySwiftApp.swift; sourceTree = "<group>"; };
		929170B7329DE71DCDD384FD /* WorkSessionStore.swift */ = {isa = PBXFileReference; lastKnownFileType = sourcecode.swift; path = WorkSessionStore.swift; sourceTree = "<group>"; };
		A1034E32B098922B2FC6F084 /* RoomDetailsScreen.swift */ = {isa = PBXFileReference; lastKnownFileType = sourcecode.swift; path = RoomDetailsScreen.swift; sourceTree = "<group>"; };
		A8D625970C1997ABD4B4AEB6 /* LocalMediaFileStore.swift */ = {isa = PBXFileReference; lastKnownFileType = sourcecode.swift; path = LocalMediaFileStore.swift; sourceTree = "<group>"; };
		B00D64ADD5F7CDDCA26155C8 /* AppRootView.swift */ = {isa = PBXFileReference; lastKnownFileType = sourcecode.swift; path = AppRootView.swift; sourceTree = "<group>"; };
		BC4FC7308CA762295F9D6626 /* BuildChangelogScreen.swift */ = {isa = PBXFileReference; lastKnownFileType = sourcecode.swift; path = BuildChangelogScreen.swift; sourceTree = "<group>"; };
		BCAF8BEA469DB858BD47A0D4 /* OceanKeySwiftTests.xctest */ = {isa = PBXFileReference; includeInIndex = 0; lastKnownFileType = wrapper.cfbundle; path = OceanKeySwiftTests.xctest; sourceTree = BUILT_PRODUCTS_DIR; };
		CE487E5E6D0AB9E9818EEF84 /* OceanKeySwift.app */ = {isa = PBXFileReference; includeInIndex = 0; lastKnownFileType = wrapper.application; path = OceanKeySwift.app; sourceTree = BUILT_PRODUCTS_DIR; };
		DB4A5B1A271E2E7404DA2C20 /* CameraCaptureView.swift */ = {isa = PBXFileReference; lastKnownFileType = sourcecode.swift; path = CameraCaptureView.swift; sourceTree = "<group>"; };
		EA1A7943D626E20E20C9F481 /* SpriteKit.framework */ = {isa = PBXFileReference; lastKnownFileType = wrapper.framework; name = SpriteKit.framework; path = System/Library/Frameworks/SpriteKit.framework; sourceTree = SDKROOT; };
		EE4FA201F6199BBB1FBE6120 /* SummaryHeader.swift */ = {isa = PBXFileReference; lastKnownFileType = sourcecode.swift; path = SummaryHeader.swift; sourceTree = "<group>"; };
		F43979E9CB31E899E35B928E /* SummaryRoomActionMenu.swift */ = {isa = PBXFileReference; lastKnownFileType = sourcecode.swift; path = SummaryRoomActionMenu.swift; sourceTree = "<group>"; };
		F4BF40D409EFD665315F16C6 /* LocalWorkSessionRepository.swift */ = {isa = PBXFileReference; lastKnownFileType = sourcecode.swift; path = LocalWorkSessionRepository.swift; sourceTree = "<group>"; };
		F944082CEA5BC13C9ECF514C /* Info.plist */ = {isa = PBXFileReference; lastKnownFileType = text.plist; path = Info.plist; sourceTree = "<group>"; };
		FC89AE31D50DA5860DBEDD53 /* AppBuildInfo.swift */ = {isa = PBXFileReference; lastKnownFileType = sourcecode.swift; path = AppBuildInfo.swift; sourceTree = "<group>"; };
/* End PBXFileReference section */

/* Begin PBXFrameworksBuildPhase section */
		2A819335097B88E00E8E3DB9 /* Frameworks */ = {
			isa = PBXFrameworksBuildPhase;
			buildActionMask = 2147483647;
			files = (
				A199E38C0D372F4506DC5865 /* SpriteKit.framework in Frameworks */,
				39D62E4704F0D75DE27FB4E7 /* GameplayKit.framework in Frameworks */,
			);
			runOnlyForDeploymentPostprocessing = 0;
		};
/* End PBXFrameworksBuildPhase section */

/* Begin PBXGroup section */
		12EBECD5526152C864BD4CD9 /* Effects */ = {
			isa = PBXGroup;
			children = (
				ED1C7979FE892ABF9DCA23DB /* SpriteKit */,
			);
			path = Effects;
			sourceTree = "<group>";
		};
		36CA4C3E5465B3F3DA219801 /* OceanKeySwift */ = {
			isa = PBXGroup;
			children = (
				F944082CEA5BC13C9ECF514C /* Info.plist */,
				EB46BA9A2511009474D5840B /* App */,
				57A4FE67865DAEA283BC1F72 /* Data */,
				4463822596AA3844DBFE4AB1 /* Design */,
				EC1216ECE72E0D2A8492BCE8 /* Domain */,
				12EBECD5526152C864BD4CD9 /* Effects */,
				88F39E9D0789D4CADE0851D5 /* Features */,
			);
			path = OceanKeySwift;
			sourceTree = "<group>";
		};
		37B70174422F47734BC66A08 /* Frameworks */ = {
			isa = PBXGroup;
			children = (
				3CC54D512493ADEF1EB26177 /* GameplayKit.framework */,
				EA1A7943D626E20E20C9F481 /* SpriteKit.framework */,
			);
			name = Frameworks;
			sourceTree = "<group>";
		};
		4463822596AA3844DBFE4AB1 /* Design */ = {
			isa = PBXGroup;
			children = (
				1A96102C3B06D870C8E09F17 /* OceanKeyTheme.swift */,
			);
			path = Design;
			sourceTree = "<group>";
		};
		50353B0126AC75763D1495BF /* RoomDetails */ = {
			isa = PBXGroup;
			children = (
				0A9E41E37C7F57A624740F18 /* RoomDetailsMode.swift */,
				A1034E32B098922B2FC6F084 /* RoomDetailsScreen.swift */,
			);
			path = RoomDetails;
			sourceTree = "<group>";
		};
		57A4FE67865DAEA283BC1F72 /* Data */ = {
			isa = PBXGroup;
			children = (
				A8D625970C1997ABD4B4AEB6 /* LocalMediaFileStore.swift */,
				F4BF40D409EFD665315F16C6 /* LocalWorkSessionRepository.swift */,
				6C58577B44759140A59C3B18 /* WorkSessionRepository.swift */,
			);
			path = Data;
			sourceTree = "<group>";
		};
		68F7A701FAA1A43CD7D4E624 /* OceanKeySwiftTests */ = {
			isa = PBXGroup;
			children = (
				4C627CE3B38115F411539408 /* WorkSessionStoreTests.swift */,
			);
			path = OceanKeySwiftTests;
			sourceTree = "<group>";
		};
		88F39E9D0789D4CADE0851D5 /* Features */ = {
			isa = PBXGroup;
			children = (
				C9E10F31E30C63963769BE0C /* CartDetails */,
				B7ED1D4A215E50BAD307F0BE /* Media */,
				50353B0126AC75763D1495BF /* RoomDetails */,
				F2F23DD9DD0CDA6C3A957425 /* Settings */,
				DB4465BBE8548B26B6954744 /* Summary */,
			);
			path = Features;
			sourceTree = "<group>";
		};
		9841CDB21F537FB7AB63D767 = {
			isa = PBXGroup;
			children = (
				36CA4C3E5465B3F3DA219801 /* OceanKeySwift */,
				68F7A701FAA1A43CD7D4E624 /* OceanKeySwiftTests */,
				37B70174422F47734BC66A08 /* Frameworks */,
				ADD15C0367B5ED3749CE048A /* Products */,
			);
			sourceTree = "<group>";
		};
		ADD15C0367B5ED3749CE048A /* Products */ = {
			isa = PBXGroup;
			children = (
				CE487E5E6D0AB9E9818EEF84 /* OceanKeySwift.app */,
				BCAF8BEA469DB858BD47A0D4 /* OceanKeySwiftTests.xctest */,
			);
			name = Products;
			sourceTree = "<group>";
		};
		B7ED1D4A215E50BAD307F0BE /* Media */ = {
			isa = PBXGroup;
			children = (
				DB4A5B1A271E2E7404DA2C20 /* CameraCaptureView.swift */,
				8377961D9FA078CC4BABE3DE /* MediaThumbnailView.swift */,
			);
			path = Media;
			sourceTree = "<group>";
		};
		C9E10F31E30C63963769BE0C /* CartDetails */ = {
			isa = PBXGroup;
			children = (
				2997A598AB1E6A8F5F843FE2 /* CartDetailsRoute.swift */,
				35D69AE220AA11A895CB8FD5 /* CartDetailsScreen.swift */,
			);
			path = CartDetails;
			sourceTree = "<group>";
		};
		DB4465BBE8548B26B6954744 /* Summary */ = {
			isa = PBXGroup;
			children = (
				6CD15DBDCE80476FF0F4FEC9 /* CartSummarySection.swift */,
				2E24D2B3912DAF9638A767BD /* MatrixRainBackground.swift */,
				868A0FE8D28575CF2B3F8304 /* RoomCellView.swift */,
				EE4FA201F6199BBB1FBE6120 /* SummaryHeader.swift */,
				F43979E9CB31E899E35B928E /* SummaryRoomActionMenu.swift */,
				77F8BBFB5474764DC44B4456 /* SummaryScreen.swift */,
				1B5C81FF97AC52C9DE7C54C2 /* VIPPulseOverlay.swift */,
			);
			path = Summary;
			sourceTree = "<group>";
		};
		EB46BA9A2511009474D5840B /* App */ = {
			isa = PBXGroup;
			children = (
				FC89AE31D50DA5860DBEDD53 /* AppBuildInfo.swift */,
				B00D64ADD5F7CDDCA26155C8 /* AppRootView.swift */,
				608321B44757C987209F2A54 /* BuildChangelog.swift */,
				868CBF052F1B053DB4F2FBA0 /* OceanKeySwiftApp.swift */,
			);
			path = App;
			sourceTree = "<group>";
		};
		EC1216ECE72E0D2A8492BCE8 /* Domain */ = {
			isa = PBXGroup;
			children = (
				0956CB0FF1C79B5413C7DC64 /* RoomModels.swift */,
				929170B7329DE71DCDD384FD /* WorkSessionStore.swift */,
			);
			path = Domain;
			sourceTree = "<group>";
		};
		ED1C7979FE892ABF9DCA23DB /* SpriteKit */ = {
			isa = PBXGroup;
			children = (
				449D6D5D2079C0C6419A7A6B /* MatrixRainSpriteScene.swift */,
				53CC2C533226B89F0CF70B87 /* SpriteKitEffectView.swift */,
			);
			path = SpriteKit;
			sourceTree = "<group>";
		};
		F2F23DD9DD0CDA6C3A957425 /* Settings */ = {
			isa = PBXGroup;
			children = (
				BC4FC7308CA762295F9D6626 /* BuildChangelogScreen.swift */,
				6FCD901EC6DF0D77D2187C6D /* SettingsScreen.swift */,
			);
			path = Settings;
			sourceTree = "<group>";
		};
/* End PBXGroup section */

/* Begin PBXNativeTarget section */
		8C083759050C2632D16BB63D /* OceanKeySwift */ = {
			isa = PBXNativeTarget;
			buildConfigurationList = 48007250CC733429FA6848DD /* Build configuration list for PBXNativeTarget "OceanKeySwift" */;
			buildPhases = (
				CF34DB72A5925B522D9A5E14 /* Sources */,
				2A819335097B88E00E8E3DB9 /* Frameworks */,
			);
			buildRules = (
			);
			dependencies = (
			);
			name = OceanKeySwift;
			packageProductDependencies = (
			);
			productName = OceanKeySwift;
			productReference = CE487E5E6D0AB9E9818EEF84 /* OceanKeySwift.app */;
			productType = "com.apple.product-type.application";
		};
		E3354BA291B5235556ACC2E4 /* OceanKeySwiftTests */ = {
			isa = PBXNativeTarget;
			buildConfigurationList = 3CD649095EA2F07B24CA6AD6 /* Build configuration list for PBXNativeTarget "OceanKeySwiftTests" */;
			buildPhases = (
				7B0FC138237619FD27EC49F6 /* Sources */,
			);
			buildRules = (
			);
			dependencies = (
				48A8537FDFDEA665F1DBA8A6 /* PBXTargetDependency */,
			);
			name = OceanKeySwiftTests;
			packageProductDependencies = (
			);
			productName = OceanKeySwiftTests;
			productReference = BCAF8BEA469DB858BD47A0D4 /* OceanKeySwiftTests.xctest */;
			productType = "com.apple.product-type.bundle.unit-test";
		};
/* End PBXNativeTarget section */

/* Begin PBXProject section */
		CFA2E23425CF12CBC20B99B7 /* Project object */ = {
			isa = PBXProject;
			attributes = {
				BuildIndependentTargetsInParallel = YES;
				LastUpgradeCheck = 1430;
				TargetAttributes = {
					8C083759050C2632D16BB63D = {
						DevelopmentTeam = J6MW4855LU;
					};
					E3354BA291B5235556ACC2E4 = {
						DevelopmentTeam = J6MW4855LU;
					};
				};
			};
			buildConfigurationList = 7A4605A90C948C1A86544407 /* Build configuration list for PBXProject "OceanKeySwift" */;
			developmentRegion = en;
			hasScannedForEncodings = 0;
			knownRegions = (
				Base,
				en,
			);
			mainGroup = 9841CDB21F537FB7AB63D767;
			minimizedProjectReferenceProxies = 1;
			preferredProjectObjectVersion = 77;
			productRefGroup = ADD15C0367B5ED3749CE048A /* Products */;
			projectDirPath = "";
			projectRoot = "";
			targets = (
				8C083759050C2632D16BB63D /* OceanKeySwift */,
				E3354BA291B5235556ACC2E4 /* OceanKeySwiftTests */,
			);
		};
/* End PBXProject section */

/* Begin PBXSourcesBuildPhase section */
		7B0FC138237619FD27EC49F6 /* Sources */ = {
			isa = PBXSourcesBuildPhase;
			buildActionMask = 2147483647;
			files = (
				630D9BF8C070EDF39CF079C6 /* WorkSessionStoreTests.swift in Sources */,
			);
			runOnlyForDeploymentPostprocessing = 0;
		};
		CF34DB72A5925B522D9A5E14 /* Sources */ = {
			isa = PBXSourcesBuildPhase;
			buildActionMask = 2147483647;
			files = (
				09D30B3BED384CE9D99707EA /* AppBuildInfo.swift in Sources */,
				856BDD1AEC33680D598CA693 /* AppRootView.swift in Sources */,
				93D0CE8735DD6EAA67CEB78D /* BuildChangelog.swift in Sources */,
				A81C9CEAA6F5C0B8AB7C4BF0 /* BuildChangelogScreen.swift in Sources */,
				0DB493EF3021829B88BE5682 /* CameraCaptureView.swift in Sources */,
				0F33257171B1CD7428303898 /* CartDetailsRoute.swift in Sources */,
				FB32AB4983152627A3E46501 /* CartDetailsScreen.swift in Sources */,
				14A467CC5BC8CBF9F1AAF2E5 /* CartSummarySection.swift in Sources */,
				2D389E5577FAC32B77E85819 /* LocalMediaFileStore.swift in Sources */,
				21201E301476E7CD55CDD211 /* LocalWorkSessionRepository.swift in Sources */,
				E2F267B30D4B9E3FCB81BFAA /* MatrixRainBackground.swift in Sources */,
				42218A4468C7741A018E32BC /* MatrixRainSpriteScene.swift in Sources */,
				53CE312477D9329530227EB4 /* MediaThumbnailView.swift in Sources */,
				307C5468BDEA436295C95CE4 /* OceanKeySwiftApp.swift in Sources */,
				7372F4BC701E763F5FA24463 /* OceanKeyTheme.swift in Sources */,
				714CD792974E34438F3A1014 /* RoomCellView.swift in Sources */,
				7E9A3CC7A2F7829E1F4FA73D /* RoomDetailsMode.swift in Sources */,
				ABC0A671535A620304D99B74 /* RoomDetailsScreen.swift in Sources */,
				392929D2E5B73C033AA829A9 /* RoomModels.swift in Sources */,
				0E1066669AD7D73D2C6F05E8 /* SettingsScreen.swift in Sources */,
				CDEB880791759C750A6CBF53 /* SpriteKitEffectView.swift in Sources */,
				094272BBB8350642EA68BD69 /* SummaryHeader.swift in Sources */,
				7BC970B9E599552DDDB75700 /* SummaryRoomActionMenu.swift in Sources */,
				E79D1EED7C47265E97AAB005 /* SummaryScreen.swift in Sources */,
				E27BBB154B1792023F94F34B /* VIPPulseOverlay.swift in Sources */,
				FE883ABF504432B7E12BA6BE /* WorkSessionRepository.swift in Sources */,
				BA7C18EBFE93F08708C52938 /* WorkSessionStore.swift in Sources */,
			);
			runOnlyForDeploymentPostprocessing = 0;
		};
/* End PBXSourcesBuildPhase section */

/* Begin PBXTargetDependency section */
		48A8537FDFDEA665F1DBA8A6 /* PBXTargetDependency */ = {
			isa = PBXTargetDependency;
			target = 8C083759050C2632D16BB63D /* OceanKeySwift */;
			targetProxy = 6017BF2C0151ED4ECC6F439F /* PBXContainerItemProxy */;
		};
/* End PBXTargetDependency section */

/* Begin XCBuildConfiguration section */
		098D998CABF1F4986A7A1814 /* Release */ = {
			isa = XCBuildConfiguration;
			buildSettings = {
				BUNDLE_LOADER = "$(TEST_HOST)";
				GENERATE_INFOPLIST_FILE = YES;
				LD_RUNPATH_SEARCH_PATHS = (
					"$(inherited)",
					"@executable_path/Frameworks",
					"@loader_path/Frameworks",
				);
				PRODUCT_BUNDLE_IDENTIFIER = com.alex.oceankey.OceanKeySwiftTests;
				SDKROOT = iphoneos;
				TARGETED_DEVICE_FAMILY = "1,2";
				TEST_HOST = "$(BUILT_PRODUCTS_DIR)/OceanKeySwift.app/OceanKeySwift";
			};
			name = Release;
		};
		6A2821B5690BEB876572B165 /* Release */ = {
			isa = XCBuildConfiguration;
			buildSettings = {
				ASSETCATALOG_COMPILER_APPICON_NAME = AppIcon;
				CODE_SIGN_IDENTITY = "iPhone Developer";
				INFOPLIST_FILE = OceanKeySwift/Info.plist;
				INFOPLIST_KEY_CFBundleDisplayName = "OceanKey Swift";
				INFOPLIST_KEY_UIApplicationSceneManifest_Generation = YES;
				INFOPLIST_KEY_UIApplicationSupportsIndirectInputEvents = YES;
				INFOPLIST_KEY_UILaunchScreen_Generation = YES;
				LD_RUNPATH_SEARCH_PATHS = (
					"$(inherited)",
					"@executable_path/Frameworks",
				);
				PRODUCT_BUNDLE_IDENTIFIER = com.alex.oceankey.swift;
				SDKROOT = iphoneos;
				TARGETED_DEVICE_FAMILY = 1;
			};
			name = Release;
		};
		70189D33CBB80F7441EDB3B6 /* Release */ = {
			isa = XCBuildConfiguration;
			buildSettings = {
				ALWAYS_SEARCH_USER_PATHS = NO;
				CLANG_ANALYZER_NONNULL = YES;
				CLANG_ANALYZER_NUMBER_OBJECT_CONVERSION = YES_AGGRESSIVE;
				CLANG_CXX_LANGUAGE_STANDARD = "gnu++14";
				CLANG_CXX_LIBRARY = "libc++";
				CLANG_ENABLE_MODULES = YES;
				CLANG_ENABLE_OBJC_ARC = YES;
				CLANG_ENABLE_OBJC_WEAK = YES;
				CLANG_WARN_BLOCK_CAPTURE_AUTORELEASING = YES;
				CLANG_WARN_BOOL_CONVERSION = YES;
				CLANG_WARN_COMMA = YES;
				CLANG_WARN_CONSTANT_CONVERSION = YES;
				CLANG_WARN_DEPRECATED_OBJC_IMPLEMENTATIONS = YES;
				CLANG_WARN_DIRECT_OBJC_ISA_USAGE = YES_ERROR;
				CLANG_WARN_DOCUMENTATION_COMMENTS = YES;
				CLANG_WARN_EMPTY_BODY = YES;
				CLANG_WARN_ENUM_CONVERSION = YES;
				CLANG_WARN_INFINITE_RECURSION = YES;
				CLANG_WARN_INT_CONVERSION = YES;
				CLANG_WARN_NON_LITERAL_NULL_CONVERSION = YES;
				CLANG_WARN_OBJC_IMPLICIT_RETAIN_SELF = YES;
				CLANG_WARN_OBJC_LITERAL_CONVERSION = YES;
				CLANG_WARN_OBJC_ROOT_CLASS = YES_ERROR;
				CLANG_WARN_QUOTED_INCLUDE_IN_FRAMEWORK_HEADER = YES;
				CLANG_WARN_RANGE_LOOP_ANALYSIS = YES;
				CLANG_WARN_STRICT_PROTOTYPES = YES;
				CLANG_WARN_SUSPICIOUS_MOVE = YES;
				CLANG_WARN_UNGUARDED_AVAILABILITY = YES_AGGRESSIVE;
				CLANG_WARN_UNREACHABLE_CODE = YES;
				CLANG_WARN__DUPLICATE_METHOD_MATCH = YES;
				COPY_PHASE_STRIP = NO;
				CURRENT_PROJECT_VERSION = 11;
				DEBUG_INFORMATION_FORMAT = "dwarf-with-dsym";
				DEVELOPMENT_TEAM = J6MW4855LU;
				ENABLE_NS_ASSERTIONS = NO;
				ENABLE_STRICT_OBJC_MSGSEND = YES;
				GCC_C_LANGUAGE_STANDARD = gnu11;
				GCC_NO_COMMON_BLOCKS = YES;
				GCC_WARN_64_TO_32_BIT_CONVERSION = YES;
				GCC_WARN_ABOUT_RETURN_TYPE = YES_ERROR;
				GCC_WARN_UNDECLARED_SELECTOR = YES;
				GCC_WARN_UNINITIALIZED_AUTOS = YES_AGGRESSIVE;
				GCC_WARN_UNUSED_FUNCTION = YES;
				GCC_WARN_UNUSED_VARIABLE = YES;
				IPHONEOS_DEPLOYMENT_TARGET = 17.0;
				MARKETING_VERSION = 0.2.0;
				MTL_ENABLE_DEBUG_INFO = NO;
				MTL_FAST_MATH = YES;
				PRODUCT_NAME = "$(TARGET_NAME)";
				SDKROOT = iphoneos;
				SWIFT_COMPILATION_MODE = wholemodule;
				SWIFT_OPTIMIZATION_LEVEL = "-O";
				SWIFT_VERSION = 6.0;
			};
			name = Release;
		};
		958DBF939113EEEBA5584C65 /* Debug */ = {
			isa = XCBuildConfiguration;
			buildSettings = {
				ALWAYS_SEARCH_USER_PATHS = NO;
				CLANG_ANALYZER_NONNULL = YES;
				CLANG_ANALYZER_NUMBER_OBJECT_CONVERSION = YES_AGGRESSIVE;
				CLANG_CXX_LANGUAGE_STANDARD = "gnu++14";
				CLANG_CXX_LIBRARY = "libc++";
				CLANG_ENABLE_MODULES = YES;
				CLANG_ENABLE_OBJC_ARC = YES;
				CLANG_ENABLE_OBJC_WEAK = YES;
				CLANG_WARN_BLOCK_CAPTURE_AUTORELEASING = YES;
				CLANG_WARN_BOOL_CONVERSION = YES;
				CLANG_WARN_COMMA = YES;
				CLANG_WARN_CONSTANT_CONVERSION = YES;
				CLANG_WARN_DEPRECATED_OBJC_IMPLEMENTATIONS = YES;
				CLANG_WARN_DIRECT_OBJC_ISA_USAGE = YES_ERROR;
				CLANG_WARN_DOCUMENTATION_COMMENTS = YES;
				CLANG_WARN_EMPTY_BODY = YES;
				CLANG_WARN_ENUM_CONVERSION = YES;
				CLANG_WARN_INFINITE_RECURSION = YES;
				CLANG_WARN_INT_CONVERSION = YES;
				CLANG_WARN_NON_LITERAL_NULL_CONVERSION = YES;
				CLANG_WARN_OBJC_IMPLICIT_RETAIN_SELF = YES;
				CLANG_WARN_OBJC_LITERAL_CONVERSION = YES;
				CLANG_WARN_OBJC_ROOT_CLASS = YES_ERROR;
				CLANG_WARN_QUOTED_INCLUDE_IN_FRAMEWORK_HEADER = YES;
				CLANG_WARN_RANGE_LOOP_ANALYSIS = YES;
				CLANG_WARN_STRICT_PROTOTYPES = YES;
				CLANG_WARN_SUSPICIOUS_MOVE = YES;
				CLANG_WARN_UNGUARDED_AVAILABILITY = YES_AGGRESSIVE;
				CLANG_WARN_UNREACHABLE_CODE = YES;
				CLANG_WARN__DUPLICATE_METHOD_MATCH = YES;
				COPY_PHASE_STRIP = NO;
				CURRENT_PROJECT_VERSION = 11;
				DEBUG_INFORMATION_FORMAT = dwarf;
				DEVELOPMENT_TEAM = J6MW4855LU;
				ENABLE_STRICT_OBJC_MSGSEND = YES;
				ENABLE_TESTABILITY = YES;
				GCC_C_LANGUAGE_STANDARD = gnu11;
				GCC_DYNAMIC_NO_PIC = NO;
				GCC_NO_COMMON_BLOCKS = YES;
				GCC_OPTIMIZATION_LEVEL = 0;
				GCC_PREPROCESSOR_DEFINITIONS = (
					"$(inherited)",
					"DEBUG=1",
				);
				GCC_WARN_64_TO_32_BIT_CONVERSION = YES;
				GCC_WARN_ABOUT_RETURN_TYPE = YES_ERROR;
				GCC_WARN_UNDECLARED_SELECTOR = YES;
				GCC_WARN_UNINITIALIZED_AUTOS = YES_AGGRESSIVE;
				GCC_WARN_UNUSED_FUNCTION = YES;
				GCC_WARN_UNUSED_VARIABLE = YES;
				IPHONEOS_DEPLOYMENT_TARGET = 17.0;
				MARKETING_VERSION = 0.2.0;
				MTL_ENABLE_DEBUG_INFO = INCLUDE_SOURCE;
				MTL_FAST_MATH = YES;
				ONLY_ACTIVE_ARCH = YES;
				PRODUCT_NAME = "$(TARGET_NAME)";
				SDKROOT = iphoneos;
				SWIFT_ACTIVE_COMPILATION_CONDITIONS = DEBUG;
				SWIFT_OPTIMIZATION_LEVEL = "-Onone";
				SWIFT_VERSION = 6.0;
			};
			name = Debug;
		};
		D4FA62E009D3669C7E9188C4 /* Debug */ = {
			isa = XCBuildConfiguration;
			buildSettings = {
				ASSETCATALOG_COMPILER_APPICON_NAME = AppIcon;
				CODE_SIGN_IDENTITY = "iPhone Developer";
				INFOPLIST_FILE = OceanKeySwift/Info.plist;
				INFOPLIST_KEY_CFBundleDisplayName = "OceanKey Swift";
				INFOPLIST_KEY_UIApplicationSceneManifest_Generation = YES;
				INFOPLIST_KEY_UIApplicationSupportsIndirectInputEvents = YES;
				INFOPLIST_KEY_UILaunchScreen_Generation = YES;
				LD_RUNPATH_SEARCH_PATHS = (
					"$(inherited)",
					"@executable_path/Frameworks",
				);
				PRODUCT_BUNDLE_IDENTIFIER = com.alex.oceankey.swift;
				SDKROOT = iphoneos;
				TARGETED_DEVICE_FAMILY = 1;
			};
			name = Debug;
		};
		FFAD172824AFC52561F9203F /* Debug */ = {
			isa = XCBuildConfiguration;
			buildSettings = {
				BUNDLE_LOADER = "$(TEST_HOST)";
				GENERATE_INFOPLIST_FILE = YES;
				LD_RUNPATH_SEARCH_PATHS = (
					"$(inherited)",
					"@executable_path/Frameworks",
					"@loader_path/Frameworks",
				);
				PRODUCT_BUNDLE_IDENTIFIER = com.alex.oceankey.OceanKeySwiftTests;
				SDKROOT = iphoneos;
				TARGETED_DEVICE_FAMILY = "1,2";
				TEST_HOST = "$(BUILT_PRODUCTS_DIR)/OceanKeySwift.app/OceanKeySwift";
			};
			name = Debug;
		};
/* End XCBuildConfiguration section */

/* Begin XCConfigurationList section */
		3CD649095EA2F07B24CA6AD6 /* Build configuration list for PBXNativeTarget "OceanKeySwiftTests" */ = {
			isa = XCConfigurationList;
			buildConfigurations = (
				FFAD172824AFC52561F9203F /* Debug */,
				098D998CABF1F4986A7A1814 /* Release */,
			);
			defaultConfigurationIsVisible = 0;
			defaultConfigurationName = Debug;
		};
		48007250CC733429FA6848DD /* Build configuration list for PBXNativeTarget "OceanKeySwift" */ = {
			isa = XCConfigurationList;
			buildConfigurations = (
				D4FA62E009D3669C7E9188C4 /* Debug */,
				6A2821B5690BEB876572B165 /* Release */,
			);
			defaultConfigurationIsVisible = 0;
			defaultConfigurationName = Debug;
		};
		7A4605A90C948C1A86544407 /* Build configuration list for PBXProject "OceanKeySwift" */ = {
			isa = XCConfigurationList;
			buildConfigurations = (
				958DBF939113EEEBA5584C65 /* Debug */,
				70189D33CBB80F7441EDB3B6 /* Release */,
			);
			defaultConfigurationIsVisible = 0;
			defaultConfigurationName = Debug;
		};
/* End XCConfigurationList section */
	};
	rootObject = CFA2E23425CF12CBC20B99B7 /* Project object */;
}
